
Microsoft Visual Studio Solution File, Format Version 12.00
# Visual Studio 15
VisualStudioVersion = 15.0.27428.2015
MinimumVisualStudioVersion = 10.0.40219.1
Project("{9A19103F-16F7-4668-BE54-9A1E7A4F7556}") = "VirgilCryptoAPI", "VirgilCryptoAPI.csproj", "{FD7183B8-0F59-4E5F-B8C5-8BB71551E880}"
EndProject
Global
	GlobalSection(SolutionConfigurationPlatforms) = preSolution
		Debug|Any CPU = Debug|Any CPU
		Release|Any CPU = Release|Any CPU
	EndGlobalSection
	GlobalSection(ProjectConfigurationPlatforms) = postSolution
		{FD7183B8-0F59-4E5F-B8C5-8BB71551E880}.Debug|Any CPU.ActiveCfg = Debug|Any CPU
		{FD7183B8-0F59-4E5F-B8C5-8BB71551E880}.Debug|Any CPU.Build.0 = Debug|Any CPU
		{FD7183B8-0F59-4E5F-B8C5-8BB71551E880}.Release|Any CPU.ActiveCfg = Release|Any CPU
		{FD7183B8-0F59-4E5F-B8C5-8BB71551E880}.Release|Any CPU.Build.0 = Release|Any CPU
	EndGlobalSection
	GlobalSection(SolutionProperties) = preSolution
		HideSolutionNode = FALSE
	EndGlobalSection
	GlobalSection(ExtensibilityGlobals) = postSolution
		SolutionGuid = {B570422B-7D1F-4AB9-9408-7216D3654FA1}
	EndGlobalSection
EndGlobal
