
Microsoft Visual Studio Solution File, Format Version 12.00
# Visual Studio 14
VisualStudioVersion = 14.0.24720.0
MinimumVisualStudioVersion = 10.0.40219.1
Project("{FAE04EC0-301F-11D3-BF4B-00C04F79EFBC}") = "Virgil.Crypto.Wrapper", "Virgil.Crypto.Wrapper.csproj", "{1B4D646D-6E67-443A-BB7E-0CEC050DBF82}"
EndProject
Project("{FAE04EC0-301F-11D3-BF4B-00C04F79EFBC}") = "Virgil.Crypto.Wrapper.Tests", "..\Virgil.Crypto.Wrapper.Tests\Virgil.Crypto.Wrapper.Tests.csproj", "{739CDBAD-68C1-4D71-BAC6-9B2815410B73}"
EndProject
Global
	GlobalSection(SolutionConfigurationPlatforms) = preSolution
		Debug|Any CPU = Debug|Any CPU
		Release|Any CPU = Release|Any CPU
	EndGlobalSection
	GlobalSection(ProjectConfigurationPlatforms) = postSolution
		{1B4D646D-6E67-443A-BB7E-0CEC050DBF82}.Debug|Any CPU.ActiveCfg = Debug|Any CPU
		{1B4D646D-6E67-443A-BB7E-0CEC050DBF82}.Debug|Any CPU.Build.0 = Debug|Any CPU
		{1B4D646D-6E67-443A-BB7E-0CEC050DBF82}.Release|Any CPU.ActiveCfg = Release|Any CPU
		{1B4D646D-6E67-443A-BB7E-0CEC050DBF82}.Release|Any CPU.Build.0 = Release|Any CPU
		{739CDBAD-68C1-4D71-BAC6-9B2815410B73}.Debug|Any CPU.ActiveCfg = Debug|Any CPU
		{739CDBAD-68C1-4D71-BAC6-9B2815410B73}.Debug|Any CPU.Build.0 = Debug|Any CPU
		{739CDBAD-68C1-4D71-BAC6-9B2815410B73}.Release|Any CPU.ActiveCfg = Release|Any CPU
		{739CDBAD-68C1-4D71-BAC6-9B2815410B73}.Release|Any CPU.Build.0 = Release|Any CPU
	EndGlobalSection
	GlobalSection(SolutionProperties) = preSolution
		HideSolutionNode = FALSE
	EndGlobalSection
EndGlobal
