
Microsoft Visual Studio Solution File, Format Version 12.00
# Visual Studio 14
VisualStudioVersion = 14.0.24720.0
MinimumVisualStudioVersion = 10.0.40219.1
Project("{FAE04EC0-301F-11D3-BF4B-00C04F79EFBC}") = "Virgil.Crypto.Package", "Virgil.Crypto.Package\Virgil.Crypto.Package.csproj", "{0451BAEF-DF2E-4B98-8644-94EE9415E389}"
EndProject
Project("{FAE04EC0-301F-11D3-BF4B-00C04F79EFBC}") = "Virgil.SDK.Package", "Virgil.SDK.Package\Virgil.SDK.Package.csproj", "{FCA11351-A5AF-4DBB-A650-353E43E0C4BB}"
EndProject
Global
	GlobalSection(SolutionConfigurationPlatforms) = preSolution
		Debug|Any CPU = Debug|Any CPU
		Release|Any CPU = Release|Any CPU
	EndGlobalSection
	GlobalSection(ProjectConfigurationPlatforms) = postSolution
		{0451BAEF-DF2E-4B98-8644-94EE9415E389}.Debug|Any CPU.ActiveCfg = Debug|Any CPU
		{0451BAEF-DF2E-4B98-8644-94EE9415E389}.Debug|Any CPU.Build.0 = Debug|Any CPU
		{0451BAEF-DF2E-4B98-8644-94EE9415E389}.Release|Any CPU.ActiveCfg = Release|Any CPU
		{0451BAEF-DF2E-4B98-8644-94EE9415E389}.Release|Any CPU.Build.0 = Release|Any CPU
		{FCA11351-A5AF-4DBB-A650-353E43E0C4BB}.Debug|Any CPU.ActiveCfg = Debug|Any CPU
		{FCA11351-A5AF-4DBB-A650-353E43E0C4BB}.Debug|Any CPU.Build.0 = Debug|Any CPU
		{FCA11351-A5AF-4DBB-A650-353E43E0C4BB}.Release|Any CPU.ActiveCfg = Release|Any CPU
		{FCA11351-A5AF-4DBB-A650-353E43E0C4BB}.Release|Any CPU.Build.0 = Release|Any CPU
	EndGlobalSection
	GlobalSection(SolutionProperties) = preSolution
		HideSolutionNode = FALSE
	EndGlobalSection
EndGlobal
