
Microsoft Visual Studio Solution File, Format Version 12.00
# Visual Studio 15
VisualStudioVersion = 15.0.27130.2020
MinimumVisualStudioVersion = 10.0.40219.1
Project("{2150E333-8FDC-42A3-9474-1A3956D46DE8}") = "Storages", "Storages", "{253019A0-C549-4F24-A7A4-E5E0FA4E4591}"
EndProject
Project("{2150E333-8FDC-42A3-9474-1A3956D46DE8}") = "Tests", "Tests", "{EFD403BC-3B71-4562-8B55-6B625390D876}"
EndProject
Project("{2150E333-8FDC-42A3-9474-1A3956D46DE8}") = "Examples", "Examples", "{89EB8E91-D87B-4EB1-9029-21DF9180D70F}"
EndProject
Project("{FAE04EC0-301F-11D3-BF4B-00C04F79EFBC}") = "Virgil.SDK.Std", "Virgil.SDK.Std\Virgil.SDK.Std.csproj", "{04693C4C-0941-47FD-B2FD-B46BFCC08EB7}"
EndProject
Project("{D954291E-2A0B-460D-934E-DC6B0785DB48}") = "Virgil.SDK.Shared", "Virgil.SDK.Shared\Virgil.SDK.Shared.shproj", "{6E4FE86F-7862-4FD9-B2E3-B73AE0957EB6}"
EndProject
Project("{D954291E-2A0B-460D-934E-DC6B0785DB48}") = "Virgil.SDK.Tests.Shared", "Tests\Virgil.SDK.Tests.Shared\Virgil.SDK.Tests.Shared.shproj", "{3D15E8EB-42FE-4756-93E1-506C28E48612}"
EndProject
Project("{D954291E-2A0B-460D-934E-DC6B0785DB48}") = "Virgil.SDK.Storage.Shared", "Storages\Virgil.SDK.Storage.Shared\Virgil.SDK.Storage.Shared.shproj", "{DD0D5056-9B34-428C-90FD-1F741C76BEC1}"
EndProject
Project("{2150E333-8FDC-42A3-9474-1A3956D46DE8}") = "Solution Items", "Solution Items", "{8DCA30A3-482F-4830-8D47-085BACC6AC4A}"
	ProjectSection(SolutionItems) = preProject
		Tests\Virgil.SDK.Tests.OSX\test.runsettings = Tests\Virgil.SDK.Tests.OSX\test.runsettings
	EndProjectSection
EndProject
Project("{FAE04EC0-301F-11D3-BF4B-00C04F79EFBC}") = "SecureStorage.Droid", "Storages\SecureStorage.Droid\SecureStorage.Droid.csproj", "{6B9CE116-871B-4294-AA8E-64DE316AA79A}"
EndProject
Project("{FAE04EC0-301F-11D3-BF4B-00C04F79EFBC}") = "Virgil.SDK.Tests.Droid", "Tests\Virgil.SDK.Tests.Droid\Virgil.SDK.Tests.Droid.csproj", "{0FA9B741-3F82-4965-92C7-9E0895E80E5A}"
EndProject
Project("{9344BDBB-3E7F-41FC-A0DD-8665D75EE146}") = "SecureStorage.iOS", "Storages\SecureStorage.iOS\SecureStorage.iOS.csproj", "{224CA07E-7F93-491D-BE54-B322EC17B7FB}"
EndProject
Project("{9344BDBB-3E7F-41FC-A0DD-8665D75EE146}") = "SecureStorage.OSX", "Storages\SecureStorage.OSX\SecureStorage.OSX.csproj", "{BD81F7EF-94B3-49B4-B3F9-A57EB536775A}"
EndProject
Project("{9344BDBB-3E7F-41FC-A0DD-8665D75EE146}") = "SecureStorage.Mac", "Storages\SecureStorage.Mac\SecureStorage.Mac.csproj", "{80476515-7FE9-4F30-AF5E-C993B0F73D3D}"
EndProject
Project("{9344BDBB-3E7F-41FC-A0DD-8665D75EE146}") = "Virgil.SDK.Tests.OSX", "Tests\Virgil.SDK.Tests.OSX\Virgil.SDK.Tests.OSX.csproj", "{40B6FF30-B236-4390-BAD3-82F17846BE89}"
EndProject
Project("{FAE04EC0-301F-11D3-BF4B-00C04F79EFBC}") = "Virgil.SDK.Tests.Win", "Virgil.SDK.Tests.Win\Virgil.SDK.Tests.Win.csproj", "{5B1F2198-57E1-4B37-876D-A112380D2BC5}"
EndProject
Project("{9344BDBB-3E7F-41FC-A0DD-8665D75EE146}") = "Virgil.SDK.Tests.Mac", "Tests\Virgil.SDK.Tests.Mac\Virgil.SDK.Tests.Mac.csproj", "{5DFF3ADD-731F-40B7-A17E-187CE4662ECC}"
EndProject
Project("{9344BDBB-3E7F-41FC-A0DD-8665D75EE146}") = "Example.NetMac", "Examples\Example.NetMac\Example.NetMac.csproj", "{A0BEB8BC-1538-409C-B32A-F00EBF904010}"
EndProject
Project("{9344BDBB-3E7F-41FC-A0DD-8665D75EE146}") = "Example.Android", "Examples\Example.Android\Example.Android.csproj", "{981AFA95-9858-442C-AB82-A1800969300C}"
EndProject
Project("{9344BDBB-3E7F-41FC-A0DD-8665D75EE146}") = "Examples.Mac", "Examples\Examples.Mac\Examples.Mac.csproj", "{3AFECF8C-0748-4366-970C-4744D4FBA75B}"
EndProject
Project("{9344BDBB-3E7F-41FC-A0DD-8665D75EE146}") = "Examples.NetCore", "Examples\Examples.NetCore\Examples.NetCore.csproj", "{404ED268-16EB-4850-AAD4-FD7B423C92A5}"
EndProject
Project("{9344BDBB-3E7F-41FC-A0DD-8665D75EE146}") = "Virgil.SDK.Tests.iOS", "Tests\Virgil.SDK.Tests.iOS\Virgil.SDK.Tests.iOS.csproj", "{4B8D2A7F-D340-4A43-B2F5-7B195CD236E1}"
EndProject
Project("{FAE04EC0-301F-11D3-BF4B-00C04F79EFBC}") = "SecureStorage.Win", "Storages\SecureStorage.Win\SecureStorage.Win.csproj", "{724BE592-C519-4490-9057-F62F3B2FEE2C}"
EndProject
Global
	GlobalSection(SharedMSBuildProjectFiles) = preSolution
		Tests\Virgil.SDK.Tests.Shared\Virgil.SDK.Tests.Shared.projitems*{3d15e8eb-42fe-4756-93e1-506c28e48612}*SharedItemsImports = 13
		Tests\Virgil.SDK.Tests.Shared\Virgil.SDK.Tests.Shared.projitems*{5b1f2198-57e1-4b37-876d-a112380d2bc5}*SharedItemsImports = 4
		Virgil.SDK.Shared\Virgil.SDK.Shared.projitems*{6e4fe86f-7862-4fd9-b2e3-b73ae0957eb6}*SharedItemsImports = 13
		Storages\Virgil.SDK.Storage.Shared\Virgil.SDK.Storage.Shared.projitems*{724be592-c519-4490-9057-f62f3b2fee2c}*SharedItemsImports = 4
		Tests\Virgil.SDK.Storage.Tests\Virgil.SDK.Storage.Tests.projitems*{a0979ab2-f41b-426b-bfdf-fc78325bed0d}*SharedItemsImports = 13
		Storages\Virgil.SDK.Storage.Shared\Virgil.SDK.Storage.Shared.projitems*{dd0d5056-9b34-428c-90fd-1f741c76bec1}*SharedItemsImports = 13
	EndGlobalSection
	GlobalSection(SolutionConfigurationPlatforms) = preSolution
		Debug|Android = Debug|Android
		Debug|Any CPU = Debug|Any CPU
		Debug|ARM = Debug|ARM
		Debug|iOS = Debug|iOS
		Debug|iPhone = Debug|iPhone
		Debug|iPhoneSimulator = Debug|iPhoneSimulator
		Debug|Windows Phone (Universal) = Debug|Windows Phone (Universal)
		Debug|Windows Phone 8 = Debug|Windows Phone 8
		Debug|Windows-AnyCPU = Debug|Windows-AnyCPU
		Debug|Windows-ARM = Debug|Windows-ARM
		Debug|Windows-x64 = Debug|Windows-x64
		Debug|Windows-x86 = Debug|Windows-x86
		Debug|x64 = Debug|x64
		Debug|x86 = Debug|x86
		Release|Android = Release|Android
		Release|Any CPU = Release|Any CPU
		Release|ARM = Release|ARM
		Release|iOS = Release|iOS
		Release|iPhone = Release|iPhone
		Release|iPhoneSimulator = Release|iPhoneSimulator
		Release|Windows Phone (Universal) = Release|Windows Phone (Universal)
		Release|Windows Phone 8 = Release|Windows Phone 8
		Release|Windows-AnyCPU = Release|Windows-AnyCPU
		Release|Windows-ARM = Release|Windows-ARM
		Release|Windows-x64 = Release|Windows-x64
		Release|Windows-x86 = Release|Windows-x86
		Release|x64 = Release|x64
		Release|x86 = Release|x86
	EndGlobalSection
	GlobalSection(ProjectConfigurationPlatforms) = postSolution
		{04693C4C-0941-47FD-B2FD-B46BFCC08EB7}.Debug|Android.ActiveCfg = Debug|Any CPU
		{04693C4C-0941-47FD-B2FD-B46BFCC08EB7}.Debug|Any CPU.ActiveCfg = Debug|Any CPU
		{04693C4C-0941-47FD-B2FD-B46BFCC08EB7}.Debug|Any CPU.Build.0 = Debug|Any CPU
		{04693C4C-0941-47FD-B2FD-B46BFCC08EB7}.Debug|ARM.ActiveCfg = Debug|Any CPU
		{04693C4C-0941-47FD-B2FD-B46BFCC08EB7}.Debug|ARM.Build.0 = Debug|Any CPU
		{04693C4C-0941-47FD-B2FD-B46BFCC08EB7}.Debug|iOS.ActiveCfg = Debug|Any CPU
		{04693C4C-0941-47FD-B2FD-B46BFCC08EB7}.Debug|iOS.Build.0 = Debug|Any CPU
		{04693C4C-0941-47FD-B2FD-B46BFCC08EB7}.Debug|iPhone.ActiveCfg = Debug|Any CPU
		{04693C4C-0941-47FD-B2FD-B46BFCC08EB7}.Debug|iPhone.Build.0 = Debug|Any CPU
		{04693C4C-0941-47FD-B2FD-B46BFCC08EB7}.Debug|iPhoneSimulator.ActiveCfg = Debug|Any CPU
		{04693C4C-0941-47FD-B2FD-B46BFCC08EB7}.Debug|iPhoneSimulator.Build.0 = Debug|Any CPU
		{04693C4C-0941-47FD-B2FD-B46BFCC08EB7}.Debug|Windows Phone (Universal).ActiveCfg = Debug|Any CPU
		{04693C4C-0941-47FD-B2FD-B46BFCC08EB7}.Debug|Windows Phone (Universal).Build.0 = Debug|Any CPU
		{04693C4C-0941-47FD-B2FD-B46BFCC08EB7}.Debug|Windows Phone 8.ActiveCfg = Debug|Any CPU
		{04693C4C-0941-47FD-B2FD-B46BFCC08EB7}.Debug|Windows Phone 8.Build.0 = Debug|Any CPU
		{04693C4C-0941-47FD-B2FD-B46BFCC08EB7}.Debug|Windows-AnyCPU.ActiveCfg = Debug|Any CPU
		{04693C4C-0941-47FD-B2FD-B46BFCC08EB7}.Debug|Windows-AnyCPU.Build.0 = Debug|Any CPU
		{04693C4C-0941-47FD-B2FD-B46BFCC08EB7}.Debug|Windows-ARM.ActiveCfg = Debug|Any CPU
		{04693C4C-0941-47FD-B2FD-B46BFCC08EB7}.Debug|Windows-ARM.Build.0 = Debug|Any CPU
		{04693C4C-0941-47FD-B2FD-B46BFCC08EB7}.Debug|Windows-x64.ActiveCfg = Debug|Any CPU
		{04693C4C-0941-47FD-B2FD-B46BFCC08EB7}.Debug|Windows-x64.Build.0 = Debug|Any CPU
		{04693C4C-0941-47FD-B2FD-B46BFCC08EB7}.Debug|Windows-x86.ActiveCfg = Debug|Any CPU
		{04693C4C-0941-47FD-B2FD-B46BFCC08EB7}.Debug|Windows-x86.Build.0 = Debug|Any CPU
		{04693C4C-0941-47FD-B2FD-B46BFCC08EB7}.Debug|x64.ActiveCfg = Debug|Any CPU
		{04693C4C-0941-47FD-B2FD-B46BFCC08EB7}.Debug|x86.ActiveCfg = Debug|Any CPU
		{04693C4C-0941-47FD-B2FD-B46BFCC08EB7}.Debug|x86.Build.0 = Debug|Any CPU
		{04693C4C-0941-47FD-B2FD-B46BFCC08EB7}.Release|Android.ActiveCfg = Release|Any CPU
		{04693C4C-0941-47FD-B2FD-B46BFCC08EB7}.Release|Any CPU.ActiveCfg = Release|Any CPU
		{04693C4C-0941-47FD-B2FD-B46BFCC08EB7}.Release|Any CPU.Build.0 = Release|Any CPU
		{04693C4C-0941-47FD-B2FD-B46BFCC08EB7}.Release|ARM.ActiveCfg = Release|Any CPU
		{04693C4C-0941-47FD-B2FD-B46BFCC08EB7}.Release|ARM.Build.0 = Release|Any CPU
		{04693C4C-0941-47FD-B2FD-B46BFCC08EB7}.Release|iOS.ActiveCfg = Release|Any CPU
		{04693C4C-0941-47FD-B2FD-B46BFCC08EB7}.Release|iOS.Build.0 = Release|Any CPU
		{04693C4C-0941-47FD-B2FD-B46BFCC08EB7}.Release|iPhone.ActiveCfg = Release|Any CPU
		{04693C4C-0941-47FD-B2FD-B46BFCC08EB7}.Release|iPhoneSimulator.ActiveCfg = Release|Any CPU
		{04693C4C-0941-47FD-B2FD-B46BFCC08EB7}.Release|iPhoneSimulator.Build.0 = Release|Any CPU
		{04693C4C-0941-47FD-B2FD-B46BFCC08EB7}.Release|Windows Phone (Universal).ActiveCfg = Release|Any CPU
		{04693C4C-0941-47FD-B2FD-B46BFCC08EB7}.Release|Windows Phone (Universal).Build.0 = Release|Any CPU
		{04693C4C-0941-47FD-B2FD-B46BFCC08EB7}.Release|Windows Phone 8.ActiveCfg = Release|Any CPU
		{04693C4C-0941-47FD-B2FD-B46BFCC08EB7}.Release|Windows Phone 8.Build.0 = Release|Any CPU
		{04693C4C-0941-47FD-B2FD-B46BFCC08EB7}.Release|Windows-AnyCPU.ActiveCfg = Release|Any CPU
		{04693C4C-0941-47FD-B2FD-B46BFCC08EB7}.Release|Windows-AnyCPU.Build.0 = Release|Any CPU
		{04693C4C-0941-47FD-B2FD-B46BFCC08EB7}.Release|Windows-ARM.ActiveCfg = Release|Any CPU
		{04693C4C-0941-47FD-B2FD-B46BFCC08EB7}.Release|Windows-ARM.Build.0 = Release|Any CPU
		{04693C4C-0941-47FD-B2FD-B46BFCC08EB7}.Release|Windows-x64.ActiveCfg = Release|Any CPU
		{04693C4C-0941-47FD-B2FD-B46BFCC08EB7}.Release|Windows-x64.Build.0 = Release|Any CPU
		{04693C4C-0941-47FD-B2FD-B46BFCC08EB7}.Release|Windows-x86.ActiveCfg = Release|Any CPU
		{04693C4C-0941-47FD-B2FD-B46BFCC08EB7}.Release|Windows-x86.Build.0 = Release|Any CPU
		{04693C4C-0941-47FD-B2FD-B46BFCC08EB7}.Release|x64.ActiveCfg = Release|Any CPU
		{04693C4C-0941-47FD-B2FD-B46BFCC08EB7}.Release|x64.Build.0 = Release|Any CPU
		{04693C4C-0941-47FD-B2FD-B46BFCC08EB7}.Release|x86.ActiveCfg = Release|Any CPU
		{04693C4C-0941-47FD-B2FD-B46BFCC08EB7}.Release|x86.Build.0 = Release|Any CPU
		{04693C4C-0941-47FD-B2FD-B46BFCC08EB7}.Debug|Android.Build.0 = Debug|Any CPU
		{04693C4C-0941-47FD-B2FD-B46BFCC08EB7}.Debug|x64.Build.0 = Debug|Any CPU
		{0FA9B741-3F82-4965-92C7-9E0895E80E5A}.Debug|Android.ActiveCfg = Debug|Any CPU
		{0FA9B741-3F82-4965-92C7-9E0895E80E5A}.Debug|Android.Build.0 = Debug|Any CPU
		{6B9CE116-871B-4294-AA8E-64DE316AA79A}.Debug|Android.ActiveCfg = Debug|Any CPU
		{6B9CE116-871B-4294-AA8E-64DE316AA79A}.Debug|Android.Build.0 = Debug|Any CPU
		{224CA07E-7F93-491D-BE54-B322EC17B7FB}.Debug|Android.ActiveCfg = Debug|Any CPU
		{224CA07E-7F93-491D-BE54-B322EC17B7FB}.Debug|Any CPU.ActiveCfg = Debug|Any CPU
		{224CA07E-7F93-491D-BE54-B322EC17B7FB}.Debug|ARM.ActiveCfg = Debug|Any CPU
		{224CA07E-7F93-491D-BE54-B322EC17B7FB}.Debug|iOS.ActiveCfg = Debug|Any CPU
		{224CA07E-7F93-491D-BE54-B322EC17B7FB}.Debug|iPhone.ActiveCfg = Debug|Any CPU
		{224CA07E-7F93-491D-BE54-B322EC17B7FB}.Debug|iPhone.Build.0 = Debug|Any CPU
		{224CA07E-7F93-491D-BE54-B322EC17B7FB}.Debug|iPhoneSimulator.ActiveCfg = Debug|Any CPU
		{224CA07E-7F93-491D-BE54-B322EC17B7FB}.Debug|Windows Phone (Universal).ActiveCfg = Debug|Any CPU
		{224CA07E-7F93-491D-BE54-B322EC17B7FB}.Debug|Windows Phone 8.ActiveCfg = Debug|Any CPU
		{224CA07E-7F93-491D-BE54-B322EC17B7FB}.Debug|Windows-AnyCPU.ActiveCfg = Debug|Any CPU
		{224CA07E-7F93-491D-BE54-B322EC17B7FB}.Debug|Windows-ARM.ActiveCfg = Debug|Any CPU
		{224CA07E-7F93-491D-BE54-B322EC17B7FB}.Debug|Windows-x64.ActiveCfg = Debug|Any CPU
		{224CA07E-7F93-491D-BE54-B322EC17B7FB}.Debug|Windows-x86.ActiveCfg = Debug|Any CPU
		{224CA07E-7F93-491D-BE54-B322EC17B7FB}.Debug|x64.ActiveCfg = Debug|Any CPU
		{224CA07E-7F93-491D-BE54-B322EC17B7FB}.Debug|x86.ActiveCfg = Debug|Any CPU
		{224CA07E-7F93-491D-BE54-B322EC17B7FB}.Release|Android.ActiveCfg = Debug|Any CPU
		{224CA07E-7F93-491D-BE54-B322EC17B7FB}.Release|Any CPU.ActiveCfg = Debug|Any CPU
		{224CA07E-7F93-491D-BE54-B322EC17B7FB}.Release|ARM.ActiveCfg = Debug|Any CPU
		{224CA07E-7F93-491D-BE54-B322EC17B7FB}.Release|iOS.ActiveCfg = Debug|Any CPU
		{224CA07E-7F93-491D-BE54-B322EC17B7FB}.Release|iPhone.ActiveCfg = Debug|Any CPU
		{224CA07E-7F93-491D-BE54-B322EC17B7FB}.Release|iPhoneSimulator.ActiveCfg = Debug|Any CPU
		{224CA07E-7F93-491D-BE54-B322EC17B7FB}.Release|Windows Phone (Universal).ActiveCfg = Debug|Any CPU
		{224CA07E-7F93-491D-BE54-B322EC17B7FB}.Release|Windows Phone 8.ActiveCfg = Debug|Any CPU
		{224CA07E-7F93-491D-BE54-B322EC17B7FB}.Release|Windows-AnyCPU.ActiveCfg = Debug|Any CPU
		{224CA07E-7F93-491D-BE54-B322EC17B7FB}.Release|Windows-ARM.ActiveCfg = Debug|Any CPU
		{224CA07E-7F93-491D-BE54-B322EC17B7FB}.Release|Windows-x64.ActiveCfg = Debug|Any CPU
		{224CA07E-7F93-491D-BE54-B322EC17B7FB}.Release|Windows-x86.ActiveCfg = Debug|Any CPU
		{224CA07E-7F93-491D-BE54-B322EC17B7FB}.Release|x64.ActiveCfg = Debug|Any CPU
		{224CA07E-7F93-491D-BE54-B322EC17B7FB}.Release|x86.ActiveCfg = Debug|Any CPU
		{BD81F7EF-94B3-49B4-B3F9-A57EB536775A}.Debug|Android.ActiveCfg = Debug|Any CPU
		{BD81F7EF-94B3-49B4-B3F9-A57EB536775A}.Debug|Android.Build.0 = Debug|Any CPU
		{BD81F7EF-94B3-49B4-B3F9-A57EB536775A}.Debug|Any CPU.ActiveCfg = Debug|Any CPU
		{BD81F7EF-94B3-49B4-B3F9-A57EB536775A}.Debug|Any CPU.Build.0 = Debug|Any CPU
		{BD81F7EF-94B3-49B4-B3F9-A57EB536775A}.Debug|ARM.ActiveCfg = Debug|Any CPU
		{BD81F7EF-94B3-49B4-B3F9-A57EB536775A}.Debug|ARM.Build.0 = Debug|Any CPU
		{BD81F7EF-94B3-49B4-B3F9-A57EB536775A}.Debug|iOS.ActiveCfg = Debug|Any CPU
		{BD81F7EF-94B3-49B4-B3F9-A57EB536775A}.Debug|iOS.Build.0 = Debug|Any CPU
		{BD81F7EF-94B3-49B4-B3F9-A57EB536775A}.Debug|iPhone.ActiveCfg = Debug|Any CPU
		{BD81F7EF-94B3-49B4-B3F9-A57EB536775A}.Debug|iPhone.Build.0 = Debug|Any CPU
		{BD81F7EF-94B3-49B4-B3F9-A57EB536775A}.Debug|iPhoneSimulator.ActiveCfg = Debug|Any CPU
		{BD81F7EF-94B3-49B4-B3F9-A57EB536775A}.Debug|iPhoneSimulator.Build.0 = Debug|Any CPU
		{BD81F7EF-94B3-49B4-B3F9-A57EB536775A}.Debug|Windows Phone (Universal).ActiveCfg = Debug|Any CPU
		{BD81F7EF-94B3-49B4-B3F9-A57EB536775A}.Debug|Windows Phone (Universal).Build.0 = Debug|Any CPU
		{BD81F7EF-94B3-49B4-B3F9-A57EB536775A}.Debug|Windows Phone 8.ActiveCfg = Debug|Any CPU
		{BD81F7EF-94B3-49B4-B3F9-A57EB536775A}.Debug|Windows Phone 8.Build.0 = Debug|Any CPU
		{BD81F7EF-94B3-49B4-B3F9-A57EB536775A}.Debug|Windows-AnyCPU.ActiveCfg = Debug|Any CPU
		{BD81F7EF-94B3-49B4-B3F9-A57EB536775A}.Debug|Windows-AnyCPU.Build.0 = Debug|Any CPU
		{BD81F7EF-94B3-49B4-B3F9-A57EB536775A}.Debug|Windows-ARM.ActiveCfg = Debug|Any CPU
		{BD81F7EF-94B3-49B4-B3F9-A57EB536775A}.Debug|Windows-ARM.Build.0 = Debug|Any CPU
		{BD81F7EF-94B3-49B4-B3F9-A57EB536775A}.Debug|Windows-x64.ActiveCfg = Debug|Any CPU
		{BD81F7EF-94B3-49B4-B3F9-A57EB536775A}.Debug|Windows-x64.Build.0 = Debug|Any CPU
		{BD81F7EF-94B3-49B4-B3F9-A57EB536775A}.Debug|Windows-x86.ActiveCfg = Debug|Any CPU
		{BD81F7EF-94B3-49B4-B3F9-A57EB536775A}.Debug|Windows-x86.Build.0 = Debug|Any CPU
		{BD81F7EF-94B3-49B4-B3F9-A57EB536775A}.Debug|x64.ActiveCfg = Debug|Any CPU
		{BD81F7EF-94B3-49B4-B3F9-A57EB536775A}.Debug|x64.Build.0 = Debug|Any CPU
		{BD81F7EF-94B3-49B4-B3F9-A57EB536775A}.Debug|x86.ActiveCfg = Debug|Any CPU
		{BD81F7EF-94B3-49B4-B3F9-A57EB536775A}.Debug|x86.Build.0 = Debug|Any CPU
		{BD81F7EF-94B3-49B4-B3F9-A57EB536775A}.Release|Android.ActiveCfg = Release|Any CPU
		{BD81F7EF-94B3-49B4-B3F9-A57EB536775A}.Release|Android.Build.0 = Release|Any CPU
		{BD81F7EF-94B3-49B4-B3F9-A57EB536775A}.Release|Any CPU.ActiveCfg = Release|Any CPU
		{BD81F7EF-94B3-49B4-B3F9-A57EB536775A}.Release|Any CPU.Build.0 = Release|Any CPU
		{BD81F7EF-94B3-49B4-B3F9-A57EB536775A}.Release|ARM.ActiveCfg = Release|Any CPU
		{BD81F7EF-94B3-49B4-B3F9-A57EB536775A}.Release|ARM.Build.0 = Release|Any CPU
		{BD81F7EF-94B3-49B4-B3F9-A57EB536775A}.Release|iOS.ActiveCfg = Release|Any CPU
		{BD81F7EF-94B3-49B4-B3F9-A57EB536775A}.Release|iOS.Build.0 = Release|Any CPU
		{BD81F7EF-94B3-49B4-B3F9-A57EB536775A}.Release|iPhone.ActiveCfg = Release|Any CPU
		{BD81F7EF-94B3-49B4-B3F9-A57EB536775A}.Release|iPhone.Build.0 = Release|Any CPU
		{BD81F7EF-94B3-49B4-B3F9-A57EB536775A}.Release|iPhoneSimulator.ActiveCfg = Release|Any CPU
		{BD81F7EF-94B3-49B4-B3F9-A57EB536775A}.Release|iPhoneSimulator.Build.0 = Release|Any CPU
		{BD81F7EF-94B3-49B4-B3F9-A57EB536775A}.Release|Windows Phone (Universal).ActiveCfg = Release|Any CPU
		{BD81F7EF-94B3-49B4-B3F9-A57EB536775A}.Release|Windows Phone (Universal).Build.0 = Release|Any CPU
		{BD81F7EF-94B3-49B4-B3F9-A57EB536775A}.Release|Windows Phone 8.ActiveCfg = Release|Any CPU
		{BD81F7EF-94B3-49B4-B3F9-A57EB536775A}.Release|Windows Phone 8.Build.0 = Release|Any CPU
		{BD81F7EF-94B3-49B4-B3F9-A57EB536775A}.Release|Windows-AnyCPU.ActiveCfg = Release|Any CPU
		{BD81F7EF-94B3-49B4-B3F9-A57EB536775A}.Release|Windows-AnyCPU.Build.0 = Release|Any CPU
		{BD81F7EF-94B3-49B4-B3F9-A57EB536775A}.Release|Windows-ARM.ActiveCfg = Release|Any CPU
		{BD81F7EF-94B3-49B4-B3F9-A57EB536775A}.Release|Windows-ARM.Build.0 = Release|Any CPU
		{BD81F7EF-94B3-49B4-B3F9-A57EB536775A}.Release|Windows-x64.ActiveCfg = Release|Any CPU
		{BD81F7EF-94B3-49B4-B3F9-A57EB536775A}.Release|Windows-x64.Build.0 = Release|Any CPU
		{BD81F7EF-94B3-49B4-B3F9-A57EB536775A}.Release|Windows-x86.ActiveCfg = Release|Any CPU
		{BD81F7EF-94B3-49B4-B3F9-A57EB536775A}.Release|Windows-x86.Build.0 = Release|Any CPU
		{BD81F7EF-94B3-49B4-B3F9-A57EB536775A}.Release|x64.ActiveCfg = Release|Any CPU
		{BD81F7EF-94B3-49B4-B3F9-A57EB536775A}.Release|x64.Build.0 = Release|Any CPU
		{BD81F7EF-94B3-49B4-B3F9-A57EB536775A}.Release|x86.ActiveCfg = Release|Any CPU
		{BD81F7EF-94B3-49B4-B3F9-A57EB536775A}.Release|x86.Build.0 = Release|Any CPU
		{80476515-7FE9-4F30-AF5E-C993B0F73D3D}.Debug|Android.ActiveCfg = Debug|Any CPU
		{80476515-7FE9-4F30-AF5E-C993B0F73D3D}.Debug|Android.Build.0 = Debug|Any CPU
		{80476515-7FE9-4F30-AF5E-C993B0F73D3D}.Debug|Any CPU.ActiveCfg = Debug|Any CPU
		{80476515-7FE9-4F30-AF5E-C993B0F73D3D}.Debug|Any CPU.Build.0 = Debug|Any CPU
		{80476515-7FE9-4F30-AF5E-C993B0F73D3D}.Debug|ARM.ActiveCfg = Debug|Any CPU
		{80476515-7FE9-4F30-AF5E-C993B0F73D3D}.Debug|ARM.Build.0 = Debug|Any CPU
		{80476515-7FE9-4F30-AF5E-C993B0F73D3D}.Debug|iOS.ActiveCfg = Debug|Any CPU
		{80476515-7FE9-4F30-AF5E-C993B0F73D3D}.Debug|iOS.Build.0 = Debug|Any CPU
		{80476515-7FE9-4F30-AF5E-C993B0F73D3D}.Debug|iPhone.ActiveCfg = Debug|Any CPU
		{80476515-7FE9-4F30-AF5E-C993B0F73D3D}.Debug|iPhone.Build.0 = Debug|Any CPU
		{80476515-7FE9-4F30-AF5E-C993B0F73D3D}.Debug|iPhoneSimulator.ActiveCfg = Debug|Any CPU
		{80476515-7FE9-4F30-AF5E-C993B0F73D3D}.Debug|iPhoneSimulator.Build.0 = Debug|Any CPU
		{80476515-7FE9-4F30-AF5E-C993B0F73D3D}.Debug|Windows Phone (Universal).ActiveCfg = Debug|Any CPU
		{80476515-7FE9-4F30-AF5E-C993B0F73D3D}.Debug|Windows Phone (Universal).Build.0 = Debug|Any CPU
		{80476515-7FE9-4F30-AF5E-C993B0F73D3D}.Debug|Windows Phone 8.ActiveCfg = Debug|Any CPU
		{80476515-7FE9-4F30-AF5E-C993B0F73D3D}.Debug|Windows Phone 8.Build.0 = Debug|Any CPU
		{80476515-7FE9-4F30-AF5E-C993B0F73D3D}.Debug|Windows-AnyCPU.ActiveCfg = Debug|Any CPU
		{80476515-7FE9-4F30-AF5E-C993B0F73D3D}.Debug|Windows-AnyCPU.Build.0 = Debug|Any CPU
		{80476515-7FE9-4F30-AF5E-C993B0F73D3D}.Debug|Windows-ARM.ActiveCfg = Debug|Any CPU
		{80476515-7FE9-4F30-AF5E-C993B0F73D3D}.Debug|Windows-ARM.Build.0 = Debug|Any CPU
		{80476515-7FE9-4F30-AF5E-C993B0F73D3D}.Debug|Windows-x64.ActiveCfg = Debug|Any CPU
		{80476515-7FE9-4F30-AF5E-C993B0F73D3D}.Debug|Windows-x64.Build.0 = Debug|Any CPU
		{80476515-7FE9-4F30-AF5E-C993B0F73D3D}.Debug|Windows-x86.ActiveCfg = Debug|Any CPU
		{80476515-7FE9-4F30-AF5E-C993B0F73D3D}.Debug|Windows-x86.Build.0 = Debug|Any CPU
		{80476515-7FE9-4F30-AF5E-C993B0F73D3D}.Debug|x64.ActiveCfg = Debug|Any CPU
		{80476515-7FE9-4F30-AF5E-C993B0F73D3D}.Debug|x64.Build.0 = Debug|Any CPU
		{80476515-7FE9-4F30-AF5E-C993B0F73D3D}.Debug|x86.ActiveCfg = Debug|Any CPU
		{80476515-7FE9-4F30-AF5E-C993B0F73D3D}.Debug|x86.Build.0 = Debug|Any CPU
		{80476515-7FE9-4F30-AF5E-C993B0F73D3D}.Release|Android.ActiveCfg = Release|Any CPU
		{80476515-7FE9-4F30-AF5E-C993B0F73D3D}.Release|Android.Build.0 = Release|Any CPU
		{80476515-7FE9-4F30-AF5E-C993B0F73D3D}.Release|Any CPU.ActiveCfg = Release|Any CPU
		{80476515-7FE9-4F30-AF5E-C993B0F73D3D}.Release|Any CPU.Build.0 = Release|Any CPU
		{80476515-7FE9-4F30-AF5E-C993B0F73D3D}.Release|ARM.ActiveCfg = Release|Any CPU
		{80476515-7FE9-4F30-AF5E-C993B0F73D3D}.Release|ARM.Build.0 = Release|Any CPU
		{80476515-7FE9-4F30-AF5E-C993B0F73D3D}.Release|iOS.ActiveCfg = Release|Any CPU
		{80476515-7FE9-4F30-AF5E-C993B0F73D3D}.Release|iOS.Build.0 = Release|Any CPU
		{80476515-7FE9-4F30-AF5E-C993B0F73D3D}.Release|iPhone.ActiveCfg = Release|Any CPU
		{80476515-7FE9-4F30-AF5E-C993B0F73D3D}.Release|iPhone.Build.0 = Release|Any CPU
		{80476515-7FE9-4F30-AF5E-C993B0F73D3D}.Release|iPhoneSimulator.ActiveCfg = Release|Any CPU
		{80476515-7FE9-4F30-AF5E-C993B0F73D3D}.Release|iPhoneSimulator.Build.0 = Release|Any CPU
		{80476515-7FE9-4F30-AF5E-C993B0F73D3D}.Release|Windows Phone (Universal).ActiveCfg = Release|Any CPU
		{80476515-7FE9-4F30-AF5E-C993B0F73D3D}.Release|Windows Phone (Universal).Build.0 = Release|Any CPU
		{80476515-7FE9-4F30-AF5E-C993B0F73D3D}.Release|Windows Phone 8.ActiveCfg = Release|Any CPU
		{80476515-7FE9-4F30-AF5E-C993B0F73D3D}.Release|Windows Phone 8.Build.0 = Release|Any CPU
		{80476515-7FE9-4F30-AF5E-C993B0F73D3D}.Release|Windows-AnyCPU.ActiveCfg = Release|Any CPU
		{80476515-7FE9-4F30-AF5E-C993B0F73D3D}.Release|Windows-AnyCPU.Build.0 = Release|Any CPU
		{80476515-7FE9-4F30-AF5E-C993B0F73D3D}.Release|Windows-ARM.ActiveCfg = Release|Any CPU
		{80476515-7FE9-4F30-AF5E-C993B0F73D3D}.Release|Windows-ARM.Build.0 = Release|Any CPU
		{80476515-7FE9-4F30-AF5E-C993B0F73D3D}.Release|Windows-x64.ActiveCfg = Release|Any CPU
		{80476515-7FE9-4F30-AF5E-C993B0F73D3D}.Release|Windows-x64.Build.0 = Release|Any CPU
		{80476515-7FE9-4F30-AF5E-C993B0F73D3D}.Release|Windows-x86.ActiveCfg = Release|Any CPU
		{80476515-7FE9-4F30-AF5E-C993B0F73D3D}.Release|Windows-x86.Build.0 = Release|Any CPU
		{80476515-7FE9-4F30-AF5E-C993B0F73D3D}.Release|x64.ActiveCfg = Release|Any CPU
		{80476515-7FE9-4F30-AF5E-C993B0F73D3D}.Release|x64.Build.0 = Release|Any CPU
		{80476515-7FE9-4F30-AF5E-C993B0F73D3D}.Release|x86.ActiveCfg = Release|Any CPU
		{80476515-7FE9-4F30-AF5E-C993B0F73D3D}.Release|x86.Build.0 = Release|Any CPU
		{40B6FF30-B236-4390-BAD3-82F17846BE89}.Debug|Android.ActiveCfg = Debug|Any CPU
		{40B6FF30-B236-4390-BAD3-82F17846BE89}.Debug|Android.Build.0 = Debug|Any CPU
		{40B6FF30-B236-4390-BAD3-82F17846BE89}.Debug|Any CPU.ActiveCfg = Debug|Any CPU
		{40B6FF30-B236-4390-BAD3-82F17846BE89}.Debug|Any CPU.Build.0 = Debug|Any CPU
		{40B6FF30-B236-4390-BAD3-82F17846BE89}.Debug|ARM.ActiveCfg = Debug|Any CPU
		{40B6FF30-B236-4390-BAD3-82F17846BE89}.Debug|ARM.Build.0 = Debug|Any CPU
		{40B6FF30-B236-4390-BAD3-82F17846BE89}.Debug|iOS.ActiveCfg = Debug|Any CPU
		{40B6FF30-B236-4390-BAD3-82F17846BE89}.Debug|iOS.Build.0 = Debug|Any CPU
		{40B6FF30-B236-4390-BAD3-82F17846BE89}.Debug|iPhone.ActiveCfg = Debug|Any CPU
		{40B6FF30-B236-4390-BAD3-82F17846BE89}.Debug|iPhone.Build.0 = Debug|Any CPU
		{40B6FF30-B236-4390-BAD3-82F17846BE89}.Debug|iPhoneSimulator.ActiveCfg = Debug|Any CPU
		{40B6FF30-B236-4390-BAD3-82F17846BE89}.Debug|iPhoneSimulator.Build.0 = Debug|Any CPU
		{40B6FF30-B236-4390-BAD3-82F17846BE89}.Debug|Windows Phone (Universal).ActiveCfg = Debug|Any CPU
		{40B6FF30-B236-4390-BAD3-82F17846BE89}.Debug|Windows Phone (Universal).Build.0 = Debug|Any CPU
		{40B6FF30-B236-4390-BAD3-82F17846BE89}.Debug|Windows Phone 8.ActiveCfg = Debug|Any CPU
		{40B6FF30-B236-4390-BAD3-82F17846BE89}.Debug|Windows Phone 8.Build.0 = Debug|Any CPU
		{40B6FF30-B236-4390-BAD3-82F17846BE89}.Debug|Windows-AnyCPU.ActiveCfg = Debug|Any CPU
		{40B6FF30-B236-4390-BAD3-82F17846BE89}.Debug|Windows-AnyCPU.Build.0 = Debug|Any CPU
		{40B6FF30-B236-4390-BAD3-82F17846BE89}.Debug|Windows-ARM.ActiveCfg = Debug|Any CPU
		{40B6FF30-B236-4390-BAD3-82F17846BE89}.Debug|Windows-ARM.Build.0 = Debug|Any CPU
		{40B6FF30-B236-4390-BAD3-82F17846BE89}.Debug|Windows-x64.ActiveCfg = Debug|Any CPU
		{40B6FF30-B236-4390-BAD3-82F17846BE89}.Debug|Windows-x64.Build.0 = Debug|Any CPU
		{40B6FF30-B236-4390-BAD3-82F17846BE89}.Debug|Windows-x86.ActiveCfg = Debug|Any CPU
		{40B6FF30-B236-4390-BAD3-82F17846BE89}.Debug|Windows-x86.Build.0 = Debug|Any CPU
		{40B6FF30-B236-4390-BAD3-82F17846BE89}.Debug|x64.ActiveCfg = Debug|Any CPU
		{40B6FF30-B236-4390-BAD3-82F17846BE89}.Debug|x64.Build.0 = Debug|Any CPU
		{40B6FF30-B236-4390-BAD3-82F17846BE89}.Debug|x86.ActiveCfg = Debug|Any CPU
		{40B6FF30-B236-4390-BAD3-82F17846BE89}.Debug|x86.Build.0 = Debug|Any CPU
		{40B6FF30-B236-4390-BAD3-82F17846BE89}.Release|Android.ActiveCfg = Release|Any CPU
		{40B6FF30-B236-4390-BAD3-82F17846BE89}.Release|Android.Build.0 = Release|Any CPU
		{40B6FF30-B236-4390-BAD3-82F17846BE89}.Release|Any CPU.ActiveCfg = Release|Any CPU
		{40B6FF30-B236-4390-BAD3-82F17846BE89}.Release|Any CPU.Build.0 = Release|Any CPU
		{40B6FF30-B236-4390-BAD3-82F17846BE89}.Release|ARM.ActiveCfg = Release|Any CPU
		{40B6FF30-B236-4390-BAD3-82F17846BE89}.Release|ARM.Build.0 = Release|Any CPU
		{40B6FF30-B236-4390-BAD3-82F17846BE89}.Release|iOS.ActiveCfg = Release|Any CPU
		{40B6FF30-B236-4390-BAD3-82F17846BE89}.Release|iOS.Build.0 = Release|Any CPU
		{40B6FF30-B236-4390-BAD3-82F17846BE89}.Release|iPhone.ActiveCfg = Release|Any CPU
		{40B6FF30-B236-4390-BAD3-82F17846BE89}.Release|iPhone.Build.0 = Release|Any CPU
		{40B6FF30-B236-4390-BAD3-82F17846BE89}.Release|iPhoneSimulator.ActiveCfg = Release|Any CPU
		{40B6FF30-B236-4390-BAD3-82F17846BE89}.Release|iPhoneSimulator.Build.0 = Release|Any CPU
		{40B6FF30-B236-4390-BAD3-82F17846BE89}.Release|Windows Phone (Universal).ActiveCfg = Release|Any CPU
		{40B6FF30-B236-4390-BAD3-82F17846BE89}.Release|Windows Phone (Universal).Build.0 = Release|Any CPU
		{40B6FF30-B236-4390-BAD3-82F17846BE89}.Release|Windows Phone 8.ActiveCfg = Release|Any CPU
		{40B6FF30-B236-4390-BAD3-82F17846BE89}.Release|Windows Phone 8.Build.0 = Release|Any CPU
		{40B6FF30-B236-4390-BAD3-82F17846BE89}.Release|Windows-AnyCPU.ActiveCfg = Release|Any CPU
		{40B6FF30-B236-4390-BAD3-82F17846BE89}.Release|Windows-AnyCPU.Build.0 = Release|Any CPU
		{40B6FF30-B236-4390-BAD3-82F17846BE89}.Release|Windows-ARM.ActiveCfg = Release|Any CPU
		{40B6FF30-B236-4390-BAD3-82F17846BE89}.Release|Windows-ARM.Build.0 = Release|Any CPU
		{40B6FF30-B236-4390-BAD3-82F17846BE89}.Release|Windows-x64.ActiveCfg = Release|Any CPU
		{40B6FF30-B236-4390-BAD3-82F17846BE89}.Release|Windows-x64.Build.0 = Release|Any CPU
		{40B6FF30-B236-4390-BAD3-82F17846BE89}.Release|Windows-x86.ActiveCfg = Release|Any CPU
		{40B6FF30-B236-4390-BAD3-82F17846BE89}.Release|Windows-x86.Build.0 = Release|Any CPU
		{40B6FF30-B236-4390-BAD3-82F17846BE89}.Release|x64.ActiveCfg = Release|Any CPU
		{40B6FF30-B236-4390-BAD3-82F17846BE89}.Release|x64.Build.0 = Release|Any CPU
		{40B6FF30-B236-4390-BAD3-82F17846BE89}.Release|x86.ActiveCfg = Release|Any CPU
		{40B6FF30-B236-4390-BAD3-82F17846BE89}.Release|x86.Build.0 = Release|Any CPU
		{5B1F2198-57E1-4B37-876D-A112380D2BC5}.Debug|Android.ActiveCfg = Debug|Any CPU
		{5B1F2198-57E1-4B37-876D-A112380D2BC5}.Debug|Android.Build.0 = Debug|Any CPU
		{5B1F2198-57E1-4B37-876D-A112380D2BC5}.Debug|Any CPU.ActiveCfg = Debug|Any CPU
		{5B1F2198-57E1-4B37-876D-A112380D2BC5}.Debug|Any CPU.Build.0 = Debug|Any CPU
		{5B1F2198-57E1-4B37-876D-A112380D2BC5}.Debug|ARM.ActiveCfg = Debug|Any CPU
		{5B1F2198-57E1-4B37-876D-A112380D2BC5}.Debug|ARM.Build.0 = Debug|Any CPU
		{5B1F2198-57E1-4B37-876D-A112380D2BC5}.Debug|iOS.ActiveCfg = Debug|Any CPU
		{5B1F2198-57E1-4B37-876D-A112380D2BC5}.Debug|iOS.Build.0 = Debug|Any CPU
		{5B1F2198-57E1-4B37-876D-A112380D2BC5}.Debug|iPhone.ActiveCfg = Debug|Any CPU
		{5B1F2198-57E1-4B37-876D-A112380D2BC5}.Debug|iPhone.Build.0 = Debug|Any CPU
		{5B1F2198-57E1-4B37-876D-A112380D2BC5}.Debug|iPhoneSimulator.ActiveCfg = Debug|Any CPU
		{5B1F2198-57E1-4B37-876D-A112380D2BC5}.Debug|iPhoneSimulator.Build.0 = Debug|Any CPU
		{5B1F2198-57E1-4B37-876D-A112380D2BC5}.Debug|Windows Phone (Universal).ActiveCfg = Debug|Any CPU
		{5B1F2198-57E1-4B37-876D-A112380D2BC5}.Debug|Windows Phone (Universal).Build.0 = Debug|Any CPU
		{5B1F2198-57E1-4B37-876D-A112380D2BC5}.Debug|Windows Phone 8.ActiveCfg = Debug|Any CPU
		{5B1F2198-57E1-4B37-876D-A112380D2BC5}.Debug|Windows Phone 8.Build.0 = Debug|Any CPU
		{5B1F2198-57E1-4B37-876D-A112380D2BC5}.Debug|Windows-AnyCPU.ActiveCfg = Debug|Any CPU
		{5B1F2198-57E1-4B37-876D-A112380D2BC5}.Debug|Windows-AnyCPU.Build.0 = Debug|Any CPU
		{5B1F2198-57E1-4B37-876D-A112380D2BC5}.Debug|Windows-ARM.ActiveCfg = Debug|Any CPU
		{5B1F2198-57E1-4B37-876D-A112380D2BC5}.Debug|Windows-ARM.Build.0 = Debug|Any CPU
		{5B1F2198-57E1-4B37-876D-A112380D2BC5}.Debug|Windows-x64.ActiveCfg = Debug|Any CPU
		{5B1F2198-57E1-4B37-876D-A112380D2BC5}.Debug|Windows-x64.Build.0 = Debug|Any CPU
		{5B1F2198-57E1-4B37-876D-A112380D2BC5}.Debug|Windows-x86.ActiveCfg = Debug|Any CPU
		{5B1F2198-57E1-4B37-876D-A112380D2BC5}.Debug|Windows-x86.Build.0 = Debug|Any CPU
		{5B1F2198-57E1-4B37-876D-A112380D2BC5}.Debug|x64.ActiveCfg = Debug|Any CPU
		{5B1F2198-57E1-4B37-876D-A112380D2BC5}.Debug|x64.Build.0 = Debug|Any CPU
		{5B1F2198-57E1-4B37-876D-A112380D2BC5}.Debug|x86.ActiveCfg = Debug|Any CPU
		{5B1F2198-57E1-4B37-876D-A112380D2BC5}.Debug|x86.Build.0 = Debug|Any CPU
		{5B1F2198-57E1-4B37-876D-A112380D2BC5}.Release|Android.ActiveCfg = Release|Any CPU
		{5B1F2198-57E1-4B37-876D-A112380D2BC5}.Release|Android.Build.0 = Release|Any CPU
		{5B1F2198-57E1-4B37-876D-A112380D2BC5}.Release|Any CPU.ActiveCfg = Release|Any CPU
		{5B1F2198-57E1-4B37-876D-A112380D2BC5}.Release|Any CPU.Build.0 = Release|Any CPU
		{5B1F2198-57E1-4B37-876D-A112380D2BC5}.Release|ARM.ActiveCfg = Release|Any CPU
		{5B1F2198-57E1-4B37-876D-A112380D2BC5}.Release|ARM.Build.0 = Release|Any CPU
		{5B1F2198-57E1-4B37-876D-A112380D2BC5}.Release|iOS.ActiveCfg = Release|Any CPU
		{5B1F2198-57E1-4B37-876D-A112380D2BC5}.Release|iOS.Build.0 = Release|Any CPU
		{5B1F2198-57E1-4B37-876D-A112380D2BC5}.Release|iPhone.ActiveCfg = Release|Any CPU
		{5B1F2198-57E1-4B37-876D-A112380D2BC5}.Release|iPhone.Build.0 = Release|Any CPU
		{5B1F2198-57E1-4B37-876D-A112380D2BC5}.Release|iPhoneSimulator.ActiveCfg = Release|Any CPU
		{5B1F2198-57E1-4B37-876D-A112380D2BC5}.Release|iPhoneSimulator.Build.0 = Release|Any CPU
		{5B1F2198-57E1-4B37-876D-A112380D2BC5}.Release|Windows Phone (Universal).ActiveCfg = Release|Any CPU
		{5B1F2198-57E1-4B37-876D-A112380D2BC5}.Release|Windows Phone (Universal).Build.0 = Release|Any CPU
		{5B1F2198-57E1-4B37-876D-A112380D2BC5}.Release|Windows Phone 8.ActiveCfg = Release|Any CPU
		{5B1F2198-57E1-4B37-876D-A112380D2BC5}.Release|Windows Phone 8.Build.0 = Release|Any CPU
		{5B1F2198-57E1-4B37-876D-A112380D2BC5}.Release|Windows-AnyCPU.ActiveCfg = Release|Any CPU
		{5B1F2198-57E1-4B37-876D-A112380D2BC5}.Release|Windows-AnyCPU.Build.0 = Release|Any CPU
		{5B1F2198-57E1-4B37-876D-A112380D2BC5}.Release|Windows-ARM.ActiveCfg = Release|Any CPU
		{5B1F2198-57E1-4B37-876D-A112380D2BC5}.Release|Windows-ARM.Build.0 = Release|Any CPU
		{5B1F2198-57E1-4B37-876D-A112380D2BC5}.Release|Windows-x64.ActiveCfg = Release|Any CPU
		{5B1F2198-57E1-4B37-876D-A112380D2BC5}.Release|Windows-x64.Build.0 = Release|Any CPU
		{5B1F2198-57E1-4B37-876D-A112380D2BC5}.Release|Windows-x86.ActiveCfg = Release|Any CPU
		{5B1F2198-57E1-4B37-876D-A112380D2BC5}.Release|Windows-x86.Build.0 = Release|Any CPU
		{5B1F2198-57E1-4B37-876D-A112380D2BC5}.Release|x64.ActiveCfg = Release|Any CPU
		{5B1F2198-57E1-4B37-876D-A112380D2BC5}.Release|x64.Build.0 = Release|Any CPU
		{5B1F2198-57E1-4B37-876D-A112380D2BC5}.Release|x86.ActiveCfg = Release|Any CPU
		{5B1F2198-57E1-4B37-876D-A112380D2BC5}.Release|x86.Build.0 = Release|Any CPU
		{5DFF3ADD-731F-40B7-A17E-187CE4662ECC}.Debug|Android.ActiveCfg = Debug|x64
		{5DFF3ADD-731F-40B7-A17E-187CE4662ECC}.Debug|Android.Build.0 = Debug|x64
		{5DFF3ADD-731F-40B7-A17E-187CE4662ECC}.Debug|Any CPU.ActiveCfg = Debug|x64
		{5DFF3ADD-731F-40B7-A17E-187CE4662ECC}.Debug|Any CPU.Build.0 = Debug|x64
		{5DFF3ADD-731F-40B7-A17E-187CE4662ECC}.Debug|ARM.ActiveCfg = Debug|x64
		{5DFF3ADD-731F-40B7-A17E-187CE4662ECC}.Debug|ARM.Build.0 = Debug|x64
		{5DFF3ADD-731F-40B7-A17E-187CE4662ECC}.Debug|iOS.ActiveCfg = Debug|x64
		{5DFF3ADD-731F-40B7-A17E-187CE4662ECC}.Debug|iOS.Build.0 = Debug|x64
		{5DFF3ADD-731F-40B7-A17E-187CE4662ECC}.Debug|iPhone.ActiveCfg = Debug|x64
		{5DFF3ADD-731F-40B7-A17E-187CE4662ECC}.Debug|iPhone.Build.0 = Debug|x64
		{5DFF3ADD-731F-40B7-A17E-187CE4662ECC}.Debug|iPhoneSimulator.ActiveCfg = Debug|x64
		{5DFF3ADD-731F-40B7-A17E-187CE4662ECC}.Debug|iPhoneSimulator.Build.0 = Debug|x64
		{5DFF3ADD-731F-40B7-A17E-187CE4662ECC}.Debug|Windows Phone (Universal).ActiveCfg = Debug|x64
		{5DFF3ADD-731F-40B7-A17E-187CE4662ECC}.Debug|Windows Phone (Universal).Build.0 = Debug|x64
		{5DFF3ADD-731F-40B7-A17E-187CE4662ECC}.Debug|Windows Phone 8.ActiveCfg = Debug|x64
		{5DFF3ADD-731F-40B7-A17E-187CE4662ECC}.Debug|Windows Phone 8.Build.0 = Debug|x64
		{5DFF3ADD-731F-40B7-A17E-187CE4662ECC}.Debug|Windows-AnyCPU.ActiveCfg = Debug|x64
		{5DFF3ADD-731F-40B7-A17E-187CE4662ECC}.Debug|Windows-AnyCPU.Build.0 = Debug|x64
		{5DFF3ADD-731F-40B7-A17E-187CE4662ECC}.Debug|Windows-ARM.ActiveCfg = Debug|x64
		{5DFF3ADD-731F-40B7-A17E-187CE4662ECC}.Debug|Windows-ARM.Build.0 = Debug|x64
		{5DFF3ADD-731F-40B7-A17E-187CE4662ECC}.Debug|Windows-x64.ActiveCfg = Debug|x64
		{5DFF3ADD-731F-40B7-A17E-187CE4662ECC}.Debug|Windows-x64.Build.0 = Debug|x64
		{5DFF3ADD-731F-40B7-A17E-187CE4662ECC}.Debug|Windows-x86.ActiveCfg = Debug|x64
		{5DFF3ADD-731F-40B7-A17E-187CE4662ECC}.Debug|Windows-x86.Build.0 = Debug|x64
		{5DFF3ADD-731F-40B7-A17E-187CE4662ECC}.Debug|x64.ActiveCfg = Debug|x64
		{5DFF3ADD-731F-40B7-A17E-187CE4662ECC}.Debug|x64.Build.0 = Debug|x64
		{5DFF3ADD-731F-40B7-A17E-187CE4662ECC}.Debug|x86.ActiveCfg = Debug|x64
		{5DFF3ADD-731F-40B7-A17E-187CE4662ECC}.Debug|x86.Build.0 = Debug|x64
		{5DFF3ADD-731F-40B7-A17E-187CE4662ECC}.Release|Android.ActiveCfg = Release|x64
		{5DFF3ADD-731F-40B7-A17E-187CE4662ECC}.Release|Android.Build.0 = Release|x64
		{5DFF3ADD-731F-40B7-A17E-187CE4662ECC}.Release|Any CPU.ActiveCfg = Release|x64
		{5DFF3ADD-731F-40B7-A17E-187CE4662ECC}.Release|Any CPU.Build.0 = Release|x64
		{5DFF3ADD-731F-40B7-A17E-187CE4662ECC}.Release|ARM.ActiveCfg = Release|x64
		{5DFF3ADD-731F-40B7-A17E-187CE4662ECC}.Release|ARM.Build.0 = Release|x64
		{5DFF3ADD-731F-40B7-A17E-187CE4662ECC}.Release|iOS.ActiveCfg = Release|x64
		{5DFF3ADD-731F-40B7-A17E-187CE4662ECC}.Release|iOS.Build.0 = Release|x64
		{5DFF3ADD-731F-40B7-A17E-187CE4662ECC}.Release|iPhone.ActiveCfg = Release|x64
		{5DFF3ADD-731F-40B7-A17E-187CE4662ECC}.Release|iPhone.Build.0 = Release|x64
		{5DFF3ADD-731F-40B7-A17E-187CE4662ECC}.Release|iPhoneSimulator.ActiveCfg = Release|x64
		{5DFF3ADD-731F-40B7-A17E-187CE4662ECC}.Release|iPhoneSimulator.Build.0 = Release|x64
		{5DFF3ADD-731F-40B7-A17E-187CE4662ECC}.Release|Windows Phone (Universal).ActiveCfg = Release|x64
		{5DFF3ADD-731F-40B7-A17E-187CE4662ECC}.Release|Windows Phone (Universal).Build.0 = Release|x64
		{5DFF3ADD-731F-40B7-A17E-187CE4662ECC}.Release|Windows Phone 8.ActiveCfg = Release|x64
		{5DFF3ADD-731F-40B7-A17E-187CE4662ECC}.Release|Windows Phone 8.Build.0 = Release|x64
		{5DFF3ADD-731F-40B7-A17E-187CE4662ECC}.Release|Windows-AnyCPU.ActiveCfg = Release|x64
		{5DFF3ADD-731F-40B7-A17E-187CE4662ECC}.Release|Windows-AnyCPU.Build.0 = Release|x64
		{5DFF3ADD-731F-40B7-A17E-187CE4662ECC}.Release|Windows-ARM.ActiveCfg = Release|x64
		{5DFF3ADD-731F-40B7-A17E-187CE4662ECC}.Release|Windows-ARM.Build.0 = Release|x64
		{5DFF3ADD-731F-40B7-A17E-187CE4662ECC}.Release|Windows-x64.ActiveCfg = Release|x64
		{5DFF3ADD-731F-40B7-A17E-187CE4662ECC}.Release|Windows-x64.Build.0 = Release|x64
		{5DFF3ADD-731F-40B7-A17E-187CE4662ECC}.Release|Windows-x86.ActiveCfg = Release|x64
		{5DFF3ADD-731F-40B7-A17E-187CE4662ECC}.Release|Windows-x86.Build.0 = Release|x64
		{5DFF3ADD-731F-40B7-A17E-187CE4662ECC}.Release|x64.ActiveCfg = Release|x64
		{5DFF3ADD-731F-40B7-A17E-187CE4662ECC}.Release|x64.Build.0 = Release|x64
		{5DFF3ADD-731F-40B7-A17E-187CE4662ECC}.Release|x86.ActiveCfg = Release|x64
		{5DFF3ADD-731F-40B7-A17E-187CE4662ECC}.Release|x86.Build.0 = Release|x64
		{A0BEB8BC-1538-409C-B32A-F00EBF904010}.Debug|Android.ActiveCfg = Debug|Any CPU
		{A0BEB8BC-1538-409C-B32A-F00EBF904010}.Debug|Android.Build.0 = Debug|Any CPU
		{A0BEB8BC-1538-409C-B32A-F00EBF904010}.Debug|Any CPU.ActiveCfg = Debug|Any CPU
		{A0BEB8BC-1538-409C-B32A-F00EBF904010}.Debug|Any CPU.Build.0 = Debug|Any CPU
		{A0BEB8BC-1538-409C-B32A-F00EBF904010}.Debug|ARM.ActiveCfg = Debug|Any CPU
		{A0BEB8BC-1538-409C-B32A-F00EBF904010}.Debug|ARM.Build.0 = Debug|Any CPU
		{A0BEB8BC-1538-409C-B32A-F00EBF904010}.Debug|iOS.ActiveCfg = Debug|Any CPU
		{A0BEB8BC-1538-409C-B32A-F00EBF904010}.Debug|iOS.Build.0 = Debug|Any CPU
		{A0BEB8BC-1538-409C-B32A-F00EBF904010}.Debug|iPhone.ActiveCfg = Debug|Any CPU
		{A0BEB8BC-1538-409C-B32A-F00EBF904010}.Debug|iPhone.Build.0 = Debug|Any CPU
		{A0BEB8BC-1538-409C-B32A-F00EBF904010}.Debug|iPhoneSimulator.ActiveCfg = Debug|Any CPU
		{A0BEB8BC-1538-409C-B32A-F00EBF904010}.Debug|iPhoneSimulator.Build.0 = Debug|Any CPU
		{A0BEB8BC-1538-409C-B32A-F00EBF904010}.Debug|Windows Phone (Universal).ActiveCfg = Debug|Any CPU
		{A0BEB8BC-1538-409C-B32A-F00EBF904010}.Debug|Windows Phone (Universal).Build.0 = Debug|Any CPU
		{A0BEB8BC-1538-409C-B32A-F00EBF904010}.Debug|Windows Phone 8.ActiveCfg = Debug|Any CPU
		{A0BEB8BC-1538-409C-B32A-F00EBF904010}.Debug|Windows Phone 8.Build.0 = Debug|Any CPU
		{A0BEB8BC-1538-409C-B32A-F00EBF904010}.Debug|Windows-AnyCPU.ActiveCfg = Debug|Any CPU
		{A0BEB8BC-1538-409C-B32A-F00EBF904010}.Debug|Windows-AnyCPU.Build.0 = Debug|Any CPU
		{A0BEB8BC-1538-409C-B32A-F00EBF904010}.Debug|Windows-ARM.ActiveCfg = Debug|Any CPU
		{A0BEB8BC-1538-409C-B32A-F00EBF904010}.Debug|Windows-ARM.Build.0 = Debug|Any CPU
		{A0BEB8BC-1538-409C-B32A-F00EBF904010}.Debug|Windows-x64.ActiveCfg = Debug|Any CPU
		{A0BEB8BC-1538-409C-B32A-F00EBF904010}.Debug|Windows-x64.Build.0 = Debug|Any CPU
		{A0BEB8BC-1538-409C-B32A-F00EBF904010}.Debug|Windows-x86.ActiveCfg = Debug|Any CPU
		{A0BEB8BC-1538-409C-B32A-F00EBF904010}.Debug|Windows-x86.Build.0 = Debug|Any CPU
		{A0BEB8BC-1538-409C-B32A-F00EBF904010}.Debug|x64.ActiveCfg = Debug|Any CPU
		{A0BEB8BC-1538-409C-B32A-F00EBF904010}.Debug|x64.Build.0 = Debug|Any CPU
		{A0BEB8BC-1538-409C-B32A-F00EBF904010}.Debug|x86.ActiveCfg = Debug|Any CPU
		{A0BEB8BC-1538-409C-B32A-F00EBF904010}.Debug|x86.Build.0 = Debug|Any CPU
		{A0BEB8BC-1538-409C-B32A-F00EBF904010}.Release|Android.ActiveCfg = Release|Any CPU
		{A0BEB8BC-1538-409C-B32A-F00EBF904010}.Release|Android.Build.0 = Release|Any CPU
		{A0BEB8BC-1538-409C-B32A-F00EBF904010}.Release|Any CPU.ActiveCfg = Release|Any CPU
		{A0BEB8BC-1538-409C-B32A-F00EBF904010}.Release|Any CPU.Build.0 = Release|Any CPU
		{A0BEB8BC-1538-409C-B32A-F00EBF904010}.Release|ARM.ActiveCfg = Release|Any CPU
		{A0BEB8BC-1538-409C-B32A-F00EBF904010}.Release|ARM.Build.0 = Release|Any CPU
		{A0BEB8BC-1538-409C-B32A-F00EBF904010}.Release|iOS.ActiveCfg = Release|Any CPU
		{A0BEB8BC-1538-409C-B32A-F00EBF904010}.Release|iOS.Build.0 = Release|Any CPU
		{A0BEB8BC-1538-409C-B32A-F00EBF904010}.Release|iPhone.ActiveCfg = Release|Any CPU
		{A0BEB8BC-1538-409C-B32A-F00EBF904010}.Release|iPhone.Build.0 = Release|Any CPU
		{A0BEB8BC-1538-409C-B32A-F00EBF904010}.Release|iPhoneSimulator.ActiveCfg = Release|Any CPU
		{A0BEB8BC-1538-409C-B32A-F00EBF904010}.Release|iPhoneSimulator.Build.0 = Release|Any CPU
		{A0BEB8BC-1538-409C-B32A-F00EBF904010}.Release|Windows Phone (Universal).ActiveCfg = Release|Any CPU
		{A0BEB8BC-1538-409C-B32A-F00EBF904010}.Release|Windows Phone (Universal).Build.0 = Release|Any CPU
		{A0BEB8BC-1538-409C-B32A-F00EBF904010}.Release|Windows Phone 8.ActiveCfg = Release|Any CPU
		{A0BEB8BC-1538-409C-B32A-F00EBF904010}.Release|Windows Phone 8.Build.0 = Release|Any CPU
		{A0BEB8BC-1538-409C-B32A-F00EBF904010}.Release|Windows-AnyCPU.ActiveCfg = Release|Any CPU
		{A0BEB8BC-1538-409C-B32A-F00EBF904010}.Release|Windows-AnyCPU.Build.0 = Release|Any CPU
		{A0BEB8BC-1538-409C-B32A-F00EBF904010}.Release|Windows-ARM.ActiveCfg = Release|Any CPU
		{A0BEB8BC-1538-409C-B32A-F00EBF904010}.Release|Windows-ARM.Build.0 = Release|Any CPU
		{A0BEB8BC-1538-409C-B32A-F00EBF904010}.Release|Windows-x64.ActiveCfg = Release|Any CPU
		{A0BEB8BC-1538-409C-B32A-F00EBF904010}.Release|Windows-x64.Build.0 = Release|Any CPU
		{A0BEB8BC-1538-409C-B32A-F00EBF904010}.Release|Windows-x86.ActiveCfg = Release|Any CPU
		{A0BEB8BC-1538-409C-B32A-F00EBF904010}.Release|Windows-x86.Build.0 = Release|Any CPU
		{A0BEB8BC-1538-409C-B32A-F00EBF904010}.Release|x64.ActiveCfg = Release|Any CPU
		{A0BEB8BC-1538-409C-B32A-F00EBF904010}.Release|x64.Build.0 = Release|Any CPU
		{A0BEB8BC-1538-409C-B32A-F00EBF904010}.Release|x86.ActiveCfg = Release|Any CPU
		{A0BEB8BC-1538-409C-B32A-F00EBF904010}.Release|x86.Build.0 = Release|Any CPU
		{981AFA95-9858-442C-AB82-A1800969300C}.Debug|Android.ActiveCfg = Debug|Any CPU
		{981AFA95-9858-442C-AB82-A1800969300C}.Debug|Android.Build.0 = Debug|Any CPU
		{981AFA95-9858-442C-AB82-A1800969300C}.Debug|Any CPU.ActiveCfg = Debug|Any CPU
		{981AFA95-9858-442C-AB82-A1800969300C}.Debug|Any CPU.Build.0 = Debug|Any CPU
		{981AFA95-9858-442C-AB82-A1800969300C}.Debug|ARM.ActiveCfg = Debug|Any CPU
		{981AFA95-9858-442C-AB82-A1800969300C}.Debug|ARM.Build.0 = Debug|Any CPU
		{981AFA95-9858-442C-AB82-A1800969300C}.Debug|iOS.ActiveCfg = Debug|Any CPU
		{981AFA95-9858-442C-AB82-A1800969300C}.Debug|iOS.Build.0 = Debug|Any CPU
		{981AFA95-9858-442C-AB82-A1800969300C}.Debug|iPhone.ActiveCfg = Debug|Any CPU
		{981AFA95-9858-442C-AB82-A1800969300C}.Debug|iPhone.Build.0 = Debug|Any CPU
		{981AFA95-9858-442C-AB82-A1800969300C}.Debug|iPhoneSimulator.ActiveCfg = Debug|Any CPU
		{981AFA95-9858-442C-AB82-A1800969300C}.Debug|iPhoneSimulator.Build.0 = Debug|Any CPU
		{981AFA95-9858-442C-AB82-A1800969300C}.Debug|Windows Phone (Universal).ActiveCfg = Debug|Any CPU
		{981AFA95-9858-442C-AB82-A1800969300C}.Debug|Windows Phone (Universal).Build.0 = Debug|Any CPU
		{981AFA95-9858-442C-AB82-A1800969300C}.Debug|Windows Phone 8.ActiveCfg = Debug|Any CPU
		{981AFA95-9858-442C-AB82-A1800969300C}.Debug|Windows Phone 8.Build.0 = Debug|Any CPU
		{981AFA95-9858-442C-AB82-A1800969300C}.Debug|Windows-AnyCPU.ActiveCfg = Debug|Any CPU
		{981AFA95-9858-442C-AB82-A1800969300C}.Debug|Windows-AnyCPU.Build.0 = Debug|Any CPU
		{981AFA95-9858-442C-AB82-A1800969300C}.Debug|Windows-ARM.ActiveCfg = Debug|Any CPU
		{981AFA95-9858-442C-AB82-A1800969300C}.Debug|Windows-ARM.Build.0 = Debug|Any CPU
		{981AFA95-9858-442C-AB82-A1800969300C}.Debug|Windows-x64.ActiveCfg = Debug|Any CPU
		{981AFA95-9858-442C-AB82-A1800969300C}.Debug|Windows-x64.Build.0 = Debug|Any CPU
		{981AFA95-9858-442C-AB82-A1800969300C}.Debug|Windows-x86.ActiveCfg = Debug|Any CPU
		{981AFA95-9858-442C-AB82-A1800969300C}.Debug|Windows-x86.Build.0 = Debug|Any CPU
		{981AFA95-9858-442C-AB82-A1800969300C}.Debug|x64.ActiveCfg = Debug|Any CPU
		{981AFA95-9858-442C-AB82-A1800969300C}.Debug|x64.Build.0 = Debug|Any CPU
		{981AFA95-9858-442C-AB82-A1800969300C}.Debug|x86.ActiveCfg = Debug|Any CPU
		{981AFA95-9858-442C-AB82-A1800969300C}.Debug|x86.Build.0 = Debug|Any CPU
		{981AFA95-9858-442C-AB82-A1800969300C}.Release|Android.ActiveCfg = Release|Any CPU
		{981AFA95-9858-442C-AB82-A1800969300C}.Release|Android.Build.0 = Release|Any CPU
		{981AFA95-9858-442C-AB82-A1800969300C}.Release|Any CPU.ActiveCfg = Release|Any CPU
		{981AFA95-9858-442C-AB82-A1800969300C}.Release|Any CPU.Build.0 = Release|Any CPU
		{981AFA95-9858-442C-AB82-A1800969300C}.Release|ARM.ActiveCfg = Release|Any CPU
		{981AFA95-9858-442C-AB82-A1800969300C}.Release|ARM.Build.0 = Release|Any CPU
		{981AFA95-9858-442C-AB82-A1800969300C}.Release|iOS.ActiveCfg = Release|Any CPU
		{981AFA95-9858-442C-AB82-A1800969300C}.Release|iOS.Build.0 = Release|Any CPU
		{981AFA95-9858-442C-AB82-A1800969300C}.Release|iPhone.ActiveCfg = Release|Any CPU
		{981AFA95-9858-442C-AB82-A1800969300C}.Release|iPhone.Build.0 = Release|Any CPU
		{981AFA95-9858-442C-AB82-A1800969300C}.Release|iPhoneSimulator.ActiveCfg = Release|Any CPU
		{981AFA95-9858-442C-AB82-A1800969300C}.Release|iPhoneSimulator.Build.0 = Release|Any CPU
		{981AFA95-9858-442C-AB82-A1800969300C}.Release|Windows Phone (Universal).ActiveCfg = Release|Any CPU
		{981AFA95-9858-442C-AB82-A1800969300C}.Release|Windows Phone (Universal).Build.0 = Release|Any CPU
		{981AFA95-9858-442C-AB82-A1800969300C}.Release|Windows Phone 8.ActiveCfg = Release|Any CPU
		{981AFA95-9858-442C-AB82-A1800969300C}.Release|Windows Phone 8.Build.0 = Release|Any CPU
		{981AFA95-9858-442C-AB82-A1800969300C}.Release|Windows-AnyCPU.ActiveCfg = Release|Any CPU
		{981AFA95-9858-442C-AB82-A1800969300C}.Release|Windows-AnyCPU.Build.0 = Release|Any CPU
		{981AFA95-9858-442C-AB82-A1800969300C}.Release|Windows-ARM.ActiveCfg = Release|Any CPU
		{981AFA95-9858-442C-AB82-A1800969300C}.Release|Windows-ARM.Build.0 = Release|Any CPU
		{981AFA95-9858-442C-AB82-A1800969300C}.Release|Windows-x64.ActiveCfg = Release|Any CPU
		{981AFA95-9858-442C-AB82-A1800969300C}.Release|Windows-x64.Build.0 = Release|Any CPU
		{981AFA95-9858-442C-AB82-A1800969300C}.Release|Windows-x86.ActiveCfg = Release|Any CPU
		{981AFA95-9858-442C-AB82-A1800969300C}.Release|Windows-x86.Build.0 = Release|Any CPU
		{981AFA95-9858-442C-AB82-A1800969300C}.Release|x64.ActiveCfg = Release|Any CPU
		{981AFA95-9858-442C-AB82-A1800969300C}.Release|x64.Build.0 = Release|Any CPU
		{981AFA95-9858-442C-AB82-A1800969300C}.Release|x86.ActiveCfg = Release|Any CPU
		{981AFA95-9858-442C-AB82-A1800969300C}.Release|x86.Build.0 = Release|Any CPU
		{3AFECF8C-0748-4366-970C-4744D4FBA75B}.Debug|Android.ActiveCfg = Debug|Any CPU
		{3AFECF8C-0748-4366-970C-4744D4FBA75B}.Debug|Android.Build.0 = Debug|Any CPU
		{3AFECF8C-0748-4366-970C-4744D4FBA75B}.Debug|Any CPU.ActiveCfg = Debug|Any CPU
		{3AFECF8C-0748-4366-970C-4744D4FBA75B}.Debug|Any CPU.Build.0 = Debug|Any CPU
		{3AFECF8C-0748-4366-970C-4744D4FBA75B}.Debug|ARM.ActiveCfg = Debug|Any CPU
		{3AFECF8C-0748-4366-970C-4744D4FBA75B}.Debug|ARM.Build.0 = Debug|Any CPU
		{3AFECF8C-0748-4366-970C-4744D4FBA75B}.Debug|iOS.ActiveCfg = Debug|Any CPU
		{3AFECF8C-0748-4366-970C-4744D4FBA75B}.Debug|iOS.Build.0 = Debug|Any CPU
		{3AFECF8C-0748-4366-970C-4744D4FBA75B}.Debug|iPhone.ActiveCfg = Debug|Any CPU
		{3AFECF8C-0748-4366-970C-4744D4FBA75B}.Debug|iPhone.Build.0 = Debug|Any CPU
		{3AFECF8C-0748-4366-970C-4744D4FBA75B}.Debug|iPhoneSimulator.ActiveCfg = Debug|Any CPU
		{3AFECF8C-0748-4366-970C-4744D4FBA75B}.Debug|iPhoneSimulator.Build.0 = Debug|Any CPU
		{3AFECF8C-0748-4366-970C-4744D4FBA75B}.Debug|Windows Phone (Universal).ActiveCfg = Debug|Any CPU
		{3AFECF8C-0748-4366-970C-4744D4FBA75B}.Debug|Windows Phone (Universal).Build.0 = Debug|Any CPU
		{3AFECF8C-0748-4366-970C-4744D4FBA75B}.Debug|Windows Phone 8.ActiveCfg = Debug|Any CPU
		{3AFECF8C-0748-4366-970C-4744D4FBA75B}.Debug|Windows Phone 8.Build.0 = Debug|Any CPU
		{3AFECF8C-0748-4366-970C-4744D4FBA75B}.Debug|Windows-AnyCPU.ActiveCfg = Debug|Any CPU
		{3AFECF8C-0748-4366-970C-4744D4FBA75B}.Debug|Windows-AnyCPU.Build.0 = Debug|Any CPU
		{3AFECF8C-0748-4366-970C-4744D4FBA75B}.Debug|Windows-ARM.ActiveCfg = Debug|Any CPU
		{3AFECF8C-0748-4366-970C-4744D4FBA75B}.Debug|Windows-ARM.Build.0 = Debug|Any CPU
		{3AFECF8C-0748-4366-970C-4744D4FBA75B}.Debug|Windows-x64.ActiveCfg = Debug|Any CPU
		{3AFECF8C-0748-4366-970C-4744D4FBA75B}.Debug|Windows-x64.Build.0 = Debug|Any CPU
		{3AFECF8C-0748-4366-970C-4744D4FBA75B}.Debug|Windows-x86.ActiveCfg = Debug|Any CPU
		{3AFECF8C-0748-4366-970C-4744D4FBA75B}.Debug|Windows-x86.Build.0 = Debug|Any CPU
		{3AFECF8C-0748-4366-970C-4744D4FBA75B}.Debug|x64.ActiveCfg = Debug|Any CPU
		{3AFECF8C-0748-4366-970C-4744D4FBA75B}.Debug|x64.Build.0 = Debug|Any CPU
		{3AFECF8C-0748-4366-970C-4744D4FBA75B}.Debug|x86.ActiveCfg = Debug|Any CPU
		{3AFECF8C-0748-4366-970C-4744D4FBA75B}.Debug|x86.Build.0 = Debug|Any CPU
		{3AFECF8C-0748-4366-970C-4744D4FBA75B}.Release|Android.ActiveCfg = Release|Any CPU
		{3AFECF8C-0748-4366-970C-4744D4FBA75B}.Release|Android.Build.0 = Release|Any CPU
		{3AFECF8C-0748-4366-970C-4744D4FBA75B}.Release|Any CPU.ActiveCfg = Release|Any CPU
		{3AFECF8C-0748-4366-970C-4744D4FBA75B}.Release|Any CPU.Build.0 = Release|Any CPU
		{3AFECF8C-0748-4366-970C-4744D4FBA75B}.Release|ARM.ActiveCfg = Release|Any CPU
		{3AFECF8C-0748-4366-970C-4744D4FBA75B}.Release|ARM.Build.0 = Release|Any CPU
		{3AFECF8C-0748-4366-970C-4744D4FBA75B}.Release|iOS.ActiveCfg = Release|Any CPU
		{3AFECF8C-0748-4366-970C-4744D4FBA75B}.Release|iOS.Build.0 = Release|Any CPU
		{3AFECF8C-0748-4366-970C-4744D4FBA75B}.Release|iPhone.ActiveCfg = Release|Any CPU
		{3AFECF8C-0748-4366-970C-4744D4FBA75B}.Release|iPhone.Build.0 = Release|Any CPU
		{3AFECF8C-0748-4366-970C-4744D4FBA75B}.Release|iPhoneSimulator.ActiveCfg = Release|Any CPU
		{3AFECF8C-0748-4366-970C-4744D4FBA75B}.Release|iPhoneSimulator.Build.0 = Release|Any CPU
		{3AFECF8C-0748-4366-970C-4744D4FBA75B}.Release|Windows Phone (Universal).ActiveCfg = Release|Any CPU
		{3AFECF8C-0748-4366-970C-4744D4FBA75B}.Release|Windows Phone (Universal).Build.0 = Release|Any CPU
		{3AFECF8C-0748-4366-970C-4744D4FBA75B}.Release|Windows Phone 8.ActiveCfg = Release|Any CPU
		{3AFECF8C-0748-4366-970C-4744D4FBA75B}.Release|Windows Phone 8.Build.0 = Release|Any CPU
		{3AFECF8C-0748-4366-970C-4744D4FBA75B}.Release|Windows-AnyCPU.ActiveCfg = Release|Any CPU
		{3AFECF8C-0748-4366-970C-4744D4FBA75B}.Release|Windows-AnyCPU.Build.0 = Release|Any CPU
		{3AFECF8C-0748-4366-970C-4744D4FBA75B}.Release|Windows-ARM.ActiveCfg = Release|Any CPU
		{3AFECF8C-0748-4366-970C-4744D4FBA75B}.Release|Windows-ARM.Build.0 = Release|Any CPU
		{3AFECF8C-0748-4366-970C-4744D4FBA75B}.Release|Windows-x64.ActiveCfg = Release|Any CPU
		{3AFECF8C-0748-4366-970C-4744D4FBA75B}.Release|Windows-x64.Build.0 = Release|Any CPU
		{3AFECF8C-0748-4366-970C-4744D4FBA75B}.Release|Windows-x86.ActiveCfg = Release|Any CPU
		{3AFECF8C-0748-4366-970C-4744D4FBA75B}.Release|Windows-x86.Build.0 = Release|Any CPU
		{3AFECF8C-0748-4366-970C-4744D4FBA75B}.Release|x64.ActiveCfg = Release|Any CPU
		{3AFECF8C-0748-4366-970C-4744D4FBA75B}.Release|x64.Build.0 = Release|Any CPU
		{3AFECF8C-0748-4366-970C-4744D4FBA75B}.Release|x86.ActiveCfg = Release|Any CPU
		{3AFECF8C-0748-4366-970C-4744D4FBA75B}.Release|x86.Build.0 = Release|Any CPU
		{404ED268-16EB-4850-AAD4-FD7B423C92A5}.Debug|Android.ActiveCfg = Debug|Any CPU
		{404ED268-16EB-4850-AAD4-FD7B423C92A5}.Debug|Android.Build.0 = Debug|Any CPU
		{404ED268-16EB-4850-AAD4-FD7B423C92A5}.Debug|Any CPU.ActiveCfg = Debug|Any CPU
		{404ED268-16EB-4850-AAD4-FD7B423C92A5}.Debug|Any CPU.Build.0 = Debug|Any CPU
		{404ED268-16EB-4850-AAD4-FD7B423C92A5}.Debug|ARM.ActiveCfg = Debug|Any CPU
		{404ED268-16EB-4850-AAD4-FD7B423C92A5}.Debug|ARM.Build.0 = Debug|Any CPU
		{404ED268-16EB-4850-AAD4-FD7B423C92A5}.Debug|iOS.ActiveCfg = Debug|Any CPU
		{404ED268-16EB-4850-AAD4-FD7B423C92A5}.Debug|iOS.Build.0 = Debug|Any CPU
		{404ED268-16EB-4850-AAD4-FD7B423C92A5}.Debug|iPhone.ActiveCfg = Debug|Any CPU
		{404ED268-16EB-4850-AAD4-FD7B423C92A5}.Debug|iPhone.Build.0 = Debug|Any CPU
		{404ED268-16EB-4850-AAD4-FD7B423C92A5}.Debug|iPhoneSimulator.ActiveCfg = Debug|Any CPU
		{404ED268-16EB-4850-AAD4-FD7B423C92A5}.Debug|iPhoneSimulator.Build.0 = Debug|Any CPU
		{404ED268-16EB-4850-AAD4-FD7B423C92A5}.Debug|Windows Phone (Universal).ActiveCfg = Debug|Any CPU
		{404ED268-16EB-4850-AAD4-FD7B423C92A5}.Debug|Windows Phone (Universal).Build.0 = Debug|Any CPU
		{404ED268-16EB-4850-AAD4-FD7B423C92A5}.Debug|Windows Phone 8.ActiveCfg = Debug|Any CPU
		{404ED268-16EB-4850-AAD4-FD7B423C92A5}.Debug|Windows Phone 8.Build.0 = Debug|Any CPU
		{404ED268-16EB-4850-AAD4-FD7B423C92A5}.Debug|Windows-AnyCPU.ActiveCfg = Debug|Any CPU
		{404ED268-16EB-4850-AAD4-FD7B423C92A5}.Debug|Windows-AnyCPU.Build.0 = Debug|Any CPU
		{404ED268-16EB-4850-AAD4-FD7B423C92A5}.Debug|Windows-ARM.ActiveCfg = Debug|Any CPU
		{404ED268-16EB-4850-AAD4-FD7B423C92A5}.Debug|Windows-ARM.Build.0 = Debug|Any CPU
		{404ED268-16EB-4850-AAD4-FD7B423C92A5}.Debug|Windows-x64.ActiveCfg = Debug|Any CPU
		{404ED268-16EB-4850-AAD4-FD7B423C92A5}.Debug|Windows-x64.Build.0 = Debug|Any CPU
		{404ED268-16EB-4850-AAD4-FD7B423C92A5}.Debug|Windows-x86.ActiveCfg = Debug|Any CPU
		{404ED268-16EB-4850-AAD4-FD7B423C92A5}.Debug|Windows-x86.Build.0 = Debug|Any CPU
		{404ED268-16EB-4850-AAD4-FD7B423C92A5}.Debug|x64.ActiveCfg = Debug|Any CPU
		{404ED268-16EB-4850-AAD4-FD7B423C92A5}.Debug|x64.Build.0 = Debug|Any CPU
		{404ED268-16EB-4850-AAD4-FD7B423C92A5}.Debug|x86.ActiveCfg = Debug|Any CPU
		{404ED268-16EB-4850-AAD4-FD7B423C92A5}.Debug|x86.Build.0 = Debug|Any CPU
		{404ED268-16EB-4850-AAD4-FD7B423C92A5}.Release|Android.ActiveCfg = Release|Any CPU
		{404ED268-16EB-4850-AAD4-FD7B423C92A5}.Release|Android.Build.0 = Release|Any CPU
		{404ED268-16EB-4850-AAD4-FD7B423C92A5}.Release|Any CPU.ActiveCfg = Release|Any CPU
		{404ED268-16EB-4850-AAD4-FD7B423C92A5}.Release|Any CPU.Build.0 = Release|Any CPU
		{404ED268-16EB-4850-AAD4-FD7B423C92A5}.Release|ARM.ActiveCfg = Release|Any CPU
		{404ED268-16EB-4850-AAD4-FD7B423C92A5}.Release|ARM.Build.0 = Release|Any CPU
		{404ED268-16EB-4850-AAD4-FD7B423C92A5}.Release|iOS.ActiveCfg = Release|Any CPU
		{404ED268-16EB-4850-AAD4-FD7B423C92A5}.Release|iOS.Build.0 = Release|Any CPU
		{404ED268-16EB-4850-AAD4-FD7B423C92A5}.Release|iPhone.ActiveCfg = Release|Any CPU
		{404ED268-16EB-4850-AAD4-FD7B423C92A5}.Release|iPhone.Build.0 = Release|Any CPU
		{404ED268-16EB-4850-AAD4-FD7B423C92A5}.Release|iPhoneSimulator.ActiveCfg = Release|Any CPU
		{404ED268-16EB-4850-AAD4-FD7B423C92A5}.Release|iPhoneSimulator.Build.0 = Release|Any CPU
		{404ED268-16EB-4850-AAD4-FD7B423C92A5}.Release|Windows Phone (Universal).ActiveCfg = Release|Any CPU
		{404ED268-16EB-4850-AAD4-FD7B423C92A5}.Release|Windows Phone (Universal).Build.0 = Release|Any CPU
		{404ED268-16EB-4850-AAD4-FD7B423C92A5}.Release|Windows Phone 8.ActiveCfg = Release|Any CPU
		{404ED268-16EB-4850-AAD4-FD7B423C92A5}.Release|Windows Phone 8.Build.0 = Release|Any CPU
		{404ED268-16EB-4850-AAD4-FD7B423C92A5}.Release|Windows-AnyCPU.ActiveCfg = Release|Any CPU
		{404ED268-16EB-4850-AAD4-FD7B423C92A5}.Release|Windows-AnyCPU.Build.0 = Release|Any CPU
		{404ED268-16EB-4850-AAD4-FD7B423C92A5}.Release|Windows-ARM.ActiveCfg = Release|Any CPU
		{404ED268-16EB-4850-AAD4-FD7B423C92A5}.Release|Windows-ARM.Build.0 = Release|Any CPU
		{404ED268-16EB-4850-AAD4-FD7B423C92A5}.Release|Windows-x64.ActiveCfg = Release|Any CPU
		{404ED268-16EB-4850-AAD4-FD7B423C92A5}.Release|Windows-x64.Build.0 = Release|Any CPU
		{404ED268-16EB-4850-AAD4-FD7B423C92A5}.Release|Windows-x86.ActiveCfg = Release|Any CPU
		{404ED268-16EB-4850-AAD4-FD7B423C92A5}.Release|Windows-x86.Build.0 = Release|Any CPU
		{404ED268-16EB-4850-AAD4-FD7B423C92A5}.Release|x64.ActiveCfg = Release|Any CPU
		{404ED268-16EB-4850-AAD4-FD7B423C92A5}.Release|x64.Build.0 = Release|Any CPU
		{404ED268-16EB-4850-AAD4-FD7B423C92A5}.Release|x86.ActiveCfg = Release|Any CPU
		{404ED268-16EB-4850-AAD4-FD7B423C92A5}.Release|x86.Build.0 = Release|Any CPU
		{724BE592-C519-4490-9057-F62F3B2FEE2C}.Debug|Android.ActiveCfg = Debug|Any CPU
		{724BE592-C519-4490-9057-F62F3B2FEE2C}.Debug|Android.Build.0 = Debug|Any CPU
		{724BE592-C519-4490-9057-F62F3B2FEE2C}.Debug|Any CPU.ActiveCfg = Debug|Any CPU
		{724BE592-C519-4490-9057-F62F3B2FEE2C}.Debug|Any CPU.Build.0 = Debug|Any CPU
		{724BE592-C519-4490-9057-F62F3B2FEE2C}.Debug|ARM.ActiveCfg = Debug|Any CPU
		{724BE592-C519-4490-9057-F62F3B2FEE2C}.Debug|ARM.Build.0 = Debug|Any CPU
		{724BE592-C519-4490-9057-F62F3B2FEE2C}.Debug|iOS.ActiveCfg = Debug|Any CPU
		{724BE592-C519-4490-9057-F62F3B2FEE2C}.Debug|iOS.Build.0 = Debug|Any CPU
		{724BE592-C519-4490-9057-F62F3B2FEE2C}.Debug|iPhone.ActiveCfg = Debug|Any CPU
		{724BE592-C519-4490-9057-F62F3B2FEE2C}.Debug|iPhone.Build.0 = Debug|Any CPU
		{724BE592-C519-4490-9057-F62F3B2FEE2C}.Debug|iPhoneSimulator.ActiveCfg = Debug|Any CPU
		{724BE592-C519-4490-9057-F62F3B2FEE2C}.Debug|iPhoneSimulator.Build.0 = Debug|Any CPU
		{724BE592-C519-4490-9057-F62F3B2FEE2C}.Debug|Windows Phone (Universal).ActiveCfg = Debug|Any CPU
		{724BE592-C519-4490-9057-F62F3B2FEE2C}.Debug|Windows Phone (Universal).Build.0 = Debug|Any CPU
		{724BE592-C519-4490-9057-F62F3B2FEE2C}.Debug|Windows Phone 8.ActiveCfg = Debug|Any CPU
		{724BE592-C519-4490-9057-F62F3B2FEE2C}.Debug|Windows Phone 8.Build.0 = Debug|Any CPU
		{724BE592-C519-4490-9057-F62F3B2FEE2C}.Debug|Windows-AnyCPU.ActiveCfg = Debug|Any CPU
		{724BE592-C519-4490-9057-F62F3B2FEE2C}.Debug|Windows-AnyCPU.Build.0 = Debug|Any CPU
		{724BE592-C519-4490-9057-F62F3B2FEE2C}.Debug|Windows-ARM.ActiveCfg = Debug|Any CPU
		{724BE592-C519-4490-9057-F62F3B2FEE2C}.Debug|Windows-ARM.Build.0 = Debug|Any CPU
		{724BE592-C519-4490-9057-F62F3B2FEE2C}.Debug|Windows-x64.ActiveCfg = Debug|Any CPU
		{724BE592-C519-4490-9057-F62F3B2FEE2C}.Debug|Windows-x64.Build.0 = Debug|Any CPU
		{724BE592-C519-4490-9057-F62F3B2FEE2C}.Debug|Windows-x86.ActiveCfg = Debug|Any CPU
		{724BE592-C519-4490-9057-F62F3B2FEE2C}.Debug|Windows-x86.Build.0 = Debug|Any CPU
		{724BE592-C519-4490-9057-F62F3B2FEE2C}.Debug|x64.ActiveCfg = Debug|Any CPU
		{724BE592-C519-4490-9057-F62F3B2FEE2C}.Debug|x64.Build.0 = Debug|Any CPU
		{724BE592-C519-4490-9057-F62F3B2FEE2C}.Debug|x86.ActiveCfg = Debug|Any CPU
		{724BE592-C519-4490-9057-F62F3B2FEE2C}.Debug|x86.Build.0 = Debug|Any CPU
		{724BE592-C519-4490-9057-F62F3B2FEE2C}.Release|Android.ActiveCfg = Release|Any CPU
		{724BE592-C519-4490-9057-F62F3B2FEE2C}.Release|Android.Build.0 = Release|Any CPU
		{724BE592-C519-4490-9057-F62F3B2FEE2C}.Release|Any CPU.ActiveCfg = Release|Any CPU
		{724BE592-C519-4490-9057-F62F3B2FEE2C}.Release|Any CPU.Build.0 = Release|Any CPU
		{724BE592-C519-4490-9057-F62F3B2FEE2C}.Release|ARM.ActiveCfg = Release|Any CPU
		{724BE592-C519-4490-9057-F62F3B2FEE2C}.Release|ARM.Build.0 = Release|Any CPU
		{724BE592-C519-4490-9057-F62F3B2FEE2C}.Release|iOS.ActiveCfg = Release|Any CPU
		{724BE592-C519-4490-9057-F62F3B2FEE2C}.Release|iOS.Build.0 = Release|Any CPU
		{724BE592-C519-4490-9057-F62F3B2FEE2C}.Release|iPhone.ActiveCfg = Release|Any CPU
		{724BE592-C519-4490-9057-F62F3B2FEE2C}.Release|iPhone.Build.0 = Release|Any CPU
		{724BE592-C519-4490-9057-F62F3B2FEE2C}.Release|iPhoneSimulator.ActiveCfg = Release|Any CPU
		{724BE592-C519-4490-9057-F62F3B2FEE2C}.Release|iPhoneSimulator.Build.0 = Release|Any CPU
		{724BE592-C519-4490-9057-F62F3B2FEE2C}.Release|Windows Phone (Universal).ActiveCfg = Release|Any CPU
		{724BE592-C519-4490-9057-F62F3B2FEE2C}.Release|Windows Phone (Universal).Build.0 = Release|Any CPU
		{724BE592-C519-4490-9057-F62F3B2FEE2C}.Release|Windows Phone 8.ActiveCfg = Release|Any CPU
		{724BE592-C519-4490-9057-F62F3B2FEE2C}.Release|Windows Phone 8.Build.0 = Release|Any CPU
		{724BE592-C519-4490-9057-F62F3B2FEE2C}.Release|Windows-AnyCPU.ActiveCfg = Release|Any CPU
		{724BE592-C519-4490-9057-F62F3B2FEE2C}.Release|Windows-AnyCPU.Build.0 = Release|Any CPU
		{724BE592-C519-4490-9057-F62F3B2FEE2C}.Release|Windows-ARM.ActiveCfg = Release|Any CPU
		{724BE592-C519-4490-9057-F62F3B2FEE2C}.Release|Windows-ARM.Build.0 = Release|Any CPU
		{724BE592-C519-4490-9057-F62F3B2FEE2C}.Release|Windows-x64.ActiveCfg = Release|Any CPU
		{724BE592-C519-4490-9057-F62F3B2FEE2C}.Release|Windows-x64.Build.0 = Release|Any CPU
		{724BE592-C519-4490-9057-F62F3B2FEE2C}.Release|Windows-x86.ActiveCfg = Release|Any CPU
		{724BE592-C519-4490-9057-F62F3B2FEE2C}.Release|Windows-x86.Build.0 = Release|Any CPU
		{724BE592-C519-4490-9057-F62F3B2FEE2C}.Release|x64.ActiveCfg = Release|Any CPU
		{724BE592-C519-4490-9057-F62F3B2FEE2C}.Release|x64.Build.0 = Release|Any CPU
		{724BE592-C519-4490-9057-F62F3B2FEE2C}.Release|x86.ActiveCfg = Release|Any CPU
		{724BE592-C519-4490-9057-F62F3B2FEE2C}.Release|x86.Build.0 = Release|Any CPU
	EndGlobalSection
	GlobalSection(SolutionProperties) = preSolution
		HideSolutionNode = FALSE
	EndGlobalSection
	GlobalSection(NestedProjects) = preSolution
		{3D15E8EB-42FE-4756-93E1-506C28E48612} = {EFD403BC-3B71-4562-8B55-6B625390D876}
		{DD0D5056-9B34-428C-90FD-1F741C76BEC1} = {253019A0-C549-4F24-A7A4-E5E0FA4E4591}
		{6B9CE116-871B-4294-AA8E-64DE316AA79A} = {253019A0-C549-4F24-A7A4-E5E0FA4E4591}
		{0FA9B741-3F82-4965-92C7-9E0895E80E5A} = {EFD403BC-3B71-4562-8B55-6B625390D876}
		{224CA07E-7F93-491D-BE54-B322EC17B7FB} = {253019A0-C549-4F24-A7A4-E5E0FA4E4591}
		{BD81F7EF-94B3-49B4-B3F9-A57EB536775A} = {253019A0-C549-4F24-A7A4-E5E0FA4E4591}
		{80476515-7FE9-4F30-AF5E-C993B0F73D3D} = {253019A0-C549-4F24-A7A4-E5E0FA4E4591}
		{40B6FF30-B236-4390-BAD3-82F17846BE89} = {EFD403BC-3B71-4562-8B55-6B625390D876}
		{5B1F2198-57E1-4B37-876D-A112380D2BC5} = {EFD403BC-3B71-4562-8B55-6B625390D876}
		{5DFF3ADD-731F-40B7-A17E-187CE4662ECC} = {EFD403BC-3B71-4562-8B55-6B625390D876}
		{A0BEB8BC-1538-409C-B32A-F00EBF904010} = {89EB8E91-D87B-4EB1-9029-21DF9180D70F}
		{981AFA95-9858-442C-AB82-A1800969300C} = {89EB8E91-D87B-4EB1-9029-21DF9180D70F}
		{3AFECF8C-0748-4366-970C-4744D4FBA75B} = {89EB8E91-D87B-4EB1-9029-21DF9180D70F}
		{404ED268-16EB-4850-AAD4-FD7B423C92A5} = {89EB8E91-D87B-4EB1-9029-21DF9180D70F}
		{724BE592-C519-4490-9057-F62F3B2FEE2C} = {253019A0-C549-4F24-A7A4-E5E0FA4E4591}
	EndGlobalSection
	GlobalSection(ExtensibilityGlobals) = postSolution
		SolutionGuid = {EB71B386-CC52-4BA4-925E-4CE02688A29F}
	EndGlobalSection
	GlobalSection(MonoDevelopProperties) = preSolution
		Policies = $0
		$0.DotNetNamingPolicy = $1
	EndGlobalSection
EndGlobal
