
Microsoft Visual Studio Solution File, Format Version 12.00
# Visual Studio 15
VisualStudioVersion = 15.0.27130.2020
MinimumVisualStudioVersion = 10.0.40219.1
Project("{2150E333-8FDC-42A3-9474-1A3956D46DE8}") = "Storages", "Storages", "{253019A0-C549-4F24-A7A4-E5E0FA4E4591}"
EndProject
Project("{2150E333-8FDC-42A3-9474-1A3956D46DE8}") = "Tests", "Tests", "{EFD403BC-3B71-4562-8B55-6B625390D876}"
EndProject
Project("{2150E333-8FDC-42A3-9474-1A3956D46DE8}") = "Examples", "Examples", "{89EB8E91-D87B-4EB1-9029-21DF9180D70F}"
EndProject
Project("{FAE04EC0-301F-11D3-BF4B-00C04F79EFBC}") = "Virgil.SDK.Std", "Virgil.SDK.Std\Virgil.SDK.Std.csproj", "{04693C4C-0941-47FD-B2FD-B46BFCC08EB7}"
EndProject
Project("{D954291E-2A0B-460D-934E-DC6B0785DB48}") = "Virgil.SDK.Shared", "Virgil.SDK.Shared\Virgil.SDK.Shared.shproj", "{6E4FE86F-7862-4FD9-B2E3-B73AE0957EB6}"
EndProject
Project("{D954291E-2A0B-460D-934E-DC6B0785DB48}") = "Virgil.SDK.Storage.Tests", "Tests\Virgil.SDK.Storage.Tests\Virgil.SDK.Storage.Tests.shproj", "{A0979AB2-F41B-426B-BFDF-FC78325BED0D}"
EndProject
Project("{D954291E-2A0B-460D-934E-DC6B0785DB48}") = "Virgil.SDK.Tests.Shared", "Tests\Virgil.SDK.Tests.Shared\Virgil.SDK.Tests.Shared.shproj", "{3D15E8EB-42FE-4756-93E1-506C28E48612}"
EndProject
Project("{D954291E-2A0B-460D-934E-DC6B0785DB48}") = "Virgil.SDK.Storage.Shared", "Storages\Virgil.SDK.Storage.Shared\Virgil.SDK.Storage.Shared.shproj", "{DD0D5056-9B34-428C-90FD-1F741C76BEC1}"
EndProject
Project("{FAE04EC0-301F-11D3-BF4B-00C04F79EFBC}") = "Virgil.SDK.Tests", "Tests\Virgil.SDK.Tests\Virgil.SDK.Tests.csproj", "{5718132F-B918-41C8-9FDC-589DF0DFB7A6}"
EndProject
Project("{FAE04EC0-301F-11D3-BF4B-00C04F79EFBC}") = "Virgil.SDK.Tests.Mac", "Tests\Virgil.SDK.Tests.Mac\Virgil.SDK.Tests.Mac.csproj", "{60A84342-2A2B-4E5E-B517-553B5131420E}"
EndProject
Project("{FAE04EC0-301F-11D3-BF4B-00C04F79EFBC}") = "SecureStorage.Win", "Storages\SecureStorage.Win\SecureStorage.Win.csproj", "{724BE592-C519-4490-9057-F62F3B2FEE2C}"
EndProject
Project("{FAE04EC0-301F-11D3-BF4B-00C04F79EFBC}") = "SecureStorage.OSX", "Storages\SecureStorage.OSX\SecureStorage.OSX.csproj", "{51CA4B8E-2BCB-4021-AB39-F72F46DB3A53}"
EndProject
Project("{FAE04EC0-301F-11D3-BF4B-00C04F79EFBC}") = "Examples.NetCore", "Examples\Examples.NetCore\Examples.NetCore.csproj", "{BAB44A7A-CAF6-4B7A-9A42-E0334D1F8622}"
EndProject
Project("{FAE04EC0-301F-11D3-BF4B-00C04F79EFBC}") = "SecureStorage.Mac", "Storages\SecureStorage.Mac\SecureStorage.Mac.csproj", "{4BF0540C-8EC1-4927-96CB-9B54B88E7AF0}"
EndProject
Project("{FAE04EC0-301F-11D3-BF4B-00C04F79EFBC}") = "SecureStorage.iOS", "Storages\SecureStorage.iOS\SecureStorage.iOS.csproj", "{DB5F3E5D-83FD-48BC-8842-95AA70A27928}"
EndProject
Project("{9344BDBB-3E7F-41FC-A0DD-8665D75EE146}") = "SecureStorage.Droid", "Storages\SecureStorage.Droid\SecureStorage.Droid.csproj", "{E9E7BB81-6CAA-4072-A984-E43C36A086F8}"
EndProject
Project("{9344BDBB-3E7F-41FC-A0DD-8665D75EE146}") = "Virgil.SDK.Tests.Droid", "Tests\Virgil.SDK.Tests.Droid\Virgil.SDK.Tests.Droid.csproj", "{8F62DD0D-9269-4F18-91C5-0A886DA65081}"
EndProject
Project("{9344BDBB-3E7F-41FC-A0DD-8665D75EE146}") = "Virgil.SDK.Tests.iOS", "Tests\Virgil.SDK.Tests.iOS\Virgil.SDK.Tests.iOS.csproj", "{39C8594F-9CEC-4E1B-B37A-866466ED60CD}"
EndProject
Project("{9344BDBB-3E7F-41FC-A0DD-8665D75EE146}") = "Examples.Mac", "Examples\Examples.Mac\Examples.Mac.csproj", "{5B104AE5-4D18-4B09-AD0F-FC976BDE55FB}"
EndProject
Global
	GlobalSection(SharedMSBuildProjectFiles) = preSolution
		Virgil.SDK.Shared\Virgil.SDK.Shared.projitems*{095de394-7344-4487-bf42-386b85c730eb}*SharedItemsImports = 4
		Virgil.SDK.Tests.Shared\Virgil.SDK.Tests.Shared.projitems*{095de394-7344-4487-bf42-386b85c730eb}*SharedItemsImports = 4
		Virgil.SDK.Tests.Shared\Virgil.SDK.Tests.Shared.projitems*{3d15e8eb-42fe-4756-93e1-506c28e48612}*SharedItemsImports = 13
		Virgil.SDK.Storage.Tests\Virgil.SDK.Storage.Tests.projitems*{5718132f-b918-41c8-9fdc-589df0dfb7a6}*SharedItemsImports = 4
		Virgil.SDK.Tests.Shared\Virgil.SDK.Tests.Shared.projitems*{5718132f-b918-41c8-9fdc-589df0dfb7a6}*SharedItemsImports = 4
		Virgil.SDK.Shared\Virgil.SDK.Shared.projitems*{6e4fe86f-7862-4fd9-b2e3-b73ae0957eb6}*SharedItemsImports = 13
		Virgil.SDK.Storage.Shared\Virgil.SDK.Storage.Shared.projitems*{724be592-c519-4490-9057-f62f3b2fee2c}*SharedItemsImports = 4
		Virgil.SDK.Storage.Tests\Virgil.SDK.Storage.Tests.projitems*{a0979ab2-f41b-426b-bfdf-fc78325bed0d}*SharedItemsImports = 13
		Virgil.SDK.Storage.Shared\Virgil.SDK.Storage.Shared.projitems*{dd0d5056-9b34-428c-90fd-1f741c76bec1}*SharedItemsImports = 13
	EndGlobalSection
	GlobalSection(SolutionConfigurationPlatforms) = preSolution
		Debug|Android = Debug|Android
		Debug|Any CPU = Debug|Any CPU
		Debug|ARM = Debug|ARM
		Debug|iOS = Debug|iOS
		Debug|iPhone = Debug|iPhone
		Debug|iPhoneSimulator = Debug|iPhoneSimulator
		Debug|Windows Phone (Universal) = Debug|Windows Phone (Universal)
		Debug|Windows Phone 8 = Debug|Windows Phone 8
		Debug|Windows-AnyCPU = Debug|Windows-AnyCPU
		Debug|Windows-ARM = Debug|Windows-ARM
		Debug|Windows-x64 = Debug|Windows-x64
		Debug|Windows-x86 = Debug|Windows-x86
		Debug|x64 = Debug|x64
		Debug|x86 = Debug|x86
		Release|Android = Release|Android
		Release|Any CPU = Release|Any CPU
		Release|ARM = Release|ARM
		Release|iOS = Release|iOS
		Release|iPhone = Release|iPhone
		Release|iPhoneSimulator = Release|iPhoneSimulator
		Release|Windows Phone (Universal) = Release|Windows Phone (Universal)
		Release|Windows Phone 8 = Release|Windows Phone 8
		Release|Windows-AnyCPU = Release|Windows-AnyCPU
		Release|Windows-ARM = Release|Windows-ARM
		Release|Windows-x64 = Release|Windows-x64
		Release|Windows-x86 = Release|Windows-x86
		Release|x64 = Release|x64
		Release|x86 = Release|x86
	EndGlobalSection
	GlobalSection(ProjectConfigurationPlatforms) = postSolution
		{04693C4C-0941-47FD-B2FD-B46BFCC08EB7}.Debug|Android.ActiveCfg = Debug|Any CPU
		{04693C4C-0941-47FD-B2FD-B46BFCC08EB7}.Debug|Any CPU.ActiveCfg = Debug|Any CPU
		{04693C4C-0941-47FD-B2FD-B46BFCC08EB7}.Debug|Any CPU.Build.0 = Debug|Any CPU
		{04693C4C-0941-47FD-B2FD-B46BFCC08EB7}.Debug|ARM.ActiveCfg = Debug|Any CPU
		{04693C4C-0941-47FD-B2FD-B46BFCC08EB7}.Debug|ARM.Build.0 = Debug|Any CPU
		{04693C4C-0941-47FD-B2FD-B46BFCC08EB7}.Debug|iOS.ActiveCfg = Debug|Any CPU
		{04693C4C-0941-47FD-B2FD-B46BFCC08EB7}.Debug|iOS.Build.0 = Debug|Any CPU
		{04693C4C-0941-47FD-B2FD-B46BFCC08EB7}.Debug|iPhone.ActiveCfg = Debug|Any CPU
		{04693C4C-0941-47FD-B2FD-B46BFCC08EB7}.Debug|iPhone.Build.0 = Debug|Any CPU
		{04693C4C-0941-47FD-B2FD-B46BFCC08EB7}.Debug|iPhoneSimulator.ActiveCfg = Debug|Any CPU
		{04693C4C-0941-47FD-B2FD-B46BFCC08EB7}.Debug|iPhoneSimulator.Build.0 = Debug|Any CPU
		{04693C4C-0941-47FD-B2FD-B46BFCC08EB7}.Debug|Windows Phone (Universal).ActiveCfg = Debug|Any CPU
		{04693C4C-0941-47FD-B2FD-B46BFCC08EB7}.Debug|Windows Phone (Universal).Build.0 = Debug|Any CPU
		{04693C4C-0941-47FD-B2FD-B46BFCC08EB7}.Debug|Windows Phone 8.ActiveCfg = Debug|Any CPU
		{04693C4C-0941-47FD-B2FD-B46BFCC08EB7}.Debug|Windows Phone 8.Build.0 = Debug|Any CPU
		{04693C4C-0941-47FD-B2FD-B46BFCC08EB7}.Debug|Windows-AnyCPU.ActiveCfg = Debug|Any CPU
		{04693C4C-0941-47FD-B2FD-B46BFCC08EB7}.Debug|Windows-AnyCPU.Build.0 = Debug|Any CPU
		{04693C4C-0941-47FD-B2FD-B46BFCC08EB7}.Debug|Windows-ARM.ActiveCfg = Debug|Any CPU
		{04693C4C-0941-47FD-B2FD-B46BFCC08EB7}.Debug|Windows-ARM.Build.0 = Debug|Any CPU
		{04693C4C-0941-47FD-B2FD-B46BFCC08EB7}.Debug|Windows-x64.ActiveCfg = Debug|Any CPU
		{04693C4C-0941-47FD-B2FD-B46BFCC08EB7}.Debug|Windows-x64.Build.0 = Debug|Any CPU
		{04693C4C-0941-47FD-B2FD-B46BFCC08EB7}.Debug|Windows-x86.ActiveCfg = Debug|Any CPU
		{04693C4C-0941-47FD-B2FD-B46BFCC08EB7}.Debug|Windows-x86.Build.0 = Debug|Any CPU
		{04693C4C-0941-47FD-B2FD-B46BFCC08EB7}.Debug|x64.ActiveCfg = Debug|Any CPU
		{04693C4C-0941-47FD-B2FD-B46BFCC08EB7}.Debug|x86.ActiveCfg = Debug|Any CPU
		{04693C4C-0941-47FD-B2FD-B46BFCC08EB7}.Debug|x86.Build.0 = Debug|Any CPU
		{04693C4C-0941-47FD-B2FD-B46BFCC08EB7}.Release|Android.ActiveCfg = Release|Any CPU
		{04693C4C-0941-47FD-B2FD-B46BFCC08EB7}.Release|Any CPU.ActiveCfg = Release|Any CPU
		{04693C4C-0941-47FD-B2FD-B46BFCC08EB7}.Release|Any CPU.Build.0 = Release|Any CPU
		{04693C4C-0941-47FD-B2FD-B46BFCC08EB7}.Release|ARM.ActiveCfg = Release|Any CPU
		{04693C4C-0941-47FD-B2FD-B46BFCC08EB7}.Release|ARM.Build.0 = Release|Any CPU
		{04693C4C-0941-47FD-B2FD-B46BFCC08EB7}.Release|iOS.ActiveCfg = Release|Any CPU
		{04693C4C-0941-47FD-B2FD-B46BFCC08EB7}.Release|iOS.Build.0 = Release|Any CPU
		{04693C4C-0941-47FD-B2FD-B46BFCC08EB7}.Release|iPhone.ActiveCfg = Release|Any CPU
		{04693C4C-0941-47FD-B2FD-B46BFCC08EB7}.Release|iPhoneSimulator.ActiveCfg = Release|Any CPU
		{04693C4C-0941-47FD-B2FD-B46BFCC08EB7}.Release|iPhoneSimulator.Build.0 = Release|Any CPU
		{04693C4C-0941-47FD-B2FD-B46BFCC08EB7}.Release|Windows Phone (Universal).ActiveCfg = Release|Any CPU
		{04693C4C-0941-47FD-B2FD-B46BFCC08EB7}.Release|Windows Phone (Universal).Build.0 = Release|Any CPU
		{04693C4C-0941-47FD-B2FD-B46BFCC08EB7}.Release|Windows Phone 8.ActiveCfg = Release|Any CPU
		{04693C4C-0941-47FD-B2FD-B46BFCC08EB7}.Release|Windows Phone 8.Build.0 = Release|Any CPU
		{04693C4C-0941-47FD-B2FD-B46BFCC08EB7}.Release|Windows-AnyCPU.ActiveCfg = Release|Any CPU
		{04693C4C-0941-47FD-B2FD-B46BFCC08EB7}.Release|Windows-AnyCPU.Build.0 = Release|Any CPU
		{04693C4C-0941-47FD-B2FD-B46BFCC08EB7}.Release|Windows-ARM.ActiveCfg = Release|Any CPU
		{04693C4C-0941-47FD-B2FD-B46BFCC08EB7}.Release|Windows-ARM.Build.0 = Release|Any CPU
		{04693C4C-0941-47FD-B2FD-B46BFCC08EB7}.Release|Windows-x64.ActiveCfg = Release|Any CPU
		{04693C4C-0941-47FD-B2FD-B46BFCC08EB7}.Release|Windows-x64.Build.0 = Release|Any CPU
		{04693C4C-0941-47FD-B2FD-B46BFCC08EB7}.Release|Windows-x86.ActiveCfg = Release|Any CPU
		{04693C4C-0941-47FD-B2FD-B46BFCC08EB7}.Release|Windows-x86.Build.0 = Release|Any CPU
		{04693C4C-0941-47FD-B2FD-B46BFCC08EB7}.Release|x64.ActiveCfg = Release|Any CPU
		{04693C4C-0941-47FD-B2FD-B46BFCC08EB7}.Release|x64.Build.0 = Release|Any CPU
		{04693C4C-0941-47FD-B2FD-B46BFCC08EB7}.Release|x86.ActiveCfg = Release|Any CPU
		{04693C4C-0941-47FD-B2FD-B46BFCC08EB7}.Release|x86.Build.0 = Release|Any CPU
		{5718132F-B918-41C8-9FDC-589DF0DFB7A6}.Debug|Android.ActiveCfg = Debug|Any CPU
		{5718132F-B918-41C8-9FDC-589DF0DFB7A6}.Debug|Any CPU.ActiveCfg = Debug|Any CPU
		{5718132F-B918-41C8-9FDC-589DF0DFB7A6}.Debug|Any CPU.Build.0 = Debug|Any CPU
		{5718132F-B918-41C8-9FDC-589DF0DFB7A6}.Debug|ARM.ActiveCfg = Debug|Any CPU
		{5718132F-B918-41C8-9FDC-589DF0DFB7A6}.Debug|ARM.Build.0 = Debug|Any CPU
		{5718132F-B918-41C8-9FDC-589DF0DFB7A6}.Debug|iOS.ActiveCfg = Debug|Any CPU
		{5718132F-B918-41C8-9FDC-589DF0DFB7A6}.Debug|iOS.Build.0 = Debug|Any CPU
		{5718132F-B918-41C8-9FDC-589DF0DFB7A6}.Debug|iPhone.ActiveCfg = Debug|Any CPU
		{5718132F-B918-41C8-9FDC-589DF0DFB7A6}.Debug|iPhone.Build.0 = Debug|Any CPU
		{5718132F-B918-41C8-9FDC-589DF0DFB7A6}.Debug|iPhoneSimulator.ActiveCfg = Debug|Any CPU
		{5718132F-B918-41C8-9FDC-589DF0DFB7A6}.Debug|iPhoneSimulator.Build.0 = Debug|Any CPU
		{5718132F-B918-41C8-9FDC-589DF0DFB7A6}.Debug|Windows Phone (Universal).ActiveCfg = Debug|Any CPU
		{5718132F-B918-41C8-9FDC-589DF0DFB7A6}.Debug|Windows Phone (Universal).Build.0 = Debug|Any CPU
		{5718132F-B918-41C8-9FDC-589DF0DFB7A6}.Debug|Windows Phone 8.ActiveCfg = Debug|Any CPU
		{5718132F-B918-41C8-9FDC-589DF0DFB7A6}.Debug|Windows Phone 8.Build.0 = Debug|Any CPU
		{5718132F-B918-41C8-9FDC-589DF0DFB7A6}.Debug|Windows-AnyCPU.ActiveCfg = Debug|Any CPU
		{5718132F-B918-41C8-9FDC-589DF0DFB7A6}.Debug|Windows-AnyCPU.Build.0 = Debug|Any CPU
		{5718132F-B918-41C8-9FDC-589DF0DFB7A6}.Debug|Windows-ARM.ActiveCfg = Debug|Any CPU
		{5718132F-B918-41C8-9FDC-589DF0DFB7A6}.Debug|Windows-ARM.Build.0 = Debug|Any CPU
		{5718132F-B918-41C8-9FDC-589DF0DFB7A6}.Debug|Windows-x64.ActiveCfg = Debug|Any CPU
		{5718132F-B918-41C8-9FDC-589DF0DFB7A6}.Debug|Windows-x64.Build.0 = Debug|Any CPU
		{5718132F-B918-41C8-9FDC-589DF0DFB7A6}.Debug|Windows-x86.ActiveCfg = Debug|Any CPU
		{5718132F-B918-41C8-9FDC-589DF0DFB7A6}.Debug|Windows-x86.Build.0 = Debug|Any CPU
		{5718132F-B918-41C8-9FDC-589DF0DFB7A6}.Debug|x64.ActiveCfg = Debug|Any CPU
		{5718132F-B918-41C8-9FDC-589DF0DFB7A6}.Debug|x86.ActiveCfg = Debug|Any CPU
		{5718132F-B918-41C8-9FDC-589DF0DFB7A6}.Debug|x86.Build.0 = Debug|Any CPU
		{5718132F-B918-41C8-9FDC-589DF0DFB7A6}.Release|Android.ActiveCfg = Release|Any CPU
		{5718132F-B918-41C8-9FDC-589DF0DFB7A6}.Release|Android.Build.0 = Release|Any CPU
		{5718132F-B918-41C8-9FDC-589DF0DFB7A6}.Release|Any CPU.ActiveCfg = Release|Any CPU
		{5718132F-B918-41C8-9FDC-589DF0DFB7A6}.Release|Any CPU.Build.0 = Release|Any CPU
		{5718132F-B918-41C8-9FDC-589DF0DFB7A6}.Release|ARM.ActiveCfg = Release|Any CPU
		{5718132F-B918-41C8-9FDC-589DF0DFB7A6}.Release|ARM.Build.0 = Release|Any CPU
		{5718132F-B918-41C8-9FDC-589DF0DFB7A6}.Release|iOS.ActiveCfg = Release|Any CPU
		{5718132F-B918-41C8-9FDC-589DF0DFB7A6}.Release|iOS.Build.0 = Release|Any CPU
		{5718132F-B918-41C8-9FDC-589DF0DFB7A6}.Release|iPhone.ActiveCfg = Release|Any CPU
		{5718132F-B918-41C8-9FDC-589DF0DFB7A6}.Release|iPhone.Build.0 = Release|Any CPU
		{5718132F-B918-41C8-9FDC-589DF0DFB7A6}.Release|iPhoneSimulator.ActiveCfg = Release|Any CPU
		{5718132F-B918-41C8-9FDC-589DF0DFB7A6}.Release|iPhoneSimulator.Build.0 = Release|Any CPU
		{5718132F-B918-41C8-9FDC-589DF0DFB7A6}.Release|Windows Phone (Universal).ActiveCfg = Release|Any CPU
		{5718132F-B918-41C8-9FDC-589DF0DFB7A6}.Release|Windows Phone (Universal).Build.0 = Release|Any CPU
		{5718132F-B918-41C8-9FDC-589DF0DFB7A6}.Release|Windows Phone 8.ActiveCfg = Release|Any CPU
		{5718132F-B918-41C8-9FDC-589DF0DFB7A6}.Release|Windows Phone 8.Build.0 = Release|Any CPU
		{5718132F-B918-41C8-9FDC-589DF0DFB7A6}.Release|Windows-AnyCPU.ActiveCfg = Release|Any CPU
		{5718132F-B918-41C8-9FDC-589DF0DFB7A6}.Release|Windows-AnyCPU.Build.0 = Release|Any CPU
		{5718132F-B918-41C8-9FDC-589DF0DFB7A6}.Release|Windows-ARM.ActiveCfg = Release|Any CPU
		{5718132F-B918-41C8-9FDC-589DF0DFB7A6}.Release|Windows-ARM.Build.0 = Release|Any CPU
		{5718132F-B918-41C8-9FDC-589DF0DFB7A6}.Release|Windows-x64.ActiveCfg = Release|Any CPU
		{5718132F-B918-41C8-9FDC-589DF0DFB7A6}.Release|Windows-x64.Build.0 = Release|Any CPU
		{5718132F-B918-41C8-9FDC-589DF0DFB7A6}.Release|Windows-x86.ActiveCfg = Release|Any CPU
		{5718132F-B918-41C8-9FDC-589DF0DFB7A6}.Release|Windows-x86.Build.0 = Release|Any CPU
		{5718132F-B918-41C8-9FDC-589DF0DFB7A6}.Release|x64.ActiveCfg = Release|Any CPU
		{5718132F-B918-41C8-9FDC-589DF0DFB7A6}.Release|x64.Build.0 = Release|Any CPU
		{5718132F-B918-41C8-9FDC-589DF0DFB7A6}.Release|x86.ActiveCfg = Release|Any CPU
		{5718132F-B918-41C8-9FDC-589DF0DFB7A6}.Release|x86.Build.0 = Release|Any CPU
		{60A84342-2A2B-4E5E-B517-553B5131420E}.Debug|Android.ActiveCfg = Debug|Any CPU
		{60A84342-2A2B-4E5E-B517-553B5131420E}.Debug|Android.Build.0 = Debug|Any CPU
		{60A84342-2A2B-4E5E-B517-553B5131420E}.Debug|Any CPU.ActiveCfg = Debug|Any CPU
		{60A84342-2A2B-4E5E-B517-553B5131420E}.Debug|Any CPU.Build.0 = Debug|Any CPU
		{60A84342-2A2B-4E5E-B517-553B5131420E}.Debug|ARM.ActiveCfg = Debug|Any CPU
		{60A84342-2A2B-4E5E-B517-553B5131420E}.Debug|ARM.Build.0 = Debug|Any CPU
		{60A84342-2A2B-4E5E-B517-553B5131420E}.Debug|iOS.ActiveCfg = Debug|Any CPU
		{60A84342-2A2B-4E5E-B517-553B5131420E}.Debug|iOS.Build.0 = Debug|Any CPU
		{60A84342-2A2B-4E5E-B517-553B5131420E}.Debug|iPhone.ActiveCfg = Debug|Any CPU
		{60A84342-2A2B-4E5E-B517-553B5131420E}.Debug|iPhone.Build.0 = Debug|Any CPU
		{60A84342-2A2B-4E5E-B517-553B5131420E}.Debug|iPhoneSimulator.ActiveCfg = Debug|Any CPU
		{60A84342-2A2B-4E5E-B517-553B5131420E}.Debug|iPhoneSimulator.Build.0 = Debug|Any CPU
		{60A84342-2A2B-4E5E-B517-553B5131420E}.Debug|Windows Phone (Universal).ActiveCfg = Debug|Any CPU
		{60A84342-2A2B-4E5E-B517-553B5131420E}.Debug|Windows Phone (Universal).Build.0 = Debug|Any CPU
		{60A84342-2A2B-4E5E-B517-553B5131420E}.Debug|Windows Phone 8.ActiveCfg = Debug|Any CPU
		{60A84342-2A2B-4E5E-B517-553B5131420E}.Debug|Windows Phone 8.Build.0 = Debug|Any CPU
		{60A84342-2A2B-4E5E-B517-553B5131420E}.Debug|Windows-AnyCPU.ActiveCfg = Debug|Any CPU
		{60A84342-2A2B-4E5E-B517-553B5131420E}.Debug|Windows-AnyCPU.Build.0 = Debug|Any CPU
		{60A84342-2A2B-4E5E-B517-553B5131420E}.Debug|Windows-ARM.ActiveCfg = Debug|Any CPU
		{60A84342-2A2B-4E5E-B517-553B5131420E}.Debug|Windows-ARM.Build.0 = Debug|Any CPU
		{60A84342-2A2B-4E5E-B517-553B5131420E}.Debug|Windows-x64.ActiveCfg = Debug|Any CPU
		{60A84342-2A2B-4E5E-B517-553B5131420E}.Debug|Windows-x64.Build.0 = Debug|Any CPU
		{60A84342-2A2B-4E5E-B517-553B5131420E}.Debug|Windows-x86.ActiveCfg = Debug|Any CPU
		{60A84342-2A2B-4E5E-B517-553B5131420E}.Debug|Windows-x86.Build.0 = Debug|Any CPU
		{60A84342-2A2B-4E5E-B517-553B5131420E}.Debug|x64.ActiveCfg = Debug|Any CPU
		{60A84342-2A2B-4E5E-B517-553B5131420E}.Debug|x64.Build.0 = Debug|Any CPU
		{60A84342-2A2B-4E5E-B517-553B5131420E}.Debug|x86.ActiveCfg = Debug|Any CPU
		{60A84342-2A2B-4E5E-B517-553B5131420E}.Debug|x86.Build.0 = Debug|Any CPU
		{60A84342-2A2B-4E5E-B517-553B5131420E}.Release|Android.ActiveCfg = Release|Any CPU
		{60A84342-2A2B-4E5E-B517-553B5131420E}.Release|Android.Build.0 = Release|Any CPU
		{60A84342-2A2B-4E5E-B517-553B5131420E}.Release|Any CPU.ActiveCfg = Release|Any CPU
		{60A84342-2A2B-4E5E-B517-553B5131420E}.Release|Any CPU.Build.0 = Release|Any CPU
		{60A84342-2A2B-4E5E-B517-553B5131420E}.Release|ARM.ActiveCfg = Release|Any CPU
		{60A84342-2A2B-4E5E-B517-553B5131420E}.Release|ARM.Build.0 = Release|Any CPU
		{60A84342-2A2B-4E5E-B517-553B5131420E}.Release|iOS.ActiveCfg = Release|Any CPU
		{60A84342-2A2B-4E5E-B517-553B5131420E}.Release|iOS.Build.0 = Release|Any CPU
		{60A84342-2A2B-4E5E-B517-553B5131420E}.Release|iPhone.ActiveCfg = Release|Any CPU
		{60A84342-2A2B-4E5E-B517-553B5131420E}.Release|iPhone.Build.0 = Release|Any CPU
		{60A84342-2A2B-4E5E-B517-553B5131420E}.Release|iPhoneSimulator.ActiveCfg = Release|Any CPU
		{60A84342-2A2B-4E5E-B517-553B5131420E}.Release|iPhoneSimulator.Build.0 = Release|Any CPU
		{60A84342-2A2B-4E5E-B517-553B5131420E}.Release|Windows Phone (Universal).ActiveCfg = Release|Any CPU
		{60A84342-2A2B-4E5E-B517-553B5131420E}.Release|Windows Phone (Universal).Build.0 = Release|Any CPU
		{60A84342-2A2B-4E5E-B517-553B5131420E}.Release|Windows Phone 8.ActiveCfg = Release|Any CPU
		{60A84342-2A2B-4E5E-B517-553B5131420E}.Release|Windows Phone 8.Build.0 = Release|Any CPU
		{60A84342-2A2B-4E5E-B517-553B5131420E}.Release|Windows-AnyCPU.ActiveCfg = Release|Any CPU
		{60A84342-2A2B-4E5E-B517-553B5131420E}.Release|Windows-AnyCPU.Build.0 = Release|Any CPU
		{60A84342-2A2B-4E5E-B517-553B5131420E}.Release|Windows-ARM.ActiveCfg = Release|Any CPU
		{60A84342-2A2B-4E5E-B517-553B5131420E}.Release|Windows-ARM.Build.0 = Release|Any CPU
		{60A84342-2A2B-4E5E-B517-553B5131420E}.Release|Windows-x64.ActiveCfg = Release|Any CPU
		{60A84342-2A2B-4E5E-B517-553B5131420E}.Release|Windows-x64.Build.0 = Release|Any CPU
		{60A84342-2A2B-4E5E-B517-553B5131420E}.Release|Windows-x86.ActiveCfg = Release|Any CPU
		{60A84342-2A2B-4E5E-B517-553B5131420E}.Release|Windows-x86.Build.0 = Release|Any CPU
		{60A84342-2A2B-4E5E-B517-553B5131420E}.Release|x64.ActiveCfg = Release|Any CPU
		{60A84342-2A2B-4E5E-B517-553B5131420E}.Release|x64.Build.0 = Release|Any CPU
		{60A84342-2A2B-4E5E-B517-553B5131420E}.Release|x86.ActiveCfg = Release|Any CPU
		{60A84342-2A2B-4E5E-B517-553B5131420E}.Release|x86.Build.0 = Release|Any CPU
		{51CA4B8E-2BCB-4021-AB39-F72F46DB3A53}.Debug|Android.ActiveCfg = Debug|Any CPU
		{51CA4B8E-2BCB-4021-AB39-F72F46DB3A53}.Debug|Android.Build.0 = Debug|Any CPU
		{51CA4B8E-2BCB-4021-AB39-F72F46DB3A53}.Debug|Any CPU.ActiveCfg = Debug|Any CPU
		{51CA4B8E-2BCB-4021-AB39-F72F46DB3A53}.Debug|Any CPU.Build.0 = Debug|Any CPU
		{51CA4B8E-2BCB-4021-AB39-F72F46DB3A53}.Debug|ARM.ActiveCfg = Debug|Any CPU
		{51CA4B8E-2BCB-4021-AB39-F72F46DB3A53}.Debug|ARM.Build.0 = Debug|Any CPU
		{51CA4B8E-2BCB-4021-AB39-F72F46DB3A53}.Debug|iOS.ActiveCfg = Debug|Any CPU
		{51CA4B8E-2BCB-4021-AB39-F72F46DB3A53}.Debug|iOS.Build.0 = Debug|Any CPU
		{51CA4B8E-2BCB-4021-AB39-F72F46DB3A53}.Debug|iPhone.ActiveCfg = Debug|Any CPU
		{51CA4B8E-2BCB-4021-AB39-F72F46DB3A53}.Debug|iPhone.Build.0 = Debug|Any CPU
		{51CA4B8E-2BCB-4021-AB39-F72F46DB3A53}.Debug|iPhoneSimulator.ActiveCfg = Debug|Any CPU
		{51CA4B8E-2BCB-4021-AB39-F72F46DB3A53}.Debug|iPhoneSimulator.Build.0 = Debug|Any CPU
		{51CA4B8E-2BCB-4021-AB39-F72F46DB3A53}.Debug|Windows Phone (Universal).ActiveCfg = Debug|Any CPU
		{51CA4B8E-2BCB-4021-AB39-F72F46DB3A53}.Debug|Windows Phone (Universal).Build.0 = Debug|Any CPU
		{51CA4B8E-2BCB-4021-AB39-F72F46DB3A53}.Debug|Windows Phone 8.ActiveCfg = Debug|Any CPU
		{51CA4B8E-2BCB-4021-AB39-F72F46DB3A53}.Debug|Windows Phone 8.Build.0 = Debug|Any CPU
		{51CA4B8E-2BCB-4021-AB39-F72F46DB3A53}.Debug|Windows-AnyCPU.ActiveCfg = Debug|Any CPU
		{51CA4B8E-2BCB-4021-AB39-F72F46DB3A53}.Debug|Windows-AnyCPU.Build.0 = Debug|Any CPU
		{51CA4B8E-2BCB-4021-AB39-F72F46DB3A53}.Debug|Windows-ARM.ActiveCfg = Debug|Any CPU
		{51CA4B8E-2BCB-4021-AB39-F72F46DB3A53}.Debug|Windows-ARM.Build.0 = Debug|Any CPU
		{51CA4B8E-2BCB-4021-AB39-F72F46DB3A53}.Debug|Windows-x64.ActiveCfg = Debug|Any CPU
		{51CA4B8E-2BCB-4021-AB39-F72F46DB3A53}.Debug|Windows-x64.Build.0 = Debug|Any CPU
		{51CA4B8E-2BCB-4021-AB39-F72F46DB3A53}.Debug|Windows-x86.ActiveCfg = Debug|Any CPU
		{51CA4B8E-2BCB-4021-AB39-F72F46DB3A53}.Debug|Windows-x86.Build.0 = Debug|Any CPU
		{51CA4B8E-2BCB-4021-AB39-F72F46DB3A53}.Debug|x64.ActiveCfg = Debug|Any CPU
		{51CA4B8E-2BCB-4021-AB39-F72F46DB3A53}.Debug|x64.Build.0 = Debug|Any CPU
		{51CA4B8E-2BCB-4021-AB39-F72F46DB3A53}.Debug|x86.ActiveCfg = Debug|Any CPU
		{51CA4B8E-2BCB-4021-AB39-F72F46DB3A53}.Debug|x86.Build.0 = Debug|Any CPU
		{51CA4B8E-2BCB-4021-AB39-F72F46DB3A53}.Release|Android.ActiveCfg = Release|Any CPU
		{51CA4B8E-2BCB-4021-AB39-F72F46DB3A53}.Release|Android.Build.0 = Release|Any CPU
		{51CA4B8E-2BCB-4021-AB39-F72F46DB3A53}.Release|Any CPU.ActiveCfg = Release|Any CPU
		{51CA4B8E-2BCB-4021-AB39-F72F46DB3A53}.Release|Any CPU.Build.0 = Release|Any CPU
		{51CA4B8E-2BCB-4021-AB39-F72F46DB3A53}.Release|ARM.ActiveCfg = Release|Any CPU
		{51CA4B8E-2BCB-4021-AB39-F72F46DB3A53}.Release|ARM.Build.0 = Release|Any CPU
		{51CA4B8E-2BCB-4021-AB39-F72F46DB3A53}.Release|iOS.ActiveCfg = Release|Any CPU
		{51CA4B8E-2BCB-4021-AB39-F72F46DB3A53}.Release|iOS.Build.0 = Release|Any CPU
		{51CA4B8E-2BCB-4021-AB39-F72F46DB3A53}.Release|iPhone.ActiveCfg = Release|Any CPU
		{51CA4B8E-2BCB-4021-AB39-F72F46DB3A53}.Release|iPhone.Build.0 = Release|Any CPU
		{51CA4B8E-2BCB-4021-AB39-F72F46DB3A53}.Release|iPhoneSimulator.ActiveCfg = Release|Any CPU
		{51CA4B8E-2BCB-4021-AB39-F72F46DB3A53}.Release|iPhoneSimulator.Build.0 = Release|Any CPU
		{51CA4B8E-2BCB-4021-AB39-F72F46DB3A53}.Release|Windows Phone (Universal).ActiveCfg = Release|Any CPU
		{51CA4B8E-2BCB-4021-AB39-F72F46DB3A53}.Release|Windows Phone (Universal).Build.0 = Release|Any CPU
		{51CA4B8E-2BCB-4021-AB39-F72F46DB3A53}.Release|Windows Phone 8.ActiveCfg = Release|Any CPU
		{51CA4B8E-2BCB-4021-AB39-F72F46DB3A53}.Release|Windows Phone 8.Build.0 = Release|Any CPU
		{51CA4B8E-2BCB-4021-AB39-F72F46DB3A53}.Release|Windows-AnyCPU.ActiveCfg = Release|Any CPU
		{51CA4B8E-2BCB-4021-AB39-F72F46DB3A53}.Release|Windows-AnyCPU.Build.0 = Release|Any CPU
		{51CA4B8E-2BCB-4021-AB39-F72F46DB3A53}.Release|Windows-ARM.ActiveCfg = Release|Any CPU
		{51CA4B8E-2BCB-4021-AB39-F72F46DB3A53}.Release|Windows-ARM.Build.0 = Release|Any CPU
		{51CA4B8E-2BCB-4021-AB39-F72F46DB3A53}.Release|Windows-x64.ActiveCfg = Release|Any CPU
		{51CA4B8E-2BCB-4021-AB39-F72F46DB3A53}.Release|Windows-x64.Build.0 = Release|Any CPU
		{51CA4B8E-2BCB-4021-AB39-F72F46DB3A53}.Release|Windows-x86.ActiveCfg = Release|Any CPU
		{51CA4B8E-2BCB-4021-AB39-F72F46DB3A53}.Release|Windows-x86.Build.0 = Release|Any CPU
		{51CA4B8E-2BCB-4021-AB39-F72F46DB3A53}.Release|x64.ActiveCfg = Release|Any CPU
		{51CA4B8E-2BCB-4021-AB39-F72F46DB3A53}.Release|x64.Build.0 = Release|Any CPU
		{51CA4B8E-2BCB-4021-AB39-F72F46DB3A53}.Release|x86.ActiveCfg = Release|Any CPU
		{51CA4B8E-2BCB-4021-AB39-F72F46DB3A53}.Release|x86.Build.0 = Release|Any CPU
		{BAB44A7A-CAF6-4B7A-9A42-E0334D1F8622}.Debug|Android.ActiveCfg = Debug|Any CPU
		{BAB44A7A-CAF6-4B7A-9A42-E0334D1F8622}.Debug|Android.Build.0 = Debug|Any CPU
		{BAB44A7A-CAF6-4B7A-9A42-E0334D1F8622}.Debug|Any CPU.ActiveCfg = Debug|Any CPU
		{BAB44A7A-CAF6-4B7A-9A42-E0334D1F8622}.Debug|Any CPU.Build.0 = Debug|Any CPU
		{BAB44A7A-CAF6-4B7A-9A42-E0334D1F8622}.Debug|ARM.ActiveCfg = Debug|Any CPU
		{BAB44A7A-CAF6-4B7A-9A42-E0334D1F8622}.Debug|ARM.Build.0 = Debug|Any CPU
		{BAB44A7A-CAF6-4B7A-9A42-E0334D1F8622}.Debug|iOS.ActiveCfg = Debug|Any CPU
		{BAB44A7A-CAF6-4B7A-9A42-E0334D1F8622}.Debug|iOS.Build.0 = Debug|Any CPU
		{BAB44A7A-CAF6-4B7A-9A42-E0334D1F8622}.Debug|iPhone.ActiveCfg = Debug|Any CPU
		{BAB44A7A-CAF6-4B7A-9A42-E0334D1F8622}.Debug|iPhone.Build.0 = Debug|Any CPU
		{BAB44A7A-CAF6-4B7A-9A42-E0334D1F8622}.Debug|iPhoneSimulator.ActiveCfg = Debug|Any CPU
		{BAB44A7A-CAF6-4B7A-9A42-E0334D1F8622}.Debug|iPhoneSimulator.Build.0 = Debug|Any CPU
		{BAB44A7A-CAF6-4B7A-9A42-E0334D1F8622}.Debug|Windows Phone (Universal).ActiveCfg = Debug|Any CPU
		{BAB44A7A-CAF6-4B7A-9A42-E0334D1F8622}.Debug|Windows Phone (Universal).Build.0 = Debug|Any CPU
		{BAB44A7A-CAF6-4B7A-9A42-E0334D1F8622}.Debug|Windows Phone 8.ActiveCfg = Debug|Any CPU
		{BAB44A7A-CAF6-4B7A-9A42-E0334D1F8622}.Debug|Windows Phone 8.Build.0 = Debug|Any CPU
		{BAB44A7A-CAF6-4B7A-9A42-E0334D1F8622}.Debug|Windows-AnyCPU.ActiveCfg = Debug|Any CPU
		{BAB44A7A-CAF6-4B7A-9A42-E0334D1F8622}.Debug|Windows-AnyCPU.Build.0 = Debug|Any CPU
		{BAB44A7A-CAF6-4B7A-9A42-E0334D1F8622}.Debug|Windows-ARM.ActiveCfg = Debug|Any CPU
		{BAB44A7A-CAF6-4B7A-9A42-E0334D1F8622}.Debug|Windows-ARM.Build.0 = Debug|Any CPU
		{BAB44A7A-CAF6-4B7A-9A42-E0334D1F8622}.Debug|Windows-x64.ActiveCfg = Debug|Any CPU
		{BAB44A7A-CAF6-4B7A-9A42-E0334D1F8622}.Debug|Windows-x64.Build.0 = Debug|Any CPU
		{BAB44A7A-CAF6-4B7A-9A42-E0334D1F8622}.Debug|Windows-x86.ActiveCfg = Debug|Any CPU
		{BAB44A7A-CAF6-4B7A-9A42-E0334D1F8622}.Debug|Windows-x86.Build.0 = Debug|Any CPU
		{BAB44A7A-CAF6-4B7A-9A42-E0334D1F8622}.Debug|x64.ActiveCfg = Debug|Any CPU
		{BAB44A7A-CAF6-4B7A-9A42-E0334D1F8622}.Debug|x64.Build.0 = Debug|Any CPU
		{BAB44A7A-CAF6-4B7A-9A42-E0334D1F8622}.Debug|x86.ActiveCfg = Debug|Any CPU
		{BAB44A7A-CAF6-4B7A-9A42-E0334D1F8622}.Debug|x86.Build.0 = Debug|Any CPU
		{BAB44A7A-CAF6-4B7A-9A42-E0334D1F8622}.Release|Android.ActiveCfg = Release|Any CPU
		{BAB44A7A-CAF6-4B7A-9A42-E0334D1F8622}.Release|Android.Build.0 = Release|Any CPU
		{BAB44A7A-CAF6-4B7A-9A42-E0334D1F8622}.Release|Any CPU.ActiveCfg = Release|Any CPU
		{BAB44A7A-CAF6-4B7A-9A42-E0334D1F8622}.Release|Any CPU.Build.0 = Release|Any CPU
		{BAB44A7A-CAF6-4B7A-9A42-E0334D1F8622}.Release|ARM.ActiveCfg = Release|Any CPU
		{BAB44A7A-CAF6-4B7A-9A42-E0334D1F8622}.Release|ARM.Build.0 = Release|Any CPU
		{BAB44A7A-CAF6-4B7A-9A42-E0334D1F8622}.Release|iOS.ActiveCfg = Release|Any CPU
		{BAB44A7A-CAF6-4B7A-9A42-E0334D1F8622}.Release|iOS.Build.0 = Release|Any CPU
		{BAB44A7A-CAF6-4B7A-9A42-E0334D1F8622}.Release|iPhone.ActiveCfg = Release|Any CPU
		{BAB44A7A-CAF6-4B7A-9A42-E0334D1F8622}.Release|iPhone.Build.0 = Release|Any CPU
		{BAB44A7A-CAF6-4B7A-9A42-E0334D1F8622}.Release|iPhoneSimulator.ActiveCfg = Release|Any CPU
		{BAB44A7A-CAF6-4B7A-9A42-E0334D1F8622}.Release|iPhoneSimulator.Build.0 = Release|Any CPU
		{BAB44A7A-CAF6-4B7A-9A42-E0334D1F8622}.Release|Windows Phone (Universal).ActiveCfg = Release|Any CPU
		{BAB44A7A-CAF6-4B7A-9A42-E0334D1F8622}.Release|Windows Phone (Universal).Build.0 = Release|Any CPU
		{BAB44A7A-CAF6-4B7A-9A42-E0334D1F8622}.Release|Windows Phone 8.ActiveCfg = Release|Any CPU
		{BAB44A7A-CAF6-4B7A-9A42-E0334D1F8622}.Release|Windows Phone 8.Build.0 = Release|Any CPU
		{BAB44A7A-CAF6-4B7A-9A42-E0334D1F8622}.Release|Windows-AnyCPU.ActiveCfg = Release|Any CPU
		{BAB44A7A-CAF6-4B7A-9A42-E0334D1F8622}.Release|Windows-AnyCPU.Build.0 = Release|Any CPU
		{BAB44A7A-CAF6-4B7A-9A42-E0334D1F8622}.Release|Windows-ARM.ActiveCfg = Release|Any CPU
		{BAB44A7A-CAF6-4B7A-9A42-E0334D1F8622}.Release|Windows-ARM.Build.0 = Release|Any CPU
		{BAB44A7A-CAF6-4B7A-9A42-E0334D1F8622}.Release|Windows-x64.ActiveCfg = Release|Any CPU
		{BAB44A7A-CAF6-4B7A-9A42-E0334D1F8622}.Release|Windows-x64.Build.0 = Release|Any CPU
		{BAB44A7A-CAF6-4B7A-9A42-E0334D1F8622}.Release|Windows-x86.ActiveCfg = Release|Any CPU
		{BAB44A7A-CAF6-4B7A-9A42-E0334D1F8622}.Release|Windows-x86.Build.0 = Release|Any CPU
		{BAB44A7A-CAF6-4B7A-9A42-E0334D1F8622}.Release|x64.ActiveCfg = Release|Any CPU
		{BAB44A7A-CAF6-4B7A-9A42-E0334D1F8622}.Release|x64.Build.0 = Release|Any CPU
		{BAB44A7A-CAF6-4B7A-9A42-E0334D1F8622}.Release|x86.ActiveCfg = Release|Any CPU
		{BAB44A7A-CAF6-4B7A-9A42-E0334D1F8622}.Release|x86.Build.0 = Release|Any CPU
		{4BF0540C-8EC1-4927-96CB-9B54B88E7AF0}.Debug|Android.ActiveCfg = Debug|Any CPU
		{4BF0540C-8EC1-4927-96CB-9B54B88E7AF0}.Debug|Android.Build.0 = Debug|Any CPU
		{4BF0540C-8EC1-4927-96CB-9B54B88E7AF0}.Debug|Any CPU.ActiveCfg = Debug|Any CPU
		{4BF0540C-8EC1-4927-96CB-9B54B88E7AF0}.Debug|Any CPU.Build.0 = Debug|Any CPU
		{4BF0540C-8EC1-4927-96CB-9B54B88E7AF0}.Debug|ARM.ActiveCfg = Debug|Any CPU
		{4BF0540C-8EC1-4927-96CB-9B54B88E7AF0}.Debug|ARM.Build.0 = Debug|Any CPU
		{4BF0540C-8EC1-4927-96CB-9B54B88E7AF0}.Debug|iOS.ActiveCfg = Debug|Any CPU
		{4BF0540C-8EC1-4927-96CB-9B54B88E7AF0}.Debug|iOS.Build.0 = Debug|Any CPU
		{4BF0540C-8EC1-4927-96CB-9B54B88E7AF0}.Debug|iPhone.ActiveCfg = Debug|Any CPU
		{4BF0540C-8EC1-4927-96CB-9B54B88E7AF0}.Debug|iPhone.Build.0 = Debug|Any CPU
		{4BF0540C-8EC1-4927-96CB-9B54B88E7AF0}.Debug|iPhoneSimulator.ActiveCfg = Debug|Any CPU
		{4BF0540C-8EC1-4927-96CB-9B54B88E7AF0}.Debug|iPhoneSimulator.Build.0 = Debug|Any CPU
		{4BF0540C-8EC1-4927-96CB-9B54B88E7AF0}.Debug|Windows Phone (Universal).ActiveCfg = Debug|Any CPU
		{4BF0540C-8EC1-4927-96CB-9B54B88E7AF0}.Debug|Windows Phone (Universal).Build.0 = Debug|Any CPU
		{4BF0540C-8EC1-4927-96CB-9B54B88E7AF0}.Debug|Windows Phone 8.ActiveCfg = Debug|Any CPU
		{4BF0540C-8EC1-4927-96CB-9B54B88E7AF0}.Debug|Windows Phone 8.Build.0 = Debug|Any CPU
		{4BF0540C-8EC1-4927-96CB-9B54B88E7AF0}.Debug|Windows-AnyCPU.ActiveCfg = Debug|Any CPU
		{4BF0540C-8EC1-4927-96CB-9B54B88E7AF0}.Debug|Windows-AnyCPU.Build.0 = Debug|Any CPU
		{4BF0540C-8EC1-4927-96CB-9B54B88E7AF0}.Debug|Windows-ARM.ActiveCfg = Debug|Any CPU
		{4BF0540C-8EC1-4927-96CB-9B54B88E7AF0}.Debug|Windows-ARM.Build.0 = Debug|Any CPU
		{4BF0540C-8EC1-4927-96CB-9B54B88E7AF0}.Debug|Windows-x64.ActiveCfg = Debug|Any CPU
		{4BF0540C-8EC1-4927-96CB-9B54B88E7AF0}.Debug|Windows-x64.Build.0 = Debug|Any CPU
		{4BF0540C-8EC1-4927-96CB-9B54B88E7AF0}.Debug|Windows-x86.ActiveCfg = Debug|Any CPU
		{4BF0540C-8EC1-4927-96CB-9B54B88E7AF0}.Debug|Windows-x86.Build.0 = Debug|Any CPU
		{4BF0540C-8EC1-4927-96CB-9B54B88E7AF0}.Debug|x64.ActiveCfg = Debug|Any CPU
		{4BF0540C-8EC1-4927-96CB-9B54B88E7AF0}.Debug|x64.Build.0 = Debug|Any CPU
		{4BF0540C-8EC1-4927-96CB-9B54B88E7AF0}.Debug|x86.ActiveCfg = Debug|Any CPU
		{4BF0540C-8EC1-4927-96CB-9B54B88E7AF0}.Debug|x86.Build.0 = Debug|Any CPU
		{4BF0540C-8EC1-4927-96CB-9B54B88E7AF0}.Release|Android.ActiveCfg = Release|Any CPU
		{4BF0540C-8EC1-4927-96CB-9B54B88E7AF0}.Release|Android.Build.0 = Release|Any CPU
		{4BF0540C-8EC1-4927-96CB-9B54B88E7AF0}.Release|Any CPU.ActiveCfg = Release|Any CPU
		{4BF0540C-8EC1-4927-96CB-9B54B88E7AF0}.Release|Any CPU.Build.0 = Release|Any CPU
		{4BF0540C-8EC1-4927-96CB-9B54B88E7AF0}.Release|ARM.ActiveCfg = Release|Any CPU
		{4BF0540C-8EC1-4927-96CB-9B54B88E7AF0}.Release|ARM.Build.0 = Release|Any CPU
		{4BF0540C-8EC1-4927-96CB-9B54B88E7AF0}.Release|iOS.ActiveCfg = Release|Any CPU
		{4BF0540C-8EC1-4927-96CB-9B54B88E7AF0}.Release|iOS.Build.0 = Release|Any CPU
		{4BF0540C-8EC1-4927-96CB-9B54B88E7AF0}.Release|iPhone.ActiveCfg = Release|Any CPU
		{4BF0540C-8EC1-4927-96CB-9B54B88E7AF0}.Release|iPhone.Build.0 = Release|Any CPU
		{4BF0540C-8EC1-4927-96CB-9B54B88E7AF0}.Release|iPhoneSimulator.ActiveCfg = Release|Any CPU
		{4BF0540C-8EC1-4927-96CB-9B54B88E7AF0}.Release|iPhoneSimulator.Build.0 = Release|Any CPU
		{4BF0540C-8EC1-4927-96CB-9B54B88E7AF0}.Release|Windows Phone (Universal).ActiveCfg = Release|Any CPU
		{4BF0540C-8EC1-4927-96CB-9B54B88E7AF0}.Release|Windows Phone (Universal).Build.0 = Release|Any CPU
		{4BF0540C-8EC1-4927-96CB-9B54B88E7AF0}.Release|Windows Phone 8.ActiveCfg = Release|Any CPU
		{4BF0540C-8EC1-4927-96CB-9B54B88E7AF0}.Release|Windows Phone 8.Build.0 = Release|Any CPU
		{4BF0540C-8EC1-4927-96CB-9B54B88E7AF0}.Release|Windows-AnyCPU.ActiveCfg = Release|Any CPU
		{4BF0540C-8EC1-4927-96CB-9B54B88E7AF0}.Release|Windows-AnyCPU.Build.0 = Release|Any CPU
		{4BF0540C-8EC1-4927-96CB-9B54B88E7AF0}.Release|Windows-ARM.ActiveCfg = Release|Any CPU
		{4BF0540C-8EC1-4927-96CB-9B54B88E7AF0}.Release|Windows-ARM.Build.0 = Release|Any CPU
		{4BF0540C-8EC1-4927-96CB-9B54B88E7AF0}.Release|Windows-x64.ActiveCfg = Release|Any CPU
		{4BF0540C-8EC1-4927-96CB-9B54B88E7AF0}.Release|Windows-x64.Build.0 = Release|Any CPU
		{4BF0540C-8EC1-4927-96CB-9B54B88E7AF0}.Release|Windows-x86.ActiveCfg = Release|Any CPU
		{4BF0540C-8EC1-4927-96CB-9B54B88E7AF0}.Release|Windows-x86.Build.0 = Release|Any CPU
		{4BF0540C-8EC1-4927-96CB-9B54B88E7AF0}.Release|x64.ActiveCfg = Release|Any CPU
		{4BF0540C-8EC1-4927-96CB-9B54B88E7AF0}.Release|x64.Build.0 = Release|Any CPU
		{4BF0540C-8EC1-4927-96CB-9B54B88E7AF0}.Release|x86.ActiveCfg = Release|Any CPU
		{4BF0540C-8EC1-4927-96CB-9B54B88E7AF0}.Release|x86.Build.0 = Release|Any CPU
		{DB5F3E5D-83FD-48BC-8842-95AA70A27928}.Debug|iPhone.ActiveCfg = Debug|Any CPU
		{DB5F3E5D-83FD-48BC-8842-95AA70A27928}.Debug|iPhone.Build.0 = Debug|Any CPU
		{5B104AE5-4D18-4B09-AD0F-FC976BDE55FB}.Debug|Android.ActiveCfg = Debug|Any CPU
		{5B104AE5-4D18-4B09-AD0F-FC976BDE55FB}.Debug|Android.Build.0 = Debug|Any CPU
		{5B104AE5-4D18-4B09-AD0F-FC976BDE55FB}.Debug|Any CPU.ActiveCfg = Debug|Any CPU
		{5B104AE5-4D18-4B09-AD0F-FC976BDE55FB}.Debug|Any CPU.Build.0 = Debug|Any CPU
		{5B104AE5-4D18-4B09-AD0F-FC976BDE55FB}.Debug|ARM.ActiveCfg = Debug|Any CPU
		{5B104AE5-4D18-4B09-AD0F-FC976BDE55FB}.Debug|ARM.Build.0 = Debug|Any CPU
		{5B104AE5-4D18-4B09-AD0F-FC976BDE55FB}.Debug|iOS.ActiveCfg = Debug|Any CPU
		{5B104AE5-4D18-4B09-AD0F-FC976BDE55FB}.Debug|iOS.Build.0 = Debug|Any CPU
		{5B104AE5-4D18-4B09-AD0F-FC976BDE55FB}.Debug|iPhone.ActiveCfg = Debug|Any CPU
		{5B104AE5-4D18-4B09-AD0F-FC976BDE55FB}.Debug|iPhone.Build.0 = Debug|Any CPU
		{5B104AE5-4D18-4B09-AD0F-FC976BDE55FB}.Debug|iPhoneSimulator.ActiveCfg = Debug|Any CPU
		{5B104AE5-4D18-4B09-AD0F-FC976BDE55FB}.Debug|iPhoneSimulator.Build.0 = Debug|Any CPU
		{5B104AE5-4D18-4B09-AD0F-FC976BDE55FB}.Debug|Windows Phone (Universal).ActiveCfg = Debug|Any CPU
		{5B104AE5-4D18-4B09-AD0F-FC976BDE55FB}.Debug|Windows Phone (Universal).Build.0 = Debug|Any CPU
		{5B104AE5-4D18-4B09-AD0F-FC976BDE55FB}.Debug|Windows Phone 8.ActiveCfg = Debug|Any CPU
		{5B104AE5-4D18-4B09-AD0F-FC976BDE55FB}.Debug|Windows Phone 8.Build.0 = Debug|Any CPU
		{5B104AE5-4D18-4B09-AD0F-FC976BDE55FB}.Debug|Windows-AnyCPU.ActiveCfg = Debug|Any CPU
		{5B104AE5-4D18-4B09-AD0F-FC976BDE55FB}.Debug|Windows-AnyCPU.Build.0 = Debug|Any CPU
		{5B104AE5-4D18-4B09-AD0F-FC976BDE55FB}.Debug|Windows-ARM.ActiveCfg = Debug|Any CPU
		{5B104AE5-4D18-4B09-AD0F-FC976BDE55FB}.Debug|Windows-ARM.Build.0 = Debug|Any CPU
		{5B104AE5-4D18-4B09-AD0F-FC976BDE55FB}.Debug|Windows-x64.ActiveCfg = Debug|Any CPU
		{5B104AE5-4D18-4B09-AD0F-FC976BDE55FB}.Debug|Windows-x64.Build.0 = Debug|Any CPU
		{5B104AE5-4D18-4B09-AD0F-FC976BDE55FB}.Debug|Windows-x86.ActiveCfg = Debug|Any CPU
		{5B104AE5-4D18-4B09-AD0F-FC976BDE55FB}.Debug|Windows-x86.Build.0 = Debug|Any CPU
		{5B104AE5-4D18-4B09-AD0F-FC976BDE55FB}.Debug|x64.ActiveCfg = Debug|Any CPU
		{5B104AE5-4D18-4B09-AD0F-FC976BDE55FB}.Debug|x64.Build.0 = Debug|Any CPU
		{5B104AE5-4D18-4B09-AD0F-FC976BDE55FB}.Debug|x86.ActiveCfg = Debug|Any CPU
		{5B104AE5-4D18-4B09-AD0F-FC976BDE55FB}.Debug|x86.Build.0 = Debug|Any CPU
		{5B104AE5-4D18-4B09-AD0F-FC976BDE55FB}.Release|Android.ActiveCfg = Release|Any CPU
		{5B104AE5-4D18-4B09-AD0F-FC976BDE55FB}.Release|Android.Build.0 = Release|Any CPU
		{5B104AE5-4D18-4B09-AD0F-FC976BDE55FB}.Release|Any CPU.ActiveCfg = Release|Any CPU
		{5B104AE5-4D18-4B09-AD0F-FC976BDE55FB}.Release|Any CPU.Build.0 = Release|Any CPU
		{5B104AE5-4D18-4B09-AD0F-FC976BDE55FB}.Release|ARM.ActiveCfg = Release|Any CPU
		{5B104AE5-4D18-4B09-AD0F-FC976BDE55FB}.Release|ARM.Build.0 = Release|Any CPU
		{5B104AE5-4D18-4B09-AD0F-FC976BDE55FB}.Release|iOS.ActiveCfg = Release|Any CPU
		{5B104AE5-4D18-4B09-AD0F-FC976BDE55FB}.Release|iOS.Build.0 = Release|Any CPU
		{5B104AE5-4D18-4B09-AD0F-FC976BDE55FB}.Release|iPhone.ActiveCfg = Release|Any CPU
		{5B104AE5-4D18-4B09-AD0F-FC976BDE55FB}.Release|iPhone.Build.0 = Release|Any CPU
		{5B104AE5-4D18-4B09-AD0F-FC976BDE55FB}.Release|iPhoneSimulator.ActiveCfg = Release|Any CPU
		{5B104AE5-4D18-4B09-AD0F-FC976BDE55FB}.Release|iPhoneSimulator.Build.0 = Release|Any CPU
		{5B104AE5-4D18-4B09-AD0F-FC976BDE55FB}.Release|Windows Phone (Universal).ActiveCfg = Release|Any CPU
		{5B104AE5-4D18-4B09-AD0F-FC976BDE55FB}.Release|Windows Phone (Universal).Build.0 = Release|Any CPU
		{5B104AE5-4D18-4B09-AD0F-FC976BDE55FB}.Release|Windows Phone 8.ActiveCfg = Release|Any CPU
		{5B104AE5-4D18-4B09-AD0F-FC976BDE55FB}.Release|Windows Phone 8.Build.0 = Release|Any CPU
		{5B104AE5-4D18-4B09-AD0F-FC976BDE55FB}.Release|Windows-AnyCPU.ActiveCfg = Release|Any CPU
		{5B104AE5-4D18-4B09-AD0F-FC976BDE55FB}.Release|Windows-AnyCPU.Build.0 = Release|Any CPU
		{5B104AE5-4D18-4B09-AD0F-FC976BDE55FB}.Release|Windows-ARM.ActiveCfg = Release|Any CPU
		{5B104AE5-4D18-4B09-AD0F-FC976BDE55FB}.Release|Windows-ARM.Build.0 = Release|Any CPU
		{5B104AE5-4D18-4B09-AD0F-FC976BDE55FB}.Release|Windows-x64.ActiveCfg = Release|Any CPU
		{5B104AE5-4D18-4B09-AD0F-FC976BDE55FB}.Release|Windows-x64.Build.0 = Release|Any CPU
		{5B104AE5-4D18-4B09-AD0F-FC976BDE55FB}.Release|Windows-x86.ActiveCfg = Release|Any CPU
		{5B104AE5-4D18-4B09-AD0F-FC976BDE55FB}.Release|Windows-x86.Build.0 = Release|Any CPU
		{5B104AE5-4D18-4B09-AD0F-FC976BDE55FB}.Release|x64.ActiveCfg = Release|Any CPU
		{5B104AE5-4D18-4B09-AD0F-FC976BDE55FB}.Release|x64.Build.0 = Release|Any CPU
		{5B104AE5-4D18-4B09-AD0F-FC976BDE55FB}.Release|x86.ActiveCfg = Release|Any CPU
		{5B104AE5-4D18-4B09-AD0F-FC976BDE55FB}.Release|x86.Build.0 = Release|Any CPU
	EndGlobalSection
	GlobalSection(SolutionProperties) = preSolution
		HideSolutionNode = FALSE
	EndGlobalSection
	GlobalSection(NestedProjects) = preSolution
		{A0979AB2-F41B-426B-BFDF-FC78325BED0D} = {EFD403BC-3B71-4562-8B55-6B625390D876}
		{3D15E8EB-42FE-4756-93E1-506C28E48612} = {EFD403BC-3B71-4562-8B55-6B625390D876}
		{DD0D5056-9B34-428C-90FD-1F741C76BEC1} = {253019A0-C549-4F24-A7A4-E5E0FA4E4591}
		{5718132F-B918-41C8-9FDC-589DF0DFB7A6} = {EFD403BC-3B71-4562-8B55-6B625390D876}
		{60A84342-2A2B-4E5E-B517-553B5131420E} = {EFD403BC-3B71-4562-8B55-6B625390D876}
		{724BE592-C519-4490-9057-F62F3B2FEE2C} = {253019A0-C549-4F24-A7A4-E5E0FA4E4591}
		{51CA4B8E-2BCB-4021-AB39-F72F46DB3A53} = {253019A0-C549-4F24-A7A4-E5E0FA4E4591}
		{BAB44A7A-CAF6-4B7A-9A42-E0334D1F8622} = {89EB8E91-D87B-4EB1-9029-21DF9180D70F}
		{4BF0540C-8EC1-4927-96CB-9B54B88E7AF0} = {253019A0-C549-4F24-A7A4-E5E0FA4E4591}
		{DB5F3E5D-83FD-48BC-8842-95AA70A27928} = {253019A0-C549-4F24-A7A4-E5E0FA4E4591}
		{E9E7BB81-6CAA-4072-A984-E43C36A086F8} = {253019A0-C549-4F24-A7A4-E5E0FA4E4591}
		{8F62DD0D-9269-4F18-91C5-0A886DA65081} = {EFD403BC-3B71-4562-8B55-6B625390D876}
		{39C8594F-9CEC-4E1B-B37A-866466ED60CD} = {EFD403BC-3B71-4562-8B55-6B625390D876}
		{5B104AE5-4D18-4B09-AD0F-FC976BDE55FB} = {89EB8E91-D87B-4EB1-9029-21DF9180D70F}
	EndGlobalSection
	GlobalSection(ExtensibilityGlobals) = postSolution
		SolutionGuid = {EB71B386-CC52-4BA4-925E-4CE02688A29F}
	EndGlobalSection
	GlobalSection(MonoDevelopProperties) = preSolution
		Policies = $0
		$0.DotNetNamingPolicy = $1
	EndGlobalSection
EndGlobal
