
Microsoft Visual Studio Solution File, Format Version 12.00
# Visual Studio 15
VisualStudioVersion = 15.0.27130.2020
MinimumVisualStudioVersion = 10.0.40219.1
Project("{2150E333-8FDC-42A3-9474-1A3956D46DE8}") = "Storages", "Storages", "{253019A0-C549-4F24-A7A4-E5E0FA4E4591}"
EndProject
Project("{D954291E-2A0B-460D-934E-DC6B0785DB48}") = "Virgil.SDK.Shared", "Virgil.SDK.Shared\Virgil.SDK.Shared.shproj", "{6E4FE86F-7862-4FD9-B2E3-B73AE0957EB6}"
EndProject
Project("{D954291E-2A0B-460D-934E-DC6B0785DB48}") = "Virgil.SDK.Tests.Shared", "Virgil.SDK.Tests.Shared\Virgil.SDK.Tests.Shared.shproj", "{3D15E8EB-42FE-4756-93E1-506C28E48612}"
EndProject
Project("{FAE04EC0-301F-11D3-BF4B-00C04F79EFBC}") = "Virgil.SDK.Droid", "Virgil.SDK.Droid\Virgil.SDK.Droid.csproj", "{6B9CE116-871B-4294-AA8E-64DE316AA79A}"
EndProject
Project("{FAE04EC0-301F-11D3-BF4B-00C04F79EFBC}") = "Virgil.SDK.Std", "Virgil.SDK.Std\Virgil.SDK.Std.csproj", "{CA05228B-F8C7-479B-8375-033126D57CE2}"
EndProject
Project("{2150E333-8FDC-42A3-9474-1A3956D46DE8}") = "Tests", "Tests", "{EFD403BC-3B71-4562-8B55-6B625390D876}"
EndProject
Project("{D954291E-2A0B-460D-934E-DC6B0785DB48}") = "Virgil.SDK.Storage.Shared", "Virgil.SDK.Storage.Shared\Virgil.SDK.Storage.Shared.shproj", "{DD0D5056-9B34-428C-90FD-1F741C76BEC1}"
EndProject
Project("{9344BDBB-3E7F-41FC-A0DD-8665D75EE146}") = "SecureStorage.Win", "SecureStorage.Win\SecureStorage.Win.csproj", "{133618DF-F78A-4A86-94E1-29C774B7F31A}"
EndProject
Project("{FAE04EC0-301F-11D3-BF4B-00C04F79EFBC}") = "Virgil.SDK.iOS", "Virgil.SDK.iOS\Virgil.SDK.iOS.csproj", "{DB5F3E5D-83FD-48BC-8842-95AA70A27928}"
EndProject
Project("{9344BDBB-3E7F-41FC-A0DD-8665D75EE146}") = "Virgil.SDK.Core", "Virgil.SDK.Core\Virgil.SDK.Core.csproj", "{A8935D9E-B972-4665-8D50-0C10F71429CC}"
EndProject
Project("{9344BDBB-3E7F-41FC-A0DD-8665D75EE146}") = "Virgil.SDK.Tests", "Virgil.SDK.Tests\Virgil.SDK.Tests.csproj", "{5899EA9A-277C-42DC-A2A7-FF9304001C8B}"
EndProject
Project("{9344BDBB-3E7F-41FC-A0DD-8665D75EE146}") = "Virgil.SDK.Tests.Mac", "Virgil.SDK.Tests.Mac\Virgil.SDK.Tests.Mac.csproj", "{B19C9F8C-349B-479C-A82E-E4FCD0A2F598}"
EndProject
Project("{9344BDBB-3E7F-41FC-A0DD-8665D75EE146}") = "Virgil.SDK.Tests.iOS", "Virgil.SDK.Tests.iOS\Virgil.SDK.Tests.iOS.csproj", "{BCBB8BEA-1127-4606-A802-001C00FBF7F7}"
EndProject
Project("{9344BDBB-3E7F-41FC-A0DD-8665D75EE146}") = "Virgil.SDK.Tests.Droid", "Virgil.SDK.Tests.Droid\Virgil.SDK.Tests.Droid.csproj", "{8F7E82B2-E1F2-4CF3-91F9-DE72830BE12E}"
EndProject
Project("{9344BDBB-3E7F-41FC-A0DD-8665D75EE146}") = "Virgil.SDK.Storage.Tests", "Virgil.SDK.Storage.Tests\Virgil.SDK.Storage.Tests.shproj", "{E570C312-88D6-40E1-AC95-8C7E909800C2}"
EndProject
Project("{FAE04EC0-301F-11D3-BF4B-00C04F79EFBC}") = "Virgil.SDK.Mac", "Virgil.SDK.Mac\Virgil.SDK.Mac.csproj", "{801B62A3-AE2E-48E2-B9CD-F9F5C469048C}"
EndProject
Global
	GlobalSection(SharedMSBuildProjectFiles) = preSolution
		Virgil.SDK.Shared\Virgil.SDK.Shared.projitems*{095de394-7344-4487-bf42-386b85c730eb}*SharedItemsImports = 4
		Virgil.SDK.Tests.Shared\Virgil.SDK.Tests.Shared.projitems*{095de394-7344-4487-bf42-386b85c730eb}*SharedItemsImports = 4
		Virgil.SDK.Tests.Shared\Virgil.SDK.Tests.Shared.projitems*{3d15e8eb-42fe-4756-93e1-506c28e48612}*SharedItemsImports = 13
		Virgil.SDK.Tests.Shared\Virgil.SDK.Tests.Shared.projitems*{5718132f-b918-41c8-9fdc-589df0dfb7a6}*SharedItemsImports = 4
		Virgil.SDK.Shared\Virgil.SDK.Shared.projitems*{6e4fe86f-7862-4fd9-b2e3-b73ae0957eb6}*SharedItemsImports = 13
		Virgil.SDK.Storage.Shared\Virgil.SDK.Storage.Shared.projitems*{724be592-c519-4490-9057-f62f3b2fee2c}*SharedItemsImports = 4
		Virgil.SDK.Storage.Shared\Virgil.SDK.Storage.Shared.projitems*{dd0d5056-9b34-428c-90fd-1f741c76bec1}*SharedItemsImports = 13
	EndGlobalSection
	GlobalSection(SolutionConfigurationPlatforms) = preSolution
		Debug|Android = Debug|Android
		Debug|Any CPU = Debug|Any CPU
		Debug|ARM = Debug|ARM
		Debug|iOS = Debug|iOS
		Debug|iPhone = Debug|iPhone
		Debug|iPhoneSimulator = Debug|iPhoneSimulator
		Debug|Windows Phone (Universal) = Debug|Windows Phone (Universal)
		Debug|Windows Phone 8 = Debug|Windows Phone 8
		Debug|Windows-AnyCPU = Debug|Windows-AnyCPU
		Debug|Windows-ARM = Debug|Windows-ARM
		Debug|Windows-x64 = Debug|Windows-x64
		Debug|Windows-x86 = Debug|Windows-x86
		Debug|x64 = Debug|x64
		Debug|x86 = Debug|x86
		Release|Android = Release|Android
		Release|Any CPU = Release|Any CPU
		Release|ARM = Release|ARM
		Release|iOS = Release|iOS
		Release|iPhone = Release|iPhone
		Release|iPhoneSimulator = Release|iPhoneSimulator
		Release|Windows Phone (Universal) = Release|Windows Phone (Universal)
		Release|Windows Phone 8 = Release|Windows Phone 8
		Release|Windows-AnyCPU = Release|Windows-AnyCPU
		Release|Windows-ARM = Release|Windows-ARM
		Release|Windows-x64 = Release|Windows-x64
		Release|Windows-x86 = Release|Windows-x86
		Release|x64 = Release|x64
		Release|x86 = Release|x86
	EndGlobalSection
	GlobalSection(ProjectConfigurationPlatforms) = postSolution
		{6B9CE116-871B-4294-AA8E-64DE316AA79A}.Debug|Android.ActiveCfg = Debug|Any CPU
		{6B9CE116-871B-4294-AA8E-64DE316AA79A}.Debug|Android.Build.0 = Debug|Any CPU
		{6B9CE116-871B-4294-AA8E-64DE316AA79A}.Debug|Any CPU.ActiveCfg = Debug|Any CPU
		{6B9CE116-871B-4294-AA8E-64DE316AA79A}.Debug|ARM.ActiveCfg = Debug|Any CPU
		{6B9CE116-871B-4294-AA8E-64DE316AA79A}.Debug|iOS.ActiveCfg = Debug|Any CPU
		{6B9CE116-871B-4294-AA8E-64DE316AA79A}.Debug|iPhone.ActiveCfg = Debug|Any CPU
		{6B9CE116-871B-4294-AA8E-64DE316AA79A}.Debug|iPhoneSimulator.ActiveCfg = Debug|Any CPU
		{6B9CE116-871B-4294-AA8E-64DE316AA79A}.Debug|Windows Phone (Universal).ActiveCfg = Debug|Any CPU
		{6B9CE116-871B-4294-AA8E-64DE316AA79A}.Debug|Windows Phone 8.ActiveCfg = Debug|Any CPU
		{6B9CE116-871B-4294-AA8E-64DE316AA79A}.Debug|Windows-AnyCPU.ActiveCfg = Debug|Any CPU
		{6B9CE116-871B-4294-AA8E-64DE316AA79A}.Debug|Windows-ARM.ActiveCfg = Debug|Any CPU
		{6B9CE116-871B-4294-AA8E-64DE316AA79A}.Debug|Windows-x64.ActiveCfg = Debug|Any CPU
		{6B9CE116-871B-4294-AA8E-64DE316AA79A}.Debug|Windows-x86.ActiveCfg = Debug|Any CPU
		{6B9CE116-871B-4294-AA8E-64DE316AA79A}.Debug|x64.ActiveCfg = Debug|Any CPU
		{6B9CE116-871B-4294-AA8E-64DE316AA79A}.Debug|x86.ActiveCfg = Debug|Any CPU
		{6B9CE116-871B-4294-AA8E-64DE316AA79A}.Release|Android.ActiveCfg = Debug|Any CPU
		{6B9CE116-871B-4294-AA8E-64DE316AA79A}.Release|Any CPU.ActiveCfg = Debug|Any CPU
		{6B9CE116-871B-4294-AA8E-64DE316AA79A}.Release|ARM.ActiveCfg = Debug|Any CPU
		{6B9CE116-871B-4294-AA8E-64DE316AA79A}.Release|iOS.ActiveCfg = Debug|Any CPU
		{6B9CE116-871B-4294-AA8E-64DE316AA79A}.Release|iPhone.ActiveCfg = Debug|Any CPU
		{6B9CE116-871B-4294-AA8E-64DE316AA79A}.Release|iPhoneSimulator.ActiveCfg = Debug|Any CPU
		{6B9CE116-871B-4294-AA8E-64DE316AA79A}.Release|Windows Phone (Universal).ActiveCfg = Debug|Any CPU
		{6B9CE116-871B-4294-AA8E-64DE316AA79A}.Release|Windows Phone 8.ActiveCfg = Debug|Any CPU
		{6B9CE116-871B-4294-AA8E-64DE316AA79A}.Release|Windows-AnyCPU.ActiveCfg = Debug|Any CPU
		{6B9CE116-871B-4294-AA8E-64DE316AA79A}.Release|Windows-ARM.ActiveCfg = Debug|Any CPU
		{6B9CE116-871B-4294-AA8E-64DE316AA79A}.Release|Windows-x64.ActiveCfg = Debug|Any CPU
		{6B9CE116-871B-4294-AA8E-64DE316AA79A}.Release|Windows-x86.ActiveCfg = Debug|Any CPU
		{6B9CE116-871B-4294-AA8E-64DE316AA79A}.Release|x64.ActiveCfg = Debug|Any CPU
		{6B9CE116-871B-4294-AA8E-64DE316AA79A}.Release|x86.ActiveCfg = Debug|Any CPU
		{CA05228B-F8C7-479B-8375-033126D57CE2}.Debug|Android.ActiveCfg = Debug|Any CPU
		{CA05228B-F8C7-479B-8375-033126D57CE2}.Debug|Android.Build.0 = Debug|Any CPU
		{CA05228B-F8C7-479B-8375-033126D57CE2}.Debug|Any CPU.ActiveCfg = Debug|Any CPU
		{CA05228B-F8C7-479B-8375-033126D57CE2}.Debug|Any CPU.Build.0 = Debug|Any CPU
		{CA05228B-F8C7-479B-8375-033126D57CE2}.Debug|ARM.ActiveCfg = Debug|Any CPU
		{CA05228B-F8C7-479B-8375-033126D57CE2}.Debug|ARM.Build.0 = Debug|Any CPU
		{CA05228B-F8C7-479B-8375-033126D57CE2}.Debug|iOS.ActiveCfg = Debug|Any CPU
		{CA05228B-F8C7-479B-8375-033126D57CE2}.Debug|iOS.Build.0 = Debug|Any CPU
		{CA05228B-F8C7-479B-8375-033126D57CE2}.Debug|iPhone.ActiveCfg = Debug|Any CPU
		{CA05228B-F8C7-479B-8375-033126D57CE2}.Debug|iPhone.Build.0 = Debug|Any CPU
		{CA05228B-F8C7-479B-8375-033126D57CE2}.Debug|iPhoneSimulator.ActiveCfg = Debug|Any CPU
		{CA05228B-F8C7-479B-8375-033126D57CE2}.Debug|iPhoneSimulator.Build.0 = Debug|Any CPU
		{CA05228B-F8C7-479B-8375-033126D57CE2}.Debug|Windows Phone (Universal).ActiveCfg = Debug|Any CPU
		{CA05228B-F8C7-479B-8375-033126D57CE2}.Debug|Windows Phone (Universal).Build.0 = Debug|Any CPU
		{CA05228B-F8C7-479B-8375-033126D57CE2}.Debug|Windows Phone 8.ActiveCfg = Debug|Any CPU
		{CA05228B-F8C7-479B-8375-033126D57CE2}.Debug|Windows Phone 8.Build.0 = Debug|Any CPU
		{CA05228B-F8C7-479B-8375-033126D57CE2}.Debug|Windows-AnyCPU.ActiveCfg = Debug|Any CPU
		{CA05228B-F8C7-479B-8375-033126D57CE2}.Debug|Windows-AnyCPU.Build.0 = Debug|Any CPU
		{CA05228B-F8C7-479B-8375-033126D57CE2}.Debug|Windows-ARM.ActiveCfg = Debug|Any CPU
		{CA05228B-F8C7-479B-8375-033126D57CE2}.Debug|Windows-ARM.Build.0 = Debug|Any CPU
		{CA05228B-F8C7-479B-8375-033126D57CE2}.Debug|Windows-x64.ActiveCfg = Debug|Any CPU
		{CA05228B-F8C7-479B-8375-033126D57CE2}.Debug|Windows-x64.Build.0 = Debug|Any CPU
		{CA05228B-F8C7-479B-8375-033126D57CE2}.Debug|Windows-x86.ActiveCfg = Debug|Any CPU
		{CA05228B-F8C7-479B-8375-033126D57CE2}.Debug|Windows-x86.Build.0 = Debug|Any CPU
		{CA05228B-F8C7-479B-8375-033126D57CE2}.Debug|x64.ActiveCfg = Debug|Any CPU
		{CA05228B-F8C7-479B-8375-033126D57CE2}.Debug|x64.Build.0 = Debug|Any CPU
		{CA05228B-F8C7-479B-8375-033126D57CE2}.Debug|x86.ActiveCfg = Debug|Any CPU
		{CA05228B-F8C7-479B-8375-033126D57CE2}.Debug|x86.Build.0 = Debug|Any CPU
		{CA05228B-F8C7-479B-8375-033126D57CE2}.Release|Android.ActiveCfg = Release|Any CPU
		{CA05228B-F8C7-479B-8375-033126D57CE2}.Release|Android.Build.0 = Release|Any CPU
		{CA05228B-F8C7-479B-8375-033126D57CE2}.Release|Any CPU.ActiveCfg = Release|Any CPU
		{CA05228B-F8C7-479B-8375-033126D57CE2}.Release|Any CPU.Build.0 = Release|Any CPU
		{CA05228B-F8C7-479B-8375-033126D57CE2}.Release|ARM.ActiveCfg = Release|Any CPU
		{CA05228B-F8C7-479B-8375-033126D57CE2}.Release|ARM.Build.0 = Release|Any CPU
		{CA05228B-F8C7-479B-8375-033126D57CE2}.Release|iOS.ActiveCfg = Release|Any CPU
		{CA05228B-F8C7-479B-8375-033126D57CE2}.Release|iOS.Build.0 = Release|Any CPU
		{CA05228B-F8C7-479B-8375-033126D57CE2}.Release|iPhone.ActiveCfg = Release|Any CPU
		{CA05228B-F8C7-479B-8375-033126D57CE2}.Release|iPhone.Build.0 = Release|Any CPU
		{CA05228B-F8C7-479B-8375-033126D57CE2}.Release|iPhoneSimulator.ActiveCfg = Release|Any CPU
		{CA05228B-F8C7-479B-8375-033126D57CE2}.Release|iPhoneSimulator.Build.0 = Release|Any CPU
		{CA05228B-F8C7-479B-8375-033126D57CE2}.Release|Windows Phone (Universal).ActiveCfg = Release|Any CPU
		{CA05228B-F8C7-479B-8375-033126D57CE2}.Release|Windows Phone (Universal).Build.0 = Release|Any CPU
		{CA05228B-F8C7-479B-8375-033126D57CE2}.Release|Windows Phone 8.ActiveCfg = Release|Any CPU
		{CA05228B-F8C7-479B-8375-033126D57CE2}.Release|Windows Phone 8.Build.0 = Release|Any CPU
		{CA05228B-F8C7-479B-8375-033126D57CE2}.Release|Windows-AnyCPU.ActiveCfg = Release|Any CPU
		{CA05228B-F8C7-479B-8375-033126D57CE2}.Release|Windows-AnyCPU.Build.0 = Release|Any CPU
		{CA05228B-F8C7-479B-8375-033126D57CE2}.Release|Windows-ARM.ActiveCfg = Release|Any CPU
		{CA05228B-F8C7-479B-8375-033126D57CE2}.Release|Windows-ARM.Build.0 = Release|Any CPU
		{CA05228B-F8C7-479B-8375-033126D57CE2}.Release|Windows-x64.ActiveCfg = Release|Any CPU
		{CA05228B-F8C7-479B-8375-033126D57CE2}.Release|Windows-x64.Build.0 = Release|Any CPU
		{CA05228B-F8C7-479B-8375-033126D57CE2}.Release|Windows-x86.ActiveCfg = Release|Any CPU
		{CA05228B-F8C7-479B-8375-033126D57CE2}.Release|Windows-x86.Build.0 = Release|Any CPU
		{CA05228B-F8C7-479B-8375-033126D57CE2}.Release|x64.ActiveCfg = Release|Any CPU
		{CA05228B-F8C7-479B-8375-033126D57CE2}.Release|x64.Build.0 = Release|Any CPU
		{CA05228B-F8C7-479B-8375-033126D57CE2}.Release|x86.ActiveCfg = Release|Any CPU
		{CA05228B-F8C7-479B-8375-033126D57CE2}.Release|x86.Build.0 = Release|Any CPU
		{133618DF-F78A-4A86-94E1-29C774B7F31A}.Debug|Android.ActiveCfg = Debug|Any CPU
		{133618DF-F78A-4A86-94E1-29C774B7F31A}.Debug|Android.Build.0 = Debug|Any CPU
		{133618DF-F78A-4A86-94E1-29C774B7F31A}.Debug|Any CPU.ActiveCfg = Debug|Any CPU
		{133618DF-F78A-4A86-94E1-29C774B7F31A}.Debug|Any CPU.Build.0 = Debug|Any CPU
		{133618DF-F78A-4A86-94E1-29C774B7F31A}.Debug|ARM.ActiveCfg = Debug|Any CPU
		{133618DF-F78A-4A86-94E1-29C774B7F31A}.Debug|ARM.Build.0 = Debug|Any CPU
		{133618DF-F78A-4A86-94E1-29C774B7F31A}.Debug|iOS.ActiveCfg = Debug|Any CPU
		{133618DF-F78A-4A86-94E1-29C774B7F31A}.Debug|iOS.Build.0 = Debug|Any CPU
		{133618DF-F78A-4A86-94E1-29C774B7F31A}.Debug|iPhone.ActiveCfg = Debug|Any CPU
		{133618DF-F78A-4A86-94E1-29C774B7F31A}.Debug|iPhone.Build.0 = Debug|Any CPU
		{133618DF-F78A-4A86-94E1-29C774B7F31A}.Debug|iPhoneSimulator.ActiveCfg = Debug|Any CPU
		{133618DF-F78A-4A86-94E1-29C774B7F31A}.Debug|iPhoneSimulator.Build.0 = Debug|Any CPU
		{133618DF-F78A-4A86-94E1-29C774B7F31A}.Debug|Windows Phone (Universal).ActiveCfg = Debug|Any CPU
		{133618DF-F78A-4A86-94E1-29C774B7F31A}.Debug|Windows Phone (Universal).Build.0 = Debug|Any CPU
		{133618DF-F78A-4A86-94E1-29C774B7F31A}.Debug|Windows Phone 8.ActiveCfg = Debug|Any CPU
		{133618DF-F78A-4A86-94E1-29C774B7F31A}.Debug|Windows Phone 8.Build.0 = Debug|Any CPU
		{133618DF-F78A-4A86-94E1-29C774B7F31A}.Debug|Windows-AnyCPU.ActiveCfg = Debug|Any CPU
		{133618DF-F78A-4A86-94E1-29C774B7F31A}.Debug|Windows-AnyCPU.Build.0 = Debug|Any CPU
		{133618DF-F78A-4A86-94E1-29C774B7F31A}.Debug|Windows-ARM.ActiveCfg = Debug|Any CPU
		{133618DF-F78A-4A86-94E1-29C774B7F31A}.Debug|Windows-ARM.Build.0 = Debug|Any CPU
		{133618DF-F78A-4A86-94E1-29C774B7F31A}.Debug|Windows-x64.ActiveCfg = Debug|Any CPU
		{133618DF-F78A-4A86-94E1-29C774B7F31A}.Debug|Windows-x64.Build.0 = Debug|Any CPU
		{133618DF-F78A-4A86-94E1-29C774B7F31A}.Debug|Windows-x86.ActiveCfg = Debug|Any CPU
		{133618DF-F78A-4A86-94E1-29C774B7F31A}.Debug|Windows-x86.Build.0 = Debug|Any CPU
		{133618DF-F78A-4A86-94E1-29C774B7F31A}.Debug|x64.ActiveCfg = Debug|Any CPU
		{133618DF-F78A-4A86-94E1-29C774B7F31A}.Debug|x64.Build.0 = Debug|Any CPU
		{133618DF-F78A-4A86-94E1-29C774B7F31A}.Debug|x86.ActiveCfg = Debug|Any CPU
		{133618DF-F78A-4A86-94E1-29C774B7F31A}.Debug|x86.Build.0 = Debug|Any CPU
		{133618DF-F78A-4A86-94E1-29C774B7F31A}.Release|Android.ActiveCfg = Release|Any CPU
		{133618DF-F78A-4A86-94E1-29C774B7F31A}.Release|Android.Build.0 = Release|Any CPU
		{133618DF-F78A-4A86-94E1-29C774B7F31A}.Release|Any CPU.ActiveCfg = Release|Any CPU
		{133618DF-F78A-4A86-94E1-29C774B7F31A}.Release|Any CPU.Build.0 = Release|Any CPU
		{133618DF-F78A-4A86-94E1-29C774B7F31A}.Release|ARM.ActiveCfg = Release|Any CPU
		{133618DF-F78A-4A86-94E1-29C774B7F31A}.Release|ARM.Build.0 = Release|Any CPU
		{133618DF-F78A-4A86-94E1-29C774B7F31A}.Release|iOS.ActiveCfg = Release|Any CPU
		{133618DF-F78A-4A86-94E1-29C774B7F31A}.Release|iOS.Build.0 = Release|Any CPU
		{133618DF-F78A-4A86-94E1-29C774B7F31A}.Release|iPhone.ActiveCfg = Release|Any CPU
		{133618DF-F78A-4A86-94E1-29C774B7F31A}.Release|iPhone.Build.0 = Release|Any CPU
		{133618DF-F78A-4A86-94E1-29C774B7F31A}.Release|iPhoneSimulator.ActiveCfg = Release|Any CPU
		{133618DF-F78A-4A86-94E1-29C774B7F31A}.Release|iPhoneSimulator.Build.0 = Release|Any CPU
		{133618DF-F78A-4A86-94E1-29C774B7F31A}.Release|Windows Phone (Universal).ActiveCfg = Release|Any CPU
		{133618DF-F78A-4A86-94E1-29C774B7F31A}.Release|Windows Phone (Universal).Build.0 = Release|Any CPU
		{133618DF-F78A-4A86-94E1-29C774B7F31A}.Release|Windows Phone 8.ActiveCfg = Release|Any CPU
		{133618DF-F78A-4A86-94E1-29C774B7F31A}.Release|Windows Phone 8.Build.0 = Release|Any CPU
		{133618DF-F78A-4A86-94E1-29C774B7F31A}.Release|Windows-AnyCPU.ActiveCfg = Release|Any CPU
		{133618DF-F78A-4A86-94E1-29C774B7F31A}.Release|Windows-AnyCPU.Build.0 = Release|Any CPU
		{133618DF-F78A-4A86-94E1-29C774B7F31A}.Release|Windows-ARM.ActiveCfg = Release|Any CPU
		{133618DF-F78A-4A86-94E1-29C774B7F31A}.Release|Windows-ARM.Build.0 = Release|Any CPU
		{133618DF-F78A-4A86-94E1-29C774B7F31A}.Release|Windows-x64.ActiveCfg = Release|Any CPU
		{133618DF-F78A-4A86-94E1-29C774B7F31A}.Release|Windows-x64.Build.0 = Release|Any CPU
		{133618DF-F78A-4A86-94E1-29C774B7F31A}.Release|Windows-x86.ActiveCfg = Release|Any CPU
		{133618DF-F78A-4A86-94E1-29C774B7F31A}.Release|Windows-x86.Build.0 = Release|Any CPU
		{133618DF-F78A-4A86-94E1-29C774B7F31A}.Release|x64.ActiveCfg = Release|Any CPU
		{133618DF-F78A-4A86-94E1-29C774B7F31A}.Release|x64.Build.0 = Release|Any CPU
		{133618DF-F78A-4A86-94E1-29C774B7F31A}.Release|x86.ActiveCfg = Release|Any CPU
		{133618DF-F78A-4A86-94E1-29C774B7F31A}.Release|x86.Build.0 = Release|Any CPU
		{5899EA9A-277C-42DC-A2A7-FF9304001C8B}.Debug|Android.ActiveCfg = Debug|Any CPU
		{5899EA9A-277C-42DC-A2A7-FF9304001C8B}.Debug|Android.Build.0 = Debug|Any CPU
		{5899EA9A-277C-42DC-A2A7-FF9304001C8B}.Debug|Any CPU.ActiveCfg = Debug|Any CPU
		{5899EA9A-277C-42DC-A2A7-FF9304001C8B}.Debug|Any CPU.Build.0 = Debug|Any CPU
		{5899EA9A-277C-42DC-A2A7-FF9304001C8B}.Debug|ARM.ActiveCfg = Debug|Any CPU
		{5899EA9A-277C-42DC-A2A7-FF9304001C8B}.Debug|ARM.Build.0 = Debug|Any CPU
		{5899EA9A-277C-42DC-A2A7-FF9304001C8B}.Debug|iOS.ActiveCfg = Debug|Any CPU
		{5899EA9A-277C-42DC-A2A7-FF9304001C8B}.Debug|iOS.Build.0 = Debug|Any CPU
		{5899EA9A-277C-42DC-A2A7-FF9304001C8B}.Debug|iPhone.ActiveCfg = Debug|Any CPU
		{5899EA9A-277C-42DC-A2A7-FF9304001C8B}.Debug|iPhone.Build.0 = Debug|Any CPU
		{5899EA9A-277C-42DC-A2A7-FF9304001C8B}.Debug|iPhoneSimulator.ActiveCfg = Debug|Any CPU
		{5899EA9A-277C-42DC-A2A7-FF9304001C8B}.Debug|iPhoneSimulator.Build.0 = Debug|Any CPU
		{5899EA9A-277C-42DC-A2A7-FF9304001C8B}.Debug|Windows Phone (Universal).ActiveCfg = Debug|Any CPU
		{5899EA9A-277C-42DC-A2A7-FF9304001C8B}.Debug|Windows Phone (Universal).Build.0 = Debug|Any CPU
		{5899EA9A-277C-42DC-A2A7-FF9304001C8B}.Debug|Windows Phone 8.ActiveCfg = Debug|Any CPU
		{5899EA9A-277C-42DC-A2A7-FF9304001C8B}.Debug|Windows Phone 8.Build.0 = Debug|Any CPU
		{5899EA9A-277C-42DC-A2A7-FF9304001C8B}.Debug|Windows-AnyCPU.ActiveCfg = Debug|Any CPU
		{5899EA9A-277C-42DC-A2A7-FF9304001C8B}.Debug|Windows-AnyCPU.Build.0 = Debug|Any CPU
		{5899EA9A-277C-42DC-A2A7-FF9304001C8B}.Debug|Windows-ARM.ActiveCfg = Debug|Any CPU
		{5899EA9A-277C-42DC-A2A7-FF9304001C8B}.Debug|Windows-ARM.Build.0 = Debug|Any CPU
		{5899EA9A-277C-42DC-A2A7-FF9304001C8B}.Debug|Windows-x64.ActiveCfg = Debug|Any CPU
		{5899EA9A-277C-42DC-A2A7-FF9304001C8B}.Debug|Windows-x64.Build.0 = Debug|Any CPU
		{5899EA9A-277C-42DC-A2A7-FF9304001C8B}.Debug|Windows-x86.ActiveCfg = Debug|Any CPU
		{5899EA9A-277C-42DC-A2A7-FF9304001C8B}.Debug|Windows-x86.Build.0 = Debug|Any CPU
		{5899EA9A-277C-42DC-A2A7-FF9304001C8B}.Debug|x64.ActiveCfg = Debug|Any CPU
		{5899EA9A-277C-42DC-A2A7-FF9304001C8B}.Debug|x64.Build.0 = Debug|Any CPU
		{5899EA9A-277C-42DC-A2A7-FF9304001C8B}.Debug|x86.ActiveCfg = Debug|Any CPU
		{5899EA9A-277C-42DC-A2A7-FF9304001C8B}.Debug|x86.Build.0 = Debug|Any CPU
		{5899EA9A-277C-42DC-A2A7-FF9304001C8B}.Release|Android.ActiveCfg = Release|Any CPU
		{5899EA9A-277C-42DC-A2A7-FF9304001C8B}.Release|Android.Build.0 = Release|Any CPU
		{5899EA9A-277C-42DC-A2A7-FF9304001C8B}.Release|Any CPU.ActiveCfg = Release|Any CPU
		{5899EA9A-277C-42DC-A2A7-FF9304001C8B}.Release|Any CPU.Build.0 = Release|Any CPU
		{5899EA9A-277C-42DC-A2A7-FF9304001C8B}.Release|ARM.ActiveCfg = Release|Any CPU
		{5899EA9A-277C-42DC-A2A7-FF9304001C8B}.Release|ARM.Build.0 = Release|Any CPU
		{5899EA9A-277C-42DC-A2A7-FF9304001C8B}.Release|iOS.ActiveCfg = Release|Any CPU
		{5899EA9A-277C-42DC-A2A7-FF9304001C8B}.Release|iOS.Build.0 = Release|Any CPU
		{5899EA9A-277C-42DC-A2A7-FF9304001C8B}.Release|iPhone.ActiveCfg = Release|Any CPU
		{5899EA9A-277C-42DC-A2A7-FF9304001C8B}.Release|iPhone.Build.0 = Release|Any CPU
		{5899EA9A-277C-42DC-A2A7-FF9304001C8B}.Release|iPhoneSimulator.ActiveCfg = Release|Any CPU
		{5899EA9A-277C-42DC-A2A7-FF9304001C8B}.Release|iPhoneSimulator.Build.0 = Release|Any CPU
		{5899EA9A-277C-42DC-A2A7-FF9304001C8B}.Release|Windows Phone (Universal).ActiveCfg = Release|Any CPU
		{5899EA9A-277C-42DC-A2A7-FF9304001C8B}.Release|Windows Phone (Universal).Build.0 = Release|Any CPU
		{5899EA9A-277C-42DC-A2A7-FF9304001C8B}.Release|Windows Phone 8.ActiveCfg = Release|Any CPU
		{5899EA9A-277C-42DC-A2A7-FF9304001C8B}.Release|Windows Phone 8.Build.0 = Release|Any CPU
		{5899EA9A-277C-42DC-A2A7-FF9304001C8B}.Release|Windows-AnyCPU.ActiveCfg = Release|Any CPU
		{5899EA9A-277C-42DC-A2A7-FF9304001C8B}.Release|Windows-AnyCPU.Build.0 = Release|Any CPU
		{5899EA9A-277C-42DC-A2A7-FF9304001C8B}.Release|Windows-ARM.ActiveCfg = Release|Any CPU
		{5899EA9A-277C-42DC-A2A7-FF9304001C8B}.Release|Windows-ARM.Build.0 = Release|Any CPU
		{5899EA9A-277C-42DC-A2A7-FF9304001C8B}.Release|Windows-x64.ActiveCfg = Release|Any CPU
		{5899EA9A-277C-42DC-A2A7-FF9304001C8B}.Release|Windows-x64.Build.0 = Release|Any CPU
		{5899EA9A-277C-42DC-A2A7-FF9304001C8B}.Release|Windows-x86.ActiveCfg = Release|Any CPU
		{5899EA9A-277C-42DC-A2A7-FF9304001C8B}.Release|Windows-x86.Build.0 = Release|Any CPU
		{5899EA9A-277C-42DC-A2A7-FF9304001C8B}.Release|x64.ActiveCfg = Release|Any CPU
		{5899EA9A-277C-42DC-A2A7-FF9304001C8B}.Release|x64.Build.0 = Release|Any CPU
		{5899EA9A-277C-42DC-A2A7-FF9304001C8B}.Release|x86.ActiveCfg = Release|Any CPU
		{5899EA9A-277C-42DC-A2A7-FF9304001C8B}.Release|x86.Build.0 = Release|Any CPU
		{B19C9F8C-349B-479C-A82E-E4FCD0A2F598}.Debug|Android.ActiveCfg = Debug|x64
		{B19C9F8C-349B-479C-A82E-E4FCD0A2F598}.Debug|Any CPU.ActiveCfg = Debug|x64
		{B19C9F8C-349B-479C-A82E-E4FCD0A2F598}.Debug|ARM.ActiveCfg = Debug|x64
		{B19C9F8C-349B-479C-A82E-E4FCD0A2F598}.Debug|iOS.ActiveCfg = Debug|x64
		{B19C9F8C-349B-479C-A82E-E4FCD0A2F598}.Debug|iPhone.ActiveCfg = Debug|x64
		{B19C9F8C-349B-479C-A82E-E4FCD0A2F598}.Debug|iPhoneSimulator.ActiveCfg = Debug|x64
		{B19C9F8C-349B-479C-A82E-E4FCD0A2F598}.Debug|Windows Phone (Universal).ActiveCfg = Debug|x64
		{B19C9F8C-349B-479C-A82E-E4FCD0A2F598}.Debug|Windows Phone 8.ActiveCfg = Debug|x64
		{B19C9F8C-349B-479C-A82E-E4FCD0A2F598}.Debug|Windows-AnyCPU.ActiveCfg = Debug|x64
		{B19C9F8C-349B-479C-A82E-E4FCD0A2F598}.Debug|Windows-ARM.ActiveCfg = Debug|x64
		{B19C9F8C-349B-479C-A82E-E4FCD0A2F598}.Debug|Windows-x64.ActiveCfg = Debug|x64
		{B19C9F8C-349B-479C-A82E-E4FCD0A2F598}.Debug|Windows-x86.ActiveCfg = Debug|x64
		{B19C9F8C-349B-479C-A82E-E4FCD0A2F598}.Debug|x64.ActiveCfg = Debug|x64
		{B19C9F8C-349B-479C-A82E-E4FCD0A2F598}.Debug|x64.Build.0 = Debug|x64
		{B19C9F8C-349B-479C-A82E-E4FCD0A2F598}.Debug|x86.ActiveCfg = Debug|x64
		{B19C9F8C-349B-479C-A82E-E4FCD0A2F598}.Debug|x86.Build.0 = Debug|x64
		{B19C9F8C-349B-479C-A82E-E4FCD0A2F598}.Release|Android.ActiveCfg = Debug|x64
		{B19C9F8C-349B-479C-A82E-E4FCD0A2F598}.Release|Any CPU.ActiveCfg = Debug|x64
		{B19C9F8C-349B-479C-A82E-E4FCD0A2F598}.Release|ARM.ActiveCfg = Debug|x64
		{B19C9F8C-349B-479C-A82E-E4FCD0A2F598}.Release|iOS.ActiveCfg = Debug|x64
		{B19C9F8C-349B-479C-A82E-E4FCD0A2F598}.Release|iPhone.ActiveCfg = Debug|x64
		{B19C9F8C-349B-479C-A82E-E4FCD0A2F598}.Release|iPhoneSimulator.ActiveCfg = Debug|x64
		{B19C9F8C-349B-479C-A82E-E4FCD0A2F598}.Release|Windows Phone (Universal).ActiveCfg = Debug|x64
		{B19C9F8C-349B-479C-A82E-E4FCD0A2F598}.Release|Windows Phone 8.ActiveCfg = Debug|x64
		{B19C9F8C-349B-479C-A82E-E4FCD0A2F598}.Release|Windows-AnyCPU.ActiveCfg = Debug|x64
		{B19C9F8C-349B-479C-A82E-E4FCD0A2F598}.Release|Windows-ARM.ActiveCfg = Debug|x64
		{B19C9F8C-349B-479C-A82E-E4FCD0A2F598}.Release|Windows-x64.ActiveCfg = Debug|x64
		{B19C9F8C-349B-479C-A82E-E4FCD0A2F598}.Release|Windows-x86.ActiveCfg = Debug|x64
		{B19C9F8C-349B-479C-A82E-E4FCD0A2F598}.Release|x64.ActiveCfg = Debug|x64
		{B19C9F8C-349B-479C-A82E-E4FCD0A2F598}.Release|x86.ActiveCfg = Debug|x64
		{BCBB8BEA-1127-4606-A802-001C00FBF7F7}.Debug|Android.ActiveCfg = Debug|iPhone
		{BCBB8BEA-1127-4606-A802-001C00FBF7F7}.Debug|Any CPU.ActiveCfg = Debug|iPhone
		{BCBB8BEA-1127-4606-A802-001C00FBF7F7}.Debug|ARM.ActiveCfg = Debug|iPhone
		{BCBB8BEA-1127-4606-A802-001C00FBF7F7}.Debug|iOS.ActiveCfg = Debug|iPhone
		{BCBB8BEA-1127-4606-A802-001C00FBF7F7}.Debug|iPhone.ActiveCfg = Debug|iPhone
		{BCBB8BEA-1127-4606-A802-001C00FBF7F7}.Debug|iPhone.Build.0 = Debug|iPhone
		{BCBB8BEA-1127-4606-A802-001C00FBF7F7}.Debug|iPhoneSimulator.ActiveCfg = Debug|iPhoneSimulator
		{BCBB8BEA-1127-4606-A802-001C00FBF7F7}.Debug|iPhoneSimulator.Build.0 = Debug|iPhoneSimulator
		{BCBB8BEA-1127-4606-A802-001C00FBF7F7}.Debug|Windows Phone (Universal).ActiveCfg = Debug|iPhone
		{BCBB8BEA-1127-4606-A802-001C00FBF7F7}.Debug|Windows Phone 8.ActiveCfg = Debug|iPhone
		{BCBB8BEA-1127-4606-A802-001C00FBF7F7}.Debug|Windows-AnyCPU.ActiveCfg = Debug|iPhone
		{BCBB8BEA-1127-4606-A802-001C00FBF7F7}.Debug|Windows-ARM.ActiveCfg = Debug|iPhone
		{BCBB8BEA-1127-4606-A802-001C00FBF7F7}.Debug|Windows-x64.ActiveCfg = Debug|iPhone
		{BCBB8BEA-1127-4606-A802-001C00FBF7F7}.Debug|Windows-x86.ActiveCfg = Debug|iPhone
		{BCBB8BEA-1127-4606-A802-001C00FBF7F7}.Debug|x64.ActiveCfg = Debug|iPhone
		{BCBB8BEA-1127-4606-A802-001C00FBF7F7}.Debug|x86.ActiveCfg = Debug|iPhone
		{BCBB8BEA-1127-4606-A802-001C00FBF7F7}.Release|Android.ActiveCfg = Release|iPhone
		{BCBB8BEA-1127-4606-A802-001C00FBF7F7}.Release|Any CPU.ActiveCfg = Release|iPhone
		{BCBB8BEA-1127-4606-A802-001C00FBF7F7}.Release|ARM.ActiveCfg = Release|iPhone
		{BCBB8BEA-1127-4606-A802-001C00FBF7F7}.Release|iOS.ActiveCfg = Release|iPhone
		{BCBB8BEA-1127-4606-A802-001C00FBF7F7}.Release|iPhone.ActiveCfg = Release|iPhone
		{BCBB8BEA-1127-4606-A802-001C00FBF7F7}.Release|iPhone.Build.0 = Release|iPhone
		{BCBB8BEA-1127-4606-A802-001C00FBF7F7}.Release|iPhoneSimulator.ActiveCfg = Release|iPhoneSimulator
		{BCBB8BEA-1127-4606-A802-001C00FBF7F7}.Release|iPhoneSimulator.Build.0 = Release|iPhoneSimulator
		{BCBB8BEA-1127-4606-A802-001C00FBF7F7}.Release|Windows Phone (Universal).ActiveCfg = Release|iPhone
		{BCBB8BEA-1127-4606-A802-001C00FBF7F7}.Release|Windows Phone 8.ActiveCfg = Release|iPhone
		{BCBB8BEA-1127-4606-A802-001C00FBF7F7}.Release|Windows-AnyCPU.ActiveCfg = Release|iPhone
		{BCBB8BEA-1127-4606-A802-001C00FBF7F7}.Release|Windows-ARM.ActiveCfg = Release|iPhone
		{BCBB8BEA-1127-4606-A802-001C00FBF7F7}.Release|Windows-x64.ActiveCfg = Release|iPhone
		{BCBB8BEA-1127-4606-A802-001C00FBF7F7}.Release|Windows-x86.ActiveCfg = Release|iPhone
		{BCBB8BEA-1127-4606-A802-001C00FBF7F7}.Release|x64.ActiveCfg = Release|iPhone
		{BCBB8BEA-1127-4606-A802-001C00FBF7F7}.Release|x86.ActiveCfg = Release|iPhone
		{8F7E82B2-E1F2-4CF3-91F9-DE72830BE12E}.Debug|Android.ActiveCfg = Debug|Any CPU
		{8F7E82B2-E1F2-4CF3-91F9-DE72830BE12E}.Debug|Android.Build.0 = Debug|Any CPU
		{8F7E82B2-E1F2-4CF3-91F9-DE72830BE12E}.Debug|Any CPU.ActiveCfg = Debug|Any CPU
		{8F7E82B2-E1F2-4CF3-91F9-DE72830BE12E}.Debug|ARM.ActiveCfg = Debug|Any CPU
		{8F7E82B2-E1F2-4CF3-91F9-DE72830BE12E}.Debug|iOS.ActiveCfg = Debug|Any CPU
		{8F7E82B2-E1F2-4CF3-91F9-DE72830BE12E}.Debug|iPhone.ActiveCfg = Debug|Any CPU
		{8F7E82B2-E1F2-4CF3-91F9-DE72830BE12E}.Debug|iPhoneSimulator.ActiveCfg = Debug|Any CPU
		{8F7E82B2-E1F2-4CF3-91F9-DE72830BE12E}.Debug|Windows Phone (Universal).ActiveCfg = Debug|Any CPU
		{8F7E82B2-E1F2-4CF3-91F9-DE72830BE12E}.Debug|Windows Phone 8.ActiveCfg = Debug|Any CPU
		{8F7E82B2-E1F2-4CF3-91F9-DE72830BE12E}.Debug|Windows-AnyCPU.ActiveCfg = Debug|Any CPU
		{8F7E82B2-E1F2-4CF3-91F9-DE72830BE12E}.Debug|Windows-ARM.ActiveCfg = Debug|Any CPU
		{8F7E82B2-E1F2-4CF3-91F9-DE72830BE12E}.Debug|Windows-x64.ActiveCfg = Debug|Any CPU
		{8F7E82B2-E1F2-4CF3-91F9-DE72830BE12E}.Debug|Windows-x86.ActiveCfg = Debug|Any CPU
		{8F7E82B2-E1F2-4CF3-91F9-DE72830BE12E}.Debug|x64.ActiveCfg = Debug|Any CPU
		{8F7E82B2-E1F2-4CF3-91F9-DE72830BE12E}.Debug|x86.ActiveCfg = Debug|Any CPU
		{8F7E82B2-E1F2-4CF3-91F9-DE72830BE12E}.Release|Android.ActiveCfg = Debug|Any CPU
		{8F7E82B2-E1F2-4CF3-91F9-DE72830BE12E}.Release|Any CPU.ActiveCfg = Debug|Any CPU
		{8F7E82B2-E1F2-4CF3-91F9-DE72830BE12E}.Release|ARM.ActiveCfg = Debug|Any CPU
		{8F7E82B2-E1F2-4CF3-91F9-DE72830BE12E}.Release|iOS.ActiveCfg = Debug|Any CPU
		{8F7E82B2-E1F2-4CF3-91F9-DE72830BE12E}.Release|iPhone.ActiveCfg = Debug|Any CPU
		{8F7E82B2-E1F2-4CF3-91F9-DE72830BE12E}.Release|iPhoneSimulator.ActiveCfg = Debug|Any CPU
		{8F7E82B2-E1F2-4CF3-91F9-DE72830BE12E}.Release|Windows Phone (Universal).ActiveCfg = Debug|Any CPU
		{8F7E82B2-E1F2-4CF3-91F9-DE72830BE12E}.Release|Windows Phone 8.ActiveCfg = Debug|Any CPU
		{8F7E82B2-E1F2-4CF3-91F9-DE72830BE12E}.Release|Windows-AnyCPU.ActiveCfg = Debug|Any CPU
		{8F7E82B2-E1F2-4CF3-91F9-DE72830BE12E}.Release|Windows-ARM.ActiveCfg = Debug|Any CPU
		{8F7E82B2-E1F2-4CF3-91F9-DE72830BE12E}.Release|Windows-x64.ActiveCfg = Debug|Any CPU
		{8F7E82B2-E1F2-4CF3-91F9-DE72830BE12E}.Release|Windows-x86.ActiveCfg = Debug|Any CPU
		{8F7E82B2-E1F2-4CF3-91F9-DE72830BE12E}.Release|x64.ActiveCfg = Debug|Any CPU
		{8F7E82B2-E1F2-4CF3-91F9-DE72830BE12E}.Release|x86.ActiveCfg = Debug|Any CPU
		{801B62A3-AE2E-48E2-B9CD-F9F5C469048C}.Debug|Android.ActiveCfg = Debug|Any CPU
		{801B62A3-AE2E-48E2-B9CD-F9F5C469048C}.Debug|Android.Build.0 = Debug|Any CPU
		{801B62A3-AE2E-48E2-B9CD-F9F5C469048C}.Debug|Any CPU.ActiveCfg = Debug|Any CPU
		{801B62A3-AE2E-48E2-B9CD-F9F5C469048C}.Debug|Any CPU.Build.0 = Debug|Any CPU
		{801B62A3-AE2E-48E2-B9CD-F9F5C469048C}.Debug|ARM.ActiveCfg = Debug|Any CPU
		{801B62A3-AE2E-48E2-B9CD-F9F5C469048C}.Debug|ARM.Build.0 = Debug|Any CPU
		{801B62A3-AE2E-48E2-B9CD-F9F5C469048C}.Debug|iOS.ActiveCfg = Debug|Any CPU
		{801B62A3-AE2E-48E2-B9CD-F9F5C469048C}.Debug|iOS.Build.0 = Debug|Any CPU
		{801B62A3-AE2E-48E2-B9CD-F9F5C469048C}.Debug|iPhone.ActiveCfg = Debug|Any CPU
		{801B62A3-AE2E-48E2-B9CD-F9F5C469048C}.Debug|iPhone.Build.0 = Debug|Any CPU
		{801B62A3-AE2E-48E2-B9CD-F9F5C469048C}.Debug|iPhoneSimulator.ActiveCfg = Debug|Any CPU
		{801B62A3-AE2E-48E2-B9CD-F9F5C469048C}.Debug|iPhoneSimulator.Build.0 = Debug|Any CPU
		{801B62A3-AE2E-48E2-B9CD-F9F5C469048C}.Debug|Windows Phone (Universal).ActiveCfg = Debug|Any CPU
		{801B62A3-AE2E-48E2-B9CD-F9F5C469048C}.Debug|Windows Phone (Universal).Build.0 = Debug|Any CPU
		{801B62A3-AE2E-48E2-B9CD-F9F5C469048C}.Debug|Windows Phone 8.ActiveCfg = Debug|Any CPU
		{801B62A3-AE2E-48E2-B9CD-F9F5C469048C}.Debug|Windows Phone 8.Build.0 = Debug|Any CPU
		{801B62A3-AE2E-48E2-B9CD-F9F5C469048C}.Debug|Windows-AnyCPU.ActiveCfg = Debug|Any CPU
		{801B62A3-AE2E-48E2-B9CD-F9F5C469048C}.Debug|Windows-AnyCPU.Build.0 = Debug|Any CPU
		{801B62A3-AE2E-48E2-B9CD-F9F5C469048C}.Debug|Windows-ARM.ActiveCfg = Debug|Any CPU
		{801B62A3-AE2E-48E2-B9CD-F9F5C469048C}.Debug|Windows-ARM.Build.0 = Debug|Any CPU
		{801B62A3-AE2E-48E2-B9CD-F9F5C469048C}.Debug|Windows-x64.ActiveCfg = Debug|Any CPU
		{801B62A3-AE2E-48E2-B9CD-F9F5C469048C}.Debug|Windows-x64.Build.0 = Debug|Any CPU
		{801B62A3-AE2E-48E2-B9CD-F9F5C469048C}.Debug|Windows-x86.ActiveCfg = Debug|Any CPU
		{801B62A3-AE2E-48E2-B9CD-F9F5C469048C}.Debug|Windows-x86.Build.0 = Debug|Any CPU
		{801B62A3-AE2E-48E2-B9CD-F9F5C469048C}.Debug|x64.ActiveCfg = Debug|Any CPU
		{801B62A3-AE2E-48E2-B9CD-F9F5C469048C}.Debug|x64.Build.0 = Debug|Any CPU
		{801B62A3-AE2E-48E2-B9CD-F9F5C469048C}.Debug|x86.ActiveCfg = Debug|Any CPU
		{801B62A3-AE2E-48E2-B9CD-F9F5C469048C}.Debug|x86.Build.0 = Debug|Any CPU
		{801B62A3-AE2E-48E2-B9CD-F9F5C469048C}.Release|Android.ActiveCfg = Release|Any CPU
		{801B62A3-AE2E-48E2-B9CD-F9F5C469048C}.Release|Android.Build.0 = Release|Any CPU
		{801B62A3-AE2E-48E2-B9CD-F9F5C469048C}.Release|Any CPU.ActiveCfg = Release|Any CPU
		{801B62A3-AE2E-48E2-B9CD-F9F5C469048C}.Release|Any CPU.Build.0 = Release|Any CPU
		{801B62A3-AE2E-48E2-B9CD-F9F5C469048C}.Release|ARM.ActiveCfg = Release|Any CPU
		{801B62A3-AE2E-48E2-B9CD-F9F5C469048C}.Release|ARM.Build.0 = Release|Any CPU
		{801B62A3-AE2E-48E2-B9CD-F9F5C469048C}.Release|iOS.ActiveCfg = Release|Any CPU
		{801B62A3-AE2E-48E2-B9CD-F9F5C469048C}.Release|iOS.Build.0 = Release|Any CPU
		{801B62A3-AE2E-48E2-B9CD-F9F5C469048C}.Release|iPhone.ActiveCfg = Release|Any CPU
		{801B62A3-AE2E-48E2-B9CD-F9F5C469048C}.Release|iPhone.Build.0 = Release|Any CPU
		{801B62A3-AE2E-48E2-B9CD-F9F5C469048C}.Release|iPhoneSimulator.ActiveCfg = Release|Any CPU
		{801B62A3-AE2E-48E2-B9CD-F9F5C469048C}.Release|iPhoneSimulator.Build.0 = Release|Any CPU
		{801B62A3-AE2E-48E2-B9CD-F9F5C469048C}.Release|Windows Phone (Universal).ActiveCfg = Release|Any CPU
		{801B62A3-AE2E-48E2-B9CD-F9F5C469048C}.Release|Windows Phone (Universal).Build.0 = Release|Any CPU
		{801B62A3-AE2E-48E2-B9CD-F9F5C469048C}.Release|Windows Phone 8.ActiveCfg = Release|Any CPU
		{801B62A3-AE2E-48E2-B9CD-F9F5C469048C}.Release|Windows Phone 8.Build.0 = Release|Any CPU
		{801B62A3-AE2E-48E2-B9CD-F9F5C469048C}.Release|Windows-AnyCPU.ActiveCfg = Release|Any CPU
		{801B62A3-AE2E-48E2-B9CD-F9F5C469048C}.Release|Windows-AnyCPU.Build.0 = Release|Any CPU
		{801B62A3-AE2E-48E2-B9CD-F9F5C469048C}.Release|Windows-ARM.ActiveCfg = Release|Any CPU
		{801B62A3-AE2E-48E2-B9CD-F9F5C469048C}.Release|Windows-ARM.Build.0 = Release|Any CPU
		{801B62A3-AE2E-48E2-B9CD-F9F5C469048C}.Release|Windows-x64.ActiveCfg = Release|Any CPU
		{801B62A3-AE2E-48E2-B9CD-F9F5C469048C}.Release|Windows-x64.Build.0 = Release|Any CPU
		{801B62A3-AE2E-48E2-B9CD-F9F5C469048C}.Release|Windows-x86.ActiveCfg = Release|Any CPU
		{801B62A3-AE2E-48E2-B9CD-F9F5C469048C}.Release|Windows-x86.Build.0 = Release|Any CPU
		{801B62A3-AE2E-48E2-B9CD-F9F5C469048C}.Release|x64.ActiveCfg = Release|Any CPU
		{801B62A3-AE2E-48E2-B9CD-F9F5C469048C}.Release|x64.Build.0 = Release|Any CPU
		{801B62A3-AE2E-48E2-B9CD-F9F5C469048C}.Release|x86.ActiveCfg = Release|Any CPU
		{801B62A3-AE2E-48E2-B9CD-F9F5C469048C}.Release|x86.Build.0 = Release|Any CPU
	EndGlobalSection
	GlobalSection(SolutionProperties) = preSolution
		HideSolutionNode = FALSE
	EndGlobalSection
	GlobalSection(NestedProjects) = preSolution
		{3D15E8EB-42FE-4756-93E1-506C28E48612} = {EFD403BC-3B71-4562-8B55-6B625390D876}
		{6B9CE116-871B-4294-AA8E-64DE316AA79A} = {253019A0-C549-4F24-A7A4-E5E0FA4E4591}
		{133618DF-F78A-4A86-94E1-29C774B7F31A} = {253019A0-C549-4F24-A7A4-E5E0FA4E4591}
		{DB5F3E5D-83FD-48BC-8842-95AA70A27928} = {253019A0-C549-4F24-A7A4-E5E0FA4E4591}
		{A8935D9E-B972-4665-8D50-0C10F71429CC} = {253019A0-C549-4F24-A7A4-E5E0FA4E4591}
		{5899EA9A-277C-42DC-A2A7-FF9304001C8B} = {EFD403BC-3B71-4562-8B55-6B625390D876}
		{B19C9F8C-349B-479C-A82E-E4FCD0A2F598} = {EFD403BC-3B71-4562-8B55-6B625390D876}
		{BCBB8BEA-1127-4606-A802-001C00FBF7F7} = {EFD403BC-3B71-4562-8B55-6B625390D876}
		{8F7E82B2-E1F2-4CF3-91F9-DE72830BE12E} = {EFD403BC-3B71-4562-8B55-6B625390D876}
		{E570C312-88D6-40E1-AC95-8C7E909800C2} = {EFD403BC-3B71-4562-8B55-6B625390D876}
		{801B62A3-AE2E-48E2-B9CD-F9F5C469048C} = {253019A0-C549-4F24-A7A4-E5E0FA4E4591}
	EndGlobalSection
	GlobalSection(ExtensibilityGlobals) = postSolution
		SolutionGuid = {EB71B386-CC52-4BA4-925E-4CE02688A29F}
	EndGlobalSection
	GlobalSection(MonoDevelopProperties) = preSolution
		Policies = $0
		$0.DotNetNamingPolicy = $1
	EndGlobalSection
EndGlobal
